{
  "version": 4,
  "terraform_version": "1.12.2",
  "serial": 18,
  "lineage": "9a6ff566-734a-0e9b-7d89-7aaace77a6a7",
  "outputs": {},
  "resources": [
    {
      "mode": "managed",
      "type": "anypoint_api_policy_client_id_enforcement",
      "name": "client_id_enforcement",
      "provider": "provider[\"sf.com/mulesoft/anypoint\"]",
      "instances": [
        {
          "schema_version": 0,
          "attributes": {
            "api_instance_id": "4696122",
            "asset_version": "1.3.3",
            "configuration": {
              "client_id_expression": "#[attributes.headers['client_id']]",
              "client_secret_expression": "#[attributes.headers['client_secret']]",
              "credentials_origin_has_http_basic_authentication_header": "customExpression"
            },
            "disabled": false,
            "environment_id": "c0c9f7f5-57bb-4333-82d7-dbdcab912234",
            "id": "6061593",
            "label": "client-id-check",
            "order": 1,
            "organization_id": "542cc7e3-2143-40ce-90e9-cf69da9b4da6",
            "policy_template_id": "1137",
            "upstream_ids": []
          },
          "sensitive_attributes": [],
          "identity_schema_version": 0
        }
      ]
    },
    {
      "mode": "managed",
      "type": "anypoint_api_policy_cors",
      "name": "cors",
      "provider": "provider[\"sf.com/mulesoft/anypoint\"]",
      "instances": [
        {
          "schema_version": 0,
          "attributes": {
            "api_instance_id": "4696122",
            "asset_version": "1.3.2",
            "configuration": {
              "origin_groups": {
                "value": [],
                "type": [
                  "tuple",
                  []
                ]
              },
              "public_resource": true,
              "support_credentials": false
            },
            "disabled": false,
            "environment_id": "c0c9f7f5-57bb-4333-82d7-dbdcab912234",
            "id": "6061590",
            "label": "cors-public",
            "order": 9,
            "organization_id": "542cc7e3-2143-40ce-90e9-cf69da9b4da6",
            "policy_template_id": "1161",
            "upstream_ids": []
          },
          "sensitive_attributes": [],
          "identity_schema_version": 0
        }
      ]
    },
    {
      "mode": "managed",
      "type": "anypoint_api_policy_header_injection",
      "name": "header_injection",
      "provider": "provider[\"sf.com/mulesoft/anypoint\"]",
      "instances": [
        {
          "schema_version": 0,
          "attributes": {
            "api_instance_id": "4696122",
            "asset_version": "1.3.2",
            "configuration": {
              "inbound_headers": {
                "value": [
                  {
                    "key": "X-Request-ID",
                    "value": "#[uuid()]"
                  },
                  {
                    "key": "X-Request-Time",
                    "value": "#[now()]"
                  }
                ],
                "type": [
                  "tuple",
                  [
                    [
                      "object",
                      {
                        "key": "string",
                        "value": "string"
                      }
                    ],
                    [
                      "object",
                      {
                        "key": "string",
                        "value": "string"
                      }
                    ]
                  ]
                ]
              },
              "outbound_headers": {
                "value": [
                  {
                    "key": "X-API-Version",
                    "value": "v1.0"
                  },
                  {
                    "key": "X-Response-Time",
                    "value": "#[now()]"
                  }
                ],
                "type": [
                  "tuple",
                  [
                    [
                      "object",
                      {
                        "key": "string",
                        "value": "string"
                      }
                    ],
                    [
                      "object",
                      {
                        "key": "string",
                        "value": "string"
                      }
                    ]
                  ]
                ]
              }
            },
            "disabled": false,
            "environment_id": "c0c9f7f5-57bb-4333-82d7-dbdcab912234",
            "id": "6061594",
            "label": "inject-headers",
            "order": 10,
            "organization_id": "542cc7e3-2143-40ce-90e9-cf69da9b4da6",
            "policy_template_id": "1142",
            "upstream_ids": []
          },
          "sensitive_attributes": [],
          "identity_schema_version": 0
        }
      ]
    },
    {
      "mode": "managed",
      "type": "anypoint_api_policy_header_removal",
      "name": "header_removal",
      "provider": "provider[\"sf.com/mulesoft/anypoint\"]",
      "instances": [
        {
          "schema_version": 0,
          "attributes": {
            "api_instance_id": "4696122",
            "asset_version": "1.1.2",
            "configuration": {
              "inbound_headers": {
                "value": [
                  "X-Internal-Debug",
                  "X-Temp-Token"
                ],
                "type": [
                  "tuple",
                  [
                    "string",
                    "string"
                  ]
                ]
              },
              "outbound_headers": {
                "value": [
                  "Server",
                  "X-Powered-By"
                ],
                "type": [
                  "tuple",
                  [
                    "string",
                    "string"
                  ]
                ]
              }
            },
            "disabled": false,
            "environment_id": "c0c9f7f5-57bb-4333-82d7-dbdcab912234",
            "id": "6061589",
            "label": "strip-internal-headers",
            "order": 11,
            "organization_id": "542cc7e3-2143-40ce-90e9-cf69da9b4da6",
            "policy_template_id": "1156",
            "upstream_ids": []
          },
          "sensitive_attributes": [],
          "identity_schema_version": 0
        }
      ]
    },
    {
      "mode": "managed",
      "type": "anypoint_api_policy_http_basic_authentication",
      "name": "http_basic_auth",
      "provider": "provider[\"sf.com/mulesoft/anypoint\"]",
      "instances": [
        {
          "schema_version": 0,
          "attributes": {
            "api_instance_id": "4696122",
            "asset_version": "1.3.2",
            "configuration": {
              "password": "changeme",
              "username": "admin"
            },
            "disabled": true,
            "environment_id": "c0c9f7f5-57bb-4333-82d7-dbdcab912234",
            "id": "6061586",
            "label": "basic-auth",
            "order": 5,
            "organization_id": "542cc7e3-2143-40ce-90e9-cf69da9b4da6",
            "policy_template_id": "520",
            "upstream_ids": []
          },
          "sensitive_attributes": [],
          "identity_schema_version": 0
        }
      ]
    },
    {
      "mode": "managed",
      "type": "anypoint_api_policy_http_caching",
      "name": "http_caching",
      "provider": "provider[\"sf.com/mulesoft/anypoint\"]",
      "instances": [
        {
          "schema_version": 0,
          "attributes": {
            "api_instance_id": "4696122",
            "asset_version": "1.1.1",
            "configuration": {
              "distributed": true,
              "http_caching_key": "#[attributes.requestPath ++ '?' ++ attributes.queryString]",
              "invalidation_header": "X-Cache-Invalidate",
              "max_cache_entries": 10000,
              "persist_cache": true,
              "request_expression": "#[attributes.method == 'GET' or attributes.method == 'HEAD']",
              "response_expression": "#[[200, 203, 204, 206, 300, 301, 404, 405, 410, 414, 501] contains attributes.statusCode]",
              "ttl": 600,
              "use_http_cache_headers": true
            },
            "disabled": false,
            "environment_id": "c0c9f7f5-57bb-4333-82d7-dbdcab912234",
            "id": "6061588",
            "label": "cache-600s",
            "order": 16,
            "organization_id": "542cc7e3-2143-40ce-90e9-cf69da9b4da6",
            "policy_template_id": "1168",
            "upstream_ids": []
          },
          "sensitive_attributes": [],
          "identity_schema_version": 0
        }
      ]
    },
    {
      "mode": "managed",
      "type": "anypoint_api_policy_ip_allowlist",
      "name": "ip_allowlist",
      "provider": "provider[\"sf.com/mulesoft/anypoint\"]",
      "instances": [
        {
          "schema_version": 0,
          "attributes": {
            "api_instance_id": "4696122",
            "asset_version": "1.1.2",
            "configuration": {
              "ip_expression": "#[attributes.headers['x-forwarded-for']]",
              "ips": [
                "10.0.0.0/8",
                "172.16.0.0/12",
                "192.168.0.0/16"
              ],
              "methods_string": null
            },
            "disabled": false,
            "environment_id": "c0c9f7f5-57bb-4333-82d7-dbdcab912234",
            "id": "6061599",
            "label": "allow-internal-networks",
            "order": 3,
            "organization_id": "542cc7e3-2143-40ce-90e9-cf69da9b4da6",
            "policy_template_id": "1173",
            "upstream_ids": []
          },
          "sensitive_attributes": [],
          "identity_schema_version": 0
        }
      ]
    },
    {
      "mode": "managed",
      "type": "anypoint_api_policy_ip_blocklist",
      "name": "ip_blocklist",
      "provider": "provider[\"sf.com/mulesoft/anypoint\"]",
      "instances": [
        {
          "schema_version": 0,
          "attributes": {
            "api_instance_id": "4696122",
            "asset_version": "1.1.2",
            "configuration": {
              "ip_expression": "#[attributes.headers['x-forwarded-for']]",
              "ips": [
                "203.0.113.0/24",
                "198.51.100.0/24"
              ],
              "methods_string": null
            },
            "disabled": false,
            "environment_id": "c0c9f7f5-57bb-4333-82d7-dbdcab912234",
            "id": "6061596",
            "label": "block-malicious-ips",
            "order": 4,
            "organization_id": "542cc7e3-2143-40ce-90e9-cf69da9b4da6",
            "policy_template_id": "1166",
            "upstream_ids": []
          },
          "sensitive_attributes": [],
          "identity_schema_version": 0
        }
      ]
    },
    {
      "mode": "managed",
      "type": "anypoint_api_policy_json_threat_protection",
      "name": "json_threat_protection",
      "provider": "provider[\"sf.com/mulesoft/anypoint\"]",
      "instances": [
        {
          "schema_version": 0,
          "attributes": {
            "api_instance_id": "4696122",
            "asset_version": "1.2.1",
            "configuration": {
              "max_array_element_count": 100,
              "max_container_depth": 5,
              "max_object_entry_count": 100,
              "max_object_entry_name_length": 100,
              "max_string_value_length": 1000
            },
            "disabled": false,
            "environment_id": "c0c9f7f5-57bb-4333-82d7-dbdcab912234",
            "id": "6061595",
            "label": "json-limits",
            "order": 12,
            "organization_id": "542cc7e3-2143-40ce-90e9-cf69da9b4da6",
            "policy_template_id": "1165",
            "upstream_ids": []
          },
          "sensitive_attributes": [],
          "identity_schema_version": 0
        }
      ]
    },
    {
      "mode": "managed",
      "type": "anypoint_api_policy_jwt_validation",
      "name": "jwt_validation",
      "provider": "provider[\"sf.com/mulesoft/anypoint\"]",
      "instances": [
        {
          "schema_version": 0,
          "attributes": {
            "api_instance_id": "4696122",
            "asset_version": "0.12.0",
            "configuration": {
              "claims_to_headers": {
                "value": [],
                "type": [
                  "tuple",
                  []
                ]
              },
              "client_id_expression": "#[vars.claimSet.client_id]",
              "custom_key_expression": "#[authentication.properties['key_to_your_public_pem_certificate']]",
              "jwks_service_connection_timeout": 10000,
              "jwks_service_time_to_live": 60,
              "jwks_url": "http://your-jwks-service.example:80/base/path",
              "jwt_expression": "#[attributes.headers['jwt']]",
              "jwt_key_origin": "text",
              "jwt_origin": "httpBearerAuthenticationHeader",
              "mandatory_aud_claim": true,
              "mandatory_custom_claims": {
                "value": [],
                "type": [
                  "tuple",
                  []
                ]
              },
              "mandatory_exp_claim": true,
              "mandatory_nbf_claim": true,
              "non_mandatory_custom_claims": {
                "value": [],
                "type": [
                  "tuple",
                  []
                ]
              },
              "signing_key_length": 256,
              "signing_method": "rsa",
              "skip_client_id_validation": false,
              "supported_audiences": "aud.example.com",
              "text_key": "your-(256|384|512)-bit-secret",
              "validate_aud_claim": true,
              "validate_custom_claim": true
            },
            "disabled": true,
            "environment_id": "c0c9f7f5-57bb-4333-82d7-dbdcab912234",
            "id": "6061585",
            "label": "jwt-rsa",
            "order": 2,
            "organization_id": "542cc7e3-2143-40ce-90e9-cf69da9b4da6",
            "policy_template_id": "810",
            "upstream_ids": []
          },
          "sensitive_attributes": [],
          "identity_schema_version": 0
        }
      ]
    },
    {
      "mode": "managed",
      "type": "anypoint_api_policy_message_logging",
      "name": "message_logging",
      "provider": "provider[\"sf.com/mulesoft/anypoint\"]",
      "instances": [
        {
          "schema_version": 0,
          "attributes": {
            "api_instance_id": "4696122",
            "asset_version": "2.0.2",
            "configuration": {
              "logging_configuration": {
                "value": [
                  {
                    "item_data": {
                      "category": "api-requests",
                      "conditional": "#[attributes.method == 'POST']",
                      "first_section": true,
                      "level": "INFO",
                      "message": "#[attributes.headers['request-id']]",
                      "second_section": true
                    },
                    "item_name": "Request Logging"
                  }
                ],
                "type": [
                  "tuple",
                  [
                    [
                      "object",
                      {
                        "item_data": [
                          "object",
                          {
                            "category": "string",
                            "conditional": "string",
                            "first_section": "bool",
                            "level": "string",
                            "message": "string",
                            "second_section": "bool"
                          }
                        ],
                        "item_name": "string"
                      }
                    ]
                  ]
                ]
              }
            },
            "disabled": false,
            "environment_id": "c0c9f7f5-57bb-4333-82d7-dbdcab912234",
            "id": "6061592",
            "label": "request-logger",
            "order": 14,
            "organization_id": "542cc7e3-2143-40ce-90e9-cf69da9b4da6",
            "policy_template_id": "1172",
            "upstream_ids": []
          },
          "sensitive_attributes": [],
          "identity_schema_version": 0
        }
      ]
    },
    {
      "mode": "managed",
      "type": "anypoint_api_policy_rate_limiting",
      "name": "rate_limiting",
      "provider": "provider[\"sf.com/mulesoft/anypoint\"]",
      "instances": [
        {
          "schema_version": 0,
          "attributes": {
            "api_instance_id": "4696122",
            "asset_version": "1.4.1",
            "configuration": {
              "clusterizable": true,
              "expose_headers": true,
              "key_selector": "#[attributes.queryParams['identifier']]",
              "rate_limits": {
                "value": [
                  {
                    "maximum_requests": 100,
                    "time_period_in_milliseconds": 60000
                  }
                ],
                "type": [
                  "tuple",
                  [
                    [
                      "object",
                      {
                        "maximum_requests": "number",
                        "time_period_in_milliseconds": "number"
                      }
                    ]
                  ]
                ]
              }
            },
            "disabled": false,
            "environment_id": "c0c9f7f5-57bb-4333-82d7-dbdcab912234",
            "id": "6061591",
            "label": "rate-limit-100rpm",
            "order": 6,
            "organization_id": "542cc7e3-2143-40ce-90e9-cf69da9b4da6",
            "policy_template_id": "1184",
            "upstream_ids": []
          },
          "sensitive_attributes": [],
          "identity_schema_version": 0
        }
      ]
    },
    {
      "mode": "managed",
      "type": "anypoint_api_policy_rate_limiting_sla_based",
      "name": "rate_limiting_sla",
      "provider": "provider[\"sf.com/mulesoft/anypoint\"]",
      "instances": [
        {
          "schema_version": 0,
          "attributes": {
            "api_instance_id": "4696122",
            "asset_version": "1.3.1",
            "configuration": {
              "client_id_expression": "#[attributes.headers['client_id']]",
              "client_secret_expression": "#[attributes.headers['client_secret']]",
              "clusterizable": true,
              "expose_headers": true
            },
            "disabled": true,
            "environment_id": "c0c9f7f5-57bb-4333-82d7-dbdcab912234",
            "id": "6061597",
            "label": "sla-rate-limit",
            "order": 8,
            "organization_id": "542cc7e3-2143-40ce-90e9-cf69da9b4da6",
            "policy_template_id": "1149",
            "upstream_ids": []
          },
          "sensitive_attributes": [],
          "identity_schema_version": 0
        }
      ]
    },
    {
      "mode": "managed",
      "type": "anypoint_api_policy_response_timeout",
      "name": "response_timeout",
      "provider": "provider[\"sf.com/mulesoft/anypoint\"]",
      "instances": [
        {
          "schema_version": 0,
          "attributes": {
            "api_instance_id": "4696122",
            "asset_version": "1.0.1",
            "configuration": {
              "timeout": 30
            },
            "disabled": false,
            "environment_id": "c0c9f7f5-57bb-4333-82d7-dbdcab912234",
            "id": "6061598",
            "label": "timeout-30s",
            "order": 15,
            "organization_id": "542cc7e3-2143-40ce-90e9-cf69da9b4da6",
            "policy_template_id": "1170",
            "upstream_ids": []
          },
          "sensitive_attributes": [],
          "identity_schema_version": 0
        }
      ]
    },
    {
      "mode": "managed",
      "type": "anypoint_api_policy_spike_control",
      "name": "spike_control",
      "provider": "provider[\"sf.com/mulesoft/anypoint\"]",
      "instances": [
        {
          "schema_version": 0,
          "attributes": {
            "api_instance_id": "4696122",
            "asset_version": "1.2.2",
            "configuration": {
              "delay_attempts": 1,
              "delay_time_in_millis": 1000,
              "expose_headers": true,
              "maximum_requests": 1,
              "queuing_limit": 5,
              "time_period_in_milliseconds": 1000
            },
            "disabled": false,
            "environment_id": "c0c9f7f5-57bb-4333-82d7-dbdcab912234",
            "id": "6061587",
            "label": "spike-1rps",
            "order": 7,
            "organization_id": "542cc7e3-2143-40ce-90e9-cf69da9b4da6",
            "policy_template_id": "1175",
            "upstream_ids": []
          },
          "sensitive_attributes": [],
          "identity_schema_version": 0
        }
      ]
    }
  ],
  "check_results": null
}
