{
  "version": 4,
  "terraform_version": "1.12.2",
  "serial": 47,
  "lineage": "2c761510-1761-d9e5-f083-9768eb5bdc9d",
  "outputs": {
    "customer_support_agent_id": {
      "value": "4690315",
      "type": "string"
    },
    "customer_support_agent_status": {
      "value": "active",
      "type": "string"
    },
    "sales_agent_id": {
      "value": "4690316",
      "type": "string"
    },
    "sales_agent_status": {
      "value": "active",
      "type": "string"
    }
  },
  "resources": [
    {
      "mode": "managed",
      "type": "anypoint_agent_instance",
      "name": "customer_support_agent",
      "provider": "provider[\"sf.com/mulesoft/anypoint\"]",
      "instances": [
        {
          "schema_version": 0,
          "attributes": {
            "approval_method": null,
            "asset_id": "ExampleBedrockA2AAgent",
            "asset_version": "1.0.0",
            "consumer_endpoint": null,
            "deployment": {
              "environment_id": "c0c9f7f5-57bb-4333-82d7-dbdcab912234",
              "expected_status": "deployed",
              "gateway_version": "1.12.2",
              "overwrite": false,
              "target_id": "b123b2eb-35aa-454c-9750-dff9e2d218c9",
              "target_name": "ps-1-gw",
              "type": "HY"
            },
            "endpoint": {
              "base_path": "agent/support",
              "deployment_type": "HY",
              "response_timeout": null,
              "type": "a2a",
              "uri": null
            },
            "environment_id": "c0c9f7f5-57bb-4333-82d7-dbdcab912234",
            "gateway_id": "b123b2eb-35aa-454c-9750-dff9e2d218c9",
            "id": "4690315",
            "instance_label": "customer-support-agent",
            "organization_id": "542cc7e3-2143-40ce-90e9-cf69da9b4da6",
            "product_version": "v1.0",
            "provider_id": null,
            "routing": null,
            "spec": {
              "asset_id": "ExampleBedrockA2AAgent",
              "group_id": "542cc7e3-2143-40ce-90e9-cf69da9b4da6",
              "version": "1.0.0"
            },
            "status": "active",
            "technology": "flexGateway",
            "upstream_uri": "http://agent-service.internal:8080"
          },
          "sensitive_attributes": [],
          "identity_schema_version": 0
        }
      ]
    },
    {
      "mode": "managed",
      "type": "anypoint_agent_instance",
      "name": "sales_agent",
      "provider": "provider[\"sf.com/mulesoft/anypoint\"]",
      "instances": [
        {
          "schema_version": 0,
          "attributes": {
            "approval_method": null,
            "asset_id": "ExampleBedrockA2AAgent",
            "asset_version": "1.0.0",
            "consumer_endpoint": null,
            "deployment": {
              "environment_id": "c0c9f7f5-57bb-4333-82d7-dbdcab912234",
              "expected_status": "deployed",
              "gateway_version": "1.12.2",
              "overwrite": false,
              "target_id": "b123b2eb-35aa-454c-9750-dff9e2d218c9",
              "target_name": "ps-1-gw",
              "type": "HY"
            },
            "endpoint": {
              "base_path": "agent/sales",
              "deployment_type": "HY",
              "response_timeout": null,
              "type": "a2a",
              "uri": null
            },
            "environment_id": "c0c9f7f5-57bb-4333-82d7-dbdcab912234",
            "gateway_id": "b123b2eb-35aa-454c-9750-dff9e2d218c9",
            "id": "4690316",
            "instance_label": "sales-agent",
            "organization_id": "542cc7e3-2143-40ce-90e9-cf69da9b4da6",
            "product_version": "v1.0",
            "provider_id": null,
            "routing": null,
            "spec": {
              "asset_id": "ExampleBedrockA2AAgent",
              "group_id": "542cc7e3-2143-40ce-90e9-cf69da9b4da6",
              "version": "1.0.0"
            },
            "status": "active",
            "technology": "flexGateway",
            "upstream_uri": "http://sales-agent.internal:8080"
          },
          "sensitive_attributes": [],
          "identity_schema_version": 0
        }
      ]
    },
    {
      "mode": "managed",
      "type": "anypoint_api_policy_a_two_a_agent_card",
      "name": "support_agent",
      "provider": "provider[\"sf.com/mulesoft/anypoint\"]",
      "instances": [
        {
          "schema_version": 0,
          "attributes": {
            "api_instance_id": "4690315",
            "asset_version": "2.0.0-20260327083212",
            "configuration": {
              "card_path": "/.well-known/agent.json",
              "consumer_url": "http://www.example.com",
              "content": "eyJuYW1lIjoiQ3VzdG9tZXIgU3VwcG9ydCBBZ2VudCIsInZlcnNpb24iOiIxLjAuMCIsImRlc2NyaXB0aW9uIjoiQW4gQTJBIGFnZW50IGZvciBjdXN0b21lciBzdXBwb3J0IiwiY2FwYWJpbGl0aWVzIjpbInRleHQiLCJmaWxlIl19",
              "file_mime_type": "application/json",
              "file_name": "agent-card.json",
              "file_source": "Base64"
            },
            "disabled": false,
            "environment_id": "c0c9f7f5-57bb-4333-82d7-dbdcab912234",
            "id": "6013687",
            "label": null,
            "order": 3,
            "organization_id": "542cc7e3-2143-40ce-90e9-cf69da9b4da6",
            "policy_template_id": "2180",
            "upstream_ids": []
          },
          "sensitive_attributes": [],
          "identity_schema_version": 0,
          "dependencies": [
            "anypoint_agent_instance.customer_support_agent"
          ]
        }
      ]
    },
    {
      "mode": "managed",
      "type": "anypoint_api_policy_a_two_a_pii_detector",
      "name": "support_agent",
      "provider": "provider[\"sf.com/mulesoft/anypoint\"]",
      "instances": [
        {
          "schema_version": 0,
          "attributes": {
            "api_instance_id": "4690315",
            "asset_version": "1.0.1",
            "configuration": {
              "action": "Reject",
              "entities": {
                "value": [
                  "Email",
                  "US SSN",
                  "Credit Card",
                  "Phone Number"
                ],
                "type": [
                  "tuple",
                  [
                    "string",
                    "string",
                    "string",
                    "string"
                  ]
                ]
              }
            },
            "disabled": false,
            "environment_id": "c0c9f7f5-57bb-4333-82d7-dbdcab912234",
            "id": "6013689",
            "label": null,
            "order": 3,
            "organization_id": "542cc7e3-2143-40ce-90e9-cf69da9b4da6",
            "policy_template_id": "1179",
            "upstream_ids": []
          },
          "sensitive_attributes": [],
          "identity_schema_version": 0,
          "dependencies": [
            "anypoint_agent_instance.customer_support_agent"
          ]
        }
      ]
    },
    {
      "mode": "managed",
      "type": "anypoint_api_policy_a_two_a_schema_validation",
      "name": "support_agent",
      "provider": "provider[\"sf.com/mulesoft/anypoint\"]",
      "instances": [
        {
          "schema_version": 0,
          "attributes": {
            "api_instance_id": "4690315",
            "asset_version": "1.0.1",
            "configuration": {},
            "disabled": false,
            "environment_id": "c0c9f7f5-57bb-4333-82d7-dbdcab912234",
            "id": "6013655",
            "label": null,
            "order": 1,
            "organization_id": "542cc7e3-2143-40ce-90e9-cf69da9b4da6",
            "policy_template_id": "1186",
            "upstream_ids": []
          },
          "sensitive_attributes": [],
          "identity_schema_version": 0,
          "dependencies": [
            "anypoint_agent_instance.customer_support_agent"
          ]
        }
      ]
    },
    {
      "mode": "managed",
      "type": "anypoint_api_policy_a_two_a_token_rate_limit",
      "name": "support_agent",
      "provider": "provider[\"sf.com/mulesoft/anypoint\"]",
      "instances": [
        {
          "schema_version": 0,
          "attributes": {
            "api_instance_id": "4690315",
            "asset_version": "1.0.0",
            "configuration": {
              "key_selector": "#[attributes.headers['ClientId']]",
              "maximum_tokens": 100,
              "time_period_in_milliseconds": 10000
            },
            "disabled": false,
            "environment_id": "c0c9f7f5-57bb-4333-82d7-dbdcab912234",
            "id": "6013685",
            "label": null,
            "order": 3,
            "organization_id": "542cc7e3-2143-40ce-90e9-cf69da9b4da6",
            "policy_template_id": "1865",
            "upstream_ids": []
          },
          "sensitive_attributes": [],
          "identity_schema_version": 0,
          "dependencies": [
            "anypoint_agent_instance.customer_support_agent"
          ]
        }
      ]
    },
    {
      "mode": "managed",
      "type": "anypoint_api_policy_llm_gw_core_policy",
      "name": "support_agent",
      "provider": "provider[\"sf.com/mulesoft/anypoint\"]",
      "instances": [
        {
          "schema_version": 0,
          "attributes": {
            "api_instance_id": "4690315",
            "asset_version": "1.0.0-20251230075635",
            "configuration": {
              "header_name": "x-routing-header",
              "vendor_header_mapping": {
                "value": [
                  {
                    "headerValue": "openai",
                    "targetModel": "gpt-4",
                    "vendor": "Openai"
                  },
                  {
                    "headerValue": "gemini",
                    "targetModel": "gemini-pro",
                    "vendor": "Gemini"
                  }
                ],
                "type": [
                  "tuple",
                  [
                    [
                      "object",
                      {
                        "headerValue": "string",
                        "targetModel": "string",
                        "vendor": "string"
                      }
                    ],
                    [
                      "object",
                      {
                        "headerValue": "string",
                        "targetModel": "string",
                        "vendor": "string"
                      }
                    ]
                  ]
                ]
              }
            },
            "disabled": false,
            "environment_id": "c0c9f7f5-57bb-4333-82d7-dbdcab912234",
            "id": "6013686",
            "label": null,
            "order": 3,
            "organization_id": "542cc7e3-2143-40ce-90e9-cf69da9b4da6",
            "policy_template_id": "1839",
            "upstream_ids": []
          },
          "sensitive_attributes": [],
          "identity_schema_version": 0,
          "dependencies": [
            "anypoint_agent_instance.customer_support_agent"
          ]
        }
      ]
    },
    {
      "mode": "managed",
      "type": "anypoint_api_policy_llm_proxy_core",
      "name": "support_agent",
      "provider": "provider[\"sf.com/mulesoft/anypoint\"]",
      "instances": [
        {
          "schema_version": 0,
          "attributes": {
            "api_instance_id": "4690315",
            "asset_version": "1.0.0-20260127095720",
            "configuration": {},
            "disabled": false,
            "environment_id": "c0c9f7f5-57bb-4333-82d7-dbdcab912234",
            "id": "6013663",
            "label": null,
            "order": 2,
            "organization_id": "542cc7e3-2143-40ce-90e9-cf69da9b4da6",
            "policy_template_id": "1879",
            "upstream_ids": []
          },
          "sensitive_attributes": [],
          "identity_schema_version": 0,
          "dependencies": [
            "anypoint_agent_instance.customer_support_agent"
          ]
        }
      ]
    },
    {
      "mode": "managed",
      "type": "anypoint_api_policy_llm_proxy_core_policy",
      "name": "support_agent",
      "provider": "provider[\"sf.com/mulesoft/anypoint\"]",
      "instances": [
        {
          "schema_version": 0,
          "attributes": {
            "api_instance_id": "4690315",
            "asset_version": "1.0.0-20260108100848",
            "configuration": {
              "header_name": "x-routing-header",
              "vendor_header_mapping": {
                "value": [
                  {
                    "headerValue": "openai",
                    "targetModel": "gpt-4",
                    "vendor": "Openai"
                  },
                  {
                    "headerValue": "gemini",
                    "targetModel": "gemini-pro",
                    "vendor": "Gemini"
                  }
                ],
                "type": [
                  "tuple",
                  [
                    [
                      "object",
                      {
                        "headerValue": "string",
                        "targetModel": "string",
                        "vendor": "string"
                      }
                    ],
                    [
                      "object",
                      {
                        "headerValue": "string",
                        "targetModel": "string",
                        "vendor": "string"
                      }
                    ]
                  ]
                ]
              }
            },
            "disabled": false,
            "environment_id": "c0c9f7f5-57bb-4333-82d7-dbdcab912234",
            "id": "6013690",
            "label": null,
            "order": 3,
            "organization_id": "542cc7e3-2143-40ce-90e9-cf69da9b4da6",
            "policy_template_id": "1847",
            "upstream_ids": []
          },
          "sensitive_attributes": [],
          "identity_schema_version": 0,
          "dependencies": [
            "anypoint_agent_instance.customer_support_agent"
          ]
        }
      ]
    },
    {
      "mode": "managed",
      "type": "anypoint_api_policy_model_based_routing",
      "name": "support_agent",
      "provider": "provider[\"sf.com/mulesoft/anypoint\"]",
      "instances": [
        {
          "schema_version": 0,
          "attributes": {
            "api_instance_id": "4690315",
            "asset_version": "1.0.0-20260127100214",
            "configuration": {
              "fallback": {
                "value": {
                  "model": "gemini-pro",
                  "provider": "gemini"
                },
                "type": [
                  "object",
                  {
                    "model": "string",
                    "provider": "string"
                  }
                ]
              },
              "supported_vendors": {
                "value": [
                  {
                    "targetModel": "gpt-4",
                    "vendor": "Openai"
                  },
                  {
                    "targetModel": "gemini-pro",
                    "vendor": "Gemini"
                  }
                ],
                "type": [
                  "tuple",
                  [
                    [
                      "object",
                      {
                        "targetModel": "string",
                        "vendor": "string"
                      }
                    ],
                    [
                      "object",
                      {
                        "targetModel": "string",
                        "vendor": "string"
                      }
                    ]
                  ]
                ]
              }
            },
            "disabled": false,
            "environment_id": "c0c9f7f5-57bb-4333-82d7-dbdcab912234",
            "id": "6013683",
            "label": null,
            "order": 3,
            "organization_id": "542cc7e3-2143-40ce-90e9-cf69da9b4da6",
            "policy_template_id": "1880",
            "upstream_ids": []
          },
          "sensitive_attributes": [],
          "identity_schema_version": 0,
          "dependencies": [
            "anypoint_agent_instance.customer_support_agent"
          ]
        }
      ]
    },
    {
      "mode": "managed",
      "type": "anypoint_api_policy_semantic_prompt_guard_policy_openai",
      "name": "support_agent",
      "provider": "provider[\"sf.com/mulesoft/anypoint\"]",
      "instances": [
        {
          "schema_version": 0,
          "attributes": {
            "api_instance_id": "4690315",
            "asset_version": "1.0.0-20260130084752",
            "configuration": {
              "deny_topics": {
                "value": [
                  {
                    "embeddings": "{politics-embeddings}",
                    "name": "Politics"
                  },
                  {
                    "embeddings": "{violence-embeddings}",
                    "name": "Violence"
                  }
                ],
                "type": [
                  "tuple",
                  [
                    [
                      "object",
                      {
                        "embeddings": "string",
                        "name": "string"
                      }
                    ],
                    [
                      "object",
                      {
                        "embeddings": "string",
                        "name": "string"
                      }
                    ]
                  ]
                ]
              },
              "openai_api_key": "your-openai-api-key",
              "openai_embedding_model": "text-embedding-ada-002",
              "openai_url": "http://openai.com",
              "threshold": {
                "value": 0.2,
                "type": "number"
              },
              "timeout": 10000
            },
            "disabled": false,
            "environment_id": "c0c9f7f5-57bb-4333-82d7-dbdcab912234",
            "id": "6013688",
            "label": null,
            "order": 3,
            "organization_id": "542cc7e3-2143-40ce-90e9-cf69da9b4da6",
            "policy_template_id": "1933",
            "upstream_ids": []
          },
          "sensitive_attributes": [],
          "identity_schema_version": 0,
          "dependencies": [
            "anypoint_agent_instance.customer_support_agent"
          ]
        }
      ]
    },
    {
      "mode": "managed",
      "type": "anypoint_api_policy_semantic_routing_policy_huggingface",
      "name": "support_agent",
      "provider": "provider[\"sf.com/mulesoft/anypoint\"]",
      "instances": [
        {
          "schema_version": 0,
          "attributes": {
            "api_instance_id": "4690315",
            "asset_version": "1.0.0-20260130095514",
            "configuration": {
              "fallback_route": {
                "value": {
                  "model": "gpt-3.5-turbo",
                  "provider": "openai"
                },
                "type": [
                  "object",
                  {
                    "model": "string",
                    "provider": "string"
                  }
                ]
              },
              "huggingface_api_key": "your-hf-api-key",
              "huggingface_url": "http://huggingface.com",
              "routes": {
                "value": [
                  {
                    "model": "gpt-4",
                    "provider": "openai",
                    "topics": [
                      {
                        "embeddings": "{code-embeddings}",
                        "name": "Code"
                      },
                      {
                        "embeddings": "{sales-embeddings}",
                        "name": "Sales"
                      }
                    ]
                  },
                  {
                    "model": "gemini-pro",
                    "provider": "gemini",
                    "topics": [
                      {
                        "embeddings": "{support-embeddings}",
                        "name": "Support"
                      }
                    ]
                  }
                ],
                "type": [
                  "tuple",
                  [
                    [
                      "object",
                      {
                        "model": "string",
                        "provider": "string",
                        "topics": [
                          "tuple",
                          [
                            [
                              "object",
                              {
                                "embeddings": "string",
                                "name": "string"
                              }
                            ],
                            [
                              "object",
                              {
                                "embeddings": "string",
                                "name": "string"
                              }
                            ]
                          ]
                        ]
                      }
                    ],
                    [
                      "object",
                      {
                        "model": "string",
                        "provider": "string",
                        "topics": [
                          "tuple",
                          [
                            [
                              "object",
                              {
                                "embeddings": "string",
                                "name": "string"
                              }
                            ]
                          ]
                        ]
                      }
                    ]
                  ]
                ]
              },
              "threshold": {
                "value": 0.2,
                "type": "number"
              },
              "timeout": 10000
            },
            "disabled": false,
            "environment_id": "c0c9f7f5-57bb-4333-82d7-dbdcab912234",
            "id": "6013684",
            "label": null,
            "order": 3,
            "organization_id": "542cc7e3-2143-40ce-90e9-cf69da9b4da6",
            "policy_template_id": "1934",
            "upstream_ids": []
          },
          "sensitive_attributes": [],
          "identity_schema_version": 0,
          "dependencies": [
            "anypoint_agent_instance.customer_support_agent"
          ]
        }
      ]
    }
  ],
  "check_results": null
}
