{
  "version": 4,
  "terraform_version": "1.12.2",
  "serial": 29,
  "lineage": "9262c175-3586-5b65-702f-96c1d1ddf24a",
  "outputs": {
    "atlassian_mcp_base_path": {
      "value": "mcp1",
      "type": "string"
    },
    "atlassian_mcp_id": {
      "value": "4690655",
      "type": "string"
    },
    "atlassian_mcp_status": {
      "value": "active",
      "type": "string"
    },
    "enterprise_tools_mcp_id": {
      "value": "4690658",
      "type": "string"
    },
    "enterprise_tools_mcp_status": {
      "value": "active",
      "type": "string"
    },
    "salesforce_mcp_id": {
      "value": "4690659",
      "type": "string"
    },
    "salesforce_mcp_status": {
      "value": "active",
      "type": "string"
    }
  },
  "resources": [
    {
      "mode": "managed",
      "type": "anypoint_api_policy_mcp_access_control",
      "name": "atlassian",
      "provider": "provider[\"sf.com/mulesoft/anypoint\"]",
      "instances": [
        {
          "schema_version": 0,
          "attributes": {
            "api_instance_id": "4690655",
            "asset_version": "1.0.1",
            "configuration": {
              "auth_type": "ClientId",
              "rules": {
                "value": [
                  "permit(principal,action,resource);",
                  "permit(principal,action1,resource);"
                ],
                "type": [
                  "tuple",
                  [
                    "string",
                    "string"
                  ]
                ]
              }
            },
            "disabled": false,
            "environment_id": "c0c9f7f5-57bb-4333-82d7-dbdcab912234",
            "id": "6013640",
            "label": null,
            "order": 1,
            "organization_id": "542cc7e3-2143-40ce-90e9-cf69da9b4da6",
            "policy_template_id": "1181",
            "upstream_ids": []
          },
          "sensitive_attributes": [],
          "identity_schema_version": 0,
          "dependencies": [
            "anypoint_mcp_server.atlassian_mcp"
          ]
        }
      ]
    },
    {
      "mode": "managed",
      "type": "anypoint_api_policy_mcp_global_access_policy",
      "name": "atlassian",
      "provider": "provider[\"sf.com/mulesoft/anypoint\"]",
      "instances": [
        {
          "schema_version": 0,
          "attributes": {
            "api_instance_id": "4690655",
            "asset_version": "1.0.0",
            "configuration": {
              "rules": {
                "value": [
                  {
                    "match_type": "literal",
                    "rule": "Allow",
                    "value": "jira-search"
                  },
                  {
                    "match_type": "pattern",
                    "rule": "Block",
                    "value": "admin-*"
                  }
                ],
                "type": [
                  "tuple",
                  [
                    [
                      "object",
                      {
                        "match_type": "string",
                        "rule": "string",
                        "value": "string"
                      }
                    ],
                    [
                      "object",
                      {
                        "match_type": "string",
                        "rule": "string",
                        "value": "string"
                      }
                    ]
                  ]
                ]
              }
            },
            "disabled": false,
            "environment_id": "c0c9f7f5-57bb-4333-82d7-dbdcab912234",
            "id": "6013648",
            "label": null,
            "order": 3,
            "organization_id": "542cc7e3-2143-40ce-90e9-cf69da9b4da6",
            "policy_template_id": "2083",
            "upstream_ids": []
          },
          "sensitive_attributes": [],
          "identity_schema_version": 0,
          "dependencies": [
            "anypoint_mcp_server.atlassian_mcp"
          ]
        }
      ]
    },
    {
      "mode": "managed",
      "type": "anypoint_api_policy_mcp_pii_detector",
      "name": "atlassian",
      "provider": "provider[\"sf.com/mulesoft/anypoint\"]",
      "instances": [
        {
          "schema_version": 0,
          "attributes": {
            "api_instance_id": "4690655",
            "asset_version": "1.0.0",
            "configuration": {
              "entities": {
                "value": [
                  "Email",
                  "US SSN",
                  "Credit Card",
                  "Phone Number"
                ],
                "type": [
                  "tuple",
                  [
                    "string",
                    "string",
                    "string",
                    "string"
                  ]
                ]
              }
            },
            "disabled": false,
            "environment_id": "c0c9f7f5-57bb-4333-82d7-dbdcab912234",
            "id": "6013646",
            "label": null,
            "order": 2,
            "organization_id": "542cc7e3-2143-40ce-90e9-cf69da9b4da6",
            "policy_template_id": "1178",
            "upstream_ids": []
          },
          "sensitive_attributes": [],
          "identity_schema_version": 0,
          "dependencies": [
            "anypoint_mcp_server.atlassian_mcp"
          ]
        }
      ]
    },
    {
      "mode": "managed",
      "type": "anypoint_api_policy_mcp_schema_validation",
      "name": "atlassian",
      "provider": "provider[\"sf.com/mulesoft/anypoint\"]",
      "instances": [
        {
          "schema_version": 0,
          "attributes": {
            "api_instance_id": "4690655",
            "asset_version": "1.1.0",
            "configuration": {
              "validate_tool_schema": true
            },
            "disabled": false,
            "environment_id": "c0c9f7f5-57bb-4333-82d7-dbdcab912234",
            "id": "6013643",
            "label": null,
            "order": 1,
            "organization_id": "542cc7e3-2143-40ce-90e9-cf69da9b4da6",
            "policy_template_id": "2034",
            "upstream_ids": []
          },
          "sensitive_attributes": [],
          "identity_schema_version": 0,
          "dependencies": [
            "anypoint_mcp_server.atlassian_mcp"
          ]
        }
      ]
    },
    {
      "mode": "managed",
      "type": "anypoint_api_policy_mcp_support",
      "name": "atlassian",
      "provider": "provider[\"sf.com/mulesoft/anypoint\"]",
      "instances": [
        {
          "schema_version": 0,
          "attributes": {
            "api_instance_id": "4690655",
            "asset_version": "1.0.1",
            "configuration": {},
            "disabled": false,
            "environment_id": "c0c9f7f5-57bb-4333-82d7-dbdcab912234",
            "id": "6013637",
            "label": null,
            "order": 1,
            "organization_id": "542cc7e3-2143-40ce-90e9-cf69da9b4da6",
            "policy_template_id": "1145",
            "upstream_ids": []
          },
          "sensitive_attributes": [],
          "identity_schema_version": 0,
          "dependencies": [
            "anypoint_mcp_server.atlassian_mcp"
          ]
        }
      ]
    },
    {
      "mode": "managed",
      "type": "anypoint_api_policy_mcp_tool_mapping",
      "name": "atlassian",
      "provider": "provider[\"sf.com/mulesoft/anypoint\"]",
      "instances": [
        {
          "schema_version": 0,
          "attributes": {
            "api_instance_id": "4690655",
            "asset_version": "1.0.0",
            "configuration": {
              "log_mappings": true,
              "tool_mappings": {
                "value": [
                  {
                    "mappedDescription": "Create a new Jira ticket",
                    "mappedToolName": "create_ticket",
                    "mappingType": "literal",
                    "sourceToolName": "jira_create_issue"
                  },
                  {
                    "mappedDescription": "Search Confluence documentation",
                    "mappedToolName": "search_docs",
                    "mappingType": "regex",
                    "sourceToolName": "confluence_search"
                  }
                ],
                "type": [
                  "tuple",
                  [
                    [
                      "object",
                      {
                        "mappedDescription": "string",
                        "mappedToolName": "string",
                        "mappingType": "string",
                        "sourceToolName": "string"
                      }
                    ],
                    [
                      "object",
                      {
                        "mappedDescription": "string",
                        "mappedToolName": "string",
                        "mappingType": "string",
                        "sourceToolName": "string"
                      }
                    ]
                  ]
                ]
              }
            },
            "disabled": false,
            "environment_id": "c0c9f7f5-57bb-4333-82d7-dbdcab912234",
            "id": "6013650",
            "label": null,
            "order": 5,
            "organization_id": "542cc7e3-2143-40ce-90e9-cf69da9b4da6",
            "policy_template_id": "1864",
            "upstream_ids": []
          },
          "sensitive_attributes": [],
          "identity_schema_version": 0,
          "dependencies": [
            "anypoint_mcp_server.atlassian_mcp"
          ]
        }
      ]
    },
    {
      "mode": "managed",
      "type": "anypoint_api_policy_mcp_transcoding_router",
      "name": "atlassian",
      "provider": "provider[\"sf.com/mulesoft/anypoint\"]",
      "instances": [
        {
          "schema_version": 0,
          "attributes": {
            "api_instance_id": "4690655",
            "asset_version": "1.0.1-20260414150102",
            "configuration": {
              "routes": {
                "value": [
                  {
                    "prompts": [
                      "jira-summary"
                    ],
                    "resources": [
                      "jira://projects"
                    ],
                    "tools": [
                      "jira_create_issue",
                      "jira_search"
                    ],
                    "upstreamName": "jira-backend"
                  },
                  {
                    "prompts": [],
                    "resources": [
                      "confluence://spaces"
                    ],
                    "tools": [
                      "confluence_search"
                    ],
                    "upstreamName": "confluence-backend"
                  }
                ],
                "type": [
                  "tuple",
                  [
                    [
                      "object",
                      {
                        "prompts": [
                          "tuple",
                          [
                            "string"
                          ]
                        ],
                        "resources": [
                          "tuple",
                          [
                            "string"
                          ]
                        ],
                        "tools": [
                          "tuple",
                          [
                            "string",
                            "string"
                          ]
                        ],
                        "upstreamName": "string"
                      }
                    ],
                    [
                      "object",
                      {
                        "prompts": [
                          "tuple",
                          []
                        ],
                        "resources": [
                          "tuple",
                          [
                            "string"
                          ]
                        ],
                        "tools": [
                          "tuple",
                          [
                            "string"
                          ]
                        ],
                        "upstreamName": "string"
                      }
                    ]
                  ]
                ]
              },
              "transcoding_path": "/mcp"
            },
            "disabled": false,
            "environment_id": "c0c9f7f5-57bb-4333-82d7-dbdcab912234",
            "id": "6013649",
            "label": null,
            "order": 4,
            "organization_id": "542cc7e3-2143-40ce-90e9-cf69da9b4da6",
            "policy_template_id": "2205",
            "upstream_ids": []
          },
          "sensitive_attributes": [],
          "identity_schema_version": 0,
          "dependencies": [
            "anypoint_mcp_server.atlassian_mcp"
          ]
        }
      ]
    },
    {
      "mode": "managed",
      "type": "anypoint_mcp_server",
      "name": "atlassian_mcp",
      "provider": "provider[\"sf.com/mulesoft/anypoint\"]",
      "instances": [
        {
          "schema_version": 0,
          "attributes": {
            "approval_method": null,
            "asset_id": "Atlassian-MCP-Server",
            "asset_version": "1.0.0",
            "consumer_endpoint": null,
            "deployment": {
              "environment_id": "c0c9f7f5-57bb-4333-82d7-dbdcab912234",
              "expected_status": "deployed",
              "gateway_version": "1.12.2",
              "overwrite": false,
              "target_id": "b123b2eb-35aa-454c-9750-dff9e2d218c9",
              "target_name": "ps-1-gw",
              "type": "HY"
            },
            "endpoint": {
              "base_path": "mcp1",
              "deployment_type": "HY",
              "response_timeout": null,
              "type": "mcp",
              "uri": null
            },
            "environment_id": "c0c9f7f5-57bb-4333-82d7-dbdcab912234",
            "gateway_id": "b123b2eb-35aa-454c-9750-dff9e2d218c9",
            "id": "4690655",
            "instance_label": "atlassian-mcp-server",
            "organization_id": "542cc7e3-2143-40ce-90e9-cf69da9b4da6",
            "product_version": "v1.0",
            "provider_id": null,
            "routing": null,
            "spec": {
              "asset_id": "Atlassian-MCP-Server",
              "group_id": "542cc7e3-2143-40ce-90e9-cf69da9b4da6",
              "version": "1.0.0"
            },
            "status": "active",
            "technology": "flexGateway",
            "upstream_id": "937a4784-1fb8-4ba1-b38a-0ac468faff04",
            "upstream_uri": "http://example.com"
          },
          "sensitive_attributes": [],
          "identity_schema_version": 0
        }
      ]
    },
    {
      "mode": "managed",
      "type": "anypoint_mcp_server",
      "name": "enterprise_tools_mcp",
      "provider": "provider[\"sf.com/mulesoft/anypoint\"]",
      "instances": [
        {
          "schema_version": 0,
          "attributes": {
            "approval_method": null,
            "asset_id": "postman-mcp-server",
            "asset_version": "1.0.0",
            "consumer_endpoint": null,
            "deployment": {
              "environment_id": "c0c9f7f5-57bb-4333-82d7-dbdcab912234",
              "expected_status": "deployed",
              "gateway_version": "1.12.2",
              "overwrite": false,
              "target_id": "b123b2eb-35aa-454c-9750-dff9e2d218c9",
              "target_name": "ps-1-gw",
              "type": "HY"
            },
            "endpoint": {
              "base_path": "mcp-tools",
              "deployment_type": "HY",
              "response_timeout": null,
              "type": "mcp",
              "uri": null
            },
            "environment_id": "c0c9f7f5-57bb-4333-82d7-dbdcab912234",
            "gateway_id": "b123b2eb-35aa-454c-9750-dff9e2d218c9",
            "id": "4690658",
            "instance_label": "enterprise-tools-mcp",
            "organization_id": "542cc7e3-2143-40ce-90e9-cf69da9b4da6",
            "product_version": "v1.0",
            "provider_id": null,
            "routing": null,
            "spec": {
              "asset_id": "postman-mcp-server",
              "group_id": "542cc7e3-2143-40ce-90e9-cf69da9b4da6",
              "version": "1.0.0"
            },
            "status": "active",
            "technology": "flexGateway",
            "upstream_id": "1f9b3cee-0c0d-4185-b436-61ed8b3798f6",
            "upstream_uri": "http://mcp-tools.internal:8080"
          },
          "sensitive_attributes": [],
          "identity_schema_version": 0
        }
      ]
    },
    {
      "mode": "managed",
      "type": "anypoint_mcp_server",
      "name": "salesforce_mcp",
      "provider": "provider[\"sf.com/mulesoft/anypoint\"]",
      "instances": [
        {
          "schema_version": 0,
          "attributes": {
            "approval_method": null,
            "asset_id": "mcp-server",
            "asset_version": "1.0.0",
            "consumer_endpoint": null,
            "deployment": {
              "environment_id": "c0c9f7f5-57bb-4333-82d7-dbdcab912234",
              "expected_status": "deployed",
              "gateway_version": "1.12.2",
              "overwrite": false,
              "target_id": "b123b2eb-35aa-454c-9750-dff9e2d218c9",
              "target_name": "ps-1-gw",
              "type": "HY"
            },
            "endpoint": {
              "base_path": "mcp2",
              "deployment_type": "HY",
              "response_timeout": null,
              "type": "mcp",
              "uri": null
            },
            "environment_id": "c0c9f7f5-57bb-4333-82d7-dbdcab912234",
            "gateway_id": "b123b2eb-35aa-454c-9750-dff9e2d218c9",
            "id": "4690659",
            "instance_label": "salesforce-mcp-server",
            "organization_id": "542cc7e3-2143-40ce-90e9-cf69da9b4da6",
            "product_version": "v1.0",
            "provider_id": null,
            "routing": null,
            "spec": {
              "asset_id": "mcp-server",
              "group_id": "542cc7e3-2143-40ce-90e9-cf69da9b4da6",
              "version": "1.0.0"
            },
            "status": "active",
            "technology": "flexGateway",
            "upstream_id": "55b719da-b1c7-4db8-928a-7e88f7ec38d0",
            "upstream_uri": "http://salesforce-mcp.internal:8080"
          },
          "sensitive_attributes": [],
          "identity_schema_version": 0
        }
      ]
    }
  ],
  "check_results": null
}
