{
  "version": 4,
  "terraform_version": "1.12.2",
  "serial": 8,
  "lineage": "de24f331-47da-5af8-ad68-612a6790e021",
  "outputs": {
    "environment_client_id": {
      "value": "063660aeae144bbabc923a1c25a033ba",
      "type": "string"
    },
    "environment_id": {
      "value": "a4b70443-0f31-4dc1-bd0d-885d11206b99",
      "type": "string"
    },
    "environment_is_production": {
      "value": false,
      "type": "bool"
    },
    "environment_name": {
      "value": "my-second-env-renamed",
      "type": "string"
    },
    "environment_organization_id": {
      "value": "a02fab4f-4695-4325-882e-f326d1cef704",
      "type": "string"
    },
    "environment_type": {
      "value": "sandbox",
      "type": "string"
    },
    "existing_environment_client_id": {
      "value": "33a68f3fb3f24fc2ba7cd246fb1a63ba",
      "type": "string"
    },
    "existing_environment_is_production": {
      "value": false,
      "type": "bool"
    },
    "existing_environment_name": {
      "value": "Design",
      "type": "string"
    },
    "existing_environment_type": {
      "value": "design",
      "type": "string"
    }
  },
  "resources": [
    {
      "mode": "data",
      "type": "anypoint_environment",
      "name": "existing_environment",
      "provider": "provider[\"sf.com/mulesoft/anypoint\"].admin",
      "instances": [
        {
          "schema_version": 0,
          "attributes": {
            "arc_namespace": null,
            "client_id": "33a68f3fb3f24fc2ba7cd246fb1a63ba",
            "created_at": null,
            "id": "a4d171b4-9ad4-41da-9d77-18a3ade0a93d",
            "is_production": false,
            "name": "Design",
            "organization_id": "542cc7e3-2143-40ce-90e9-cf69da9b4da6",
            "type": "design",
            "updated_at": null
          },
          "sensitive_attributes": [],
          "identity_schema_version": 0
        }
      ]
    },
    {
      "mode": "managed",
      "type": "anypoint_environment",
      "name": "my_env",
      "provider": "provider[\"sf.com/mulesoft/anypoint\"].admin",
      "instances": [
        {
          "schema_version": 0,
          "attributes": {
            "arc_namespace": null,
            "client_id": "063660aeae144bbabc923a1c25a033ba",
            "id": "a4b70443-0f31-4dc1-bd0d-885d11206b99",
            "is_production": false,
            "name": "my-second-env-renamed",
            "organization_id": "a02fab4f-4695-4325-882e-f326d1cef704",
            "type": "sandbox"
          },
          "sensitive_attributes": [],
          "identity_schema_version": 0
        }
      ]
    },
    {
      "mode": "managed",
      "type": "anypoint_environment",
      "name": "my_env_1",
      "provider": "provider[\"sf.com/mulesoft/anypoint\"].admin",
      "instances": [
        {
          "schema_version": 0,
          "attributes": {
            "arc_namespace": null,
            "client_id": "ae6873a0c2e148268761875374d3e8fa",
            "id": "cebeedf6-41c7-4c37-b6ef-582a2976f9e9",
            "is_production": true,
            "name": "my-second-env-renamed-1",
            "organization_id": "a02fab4f-4695-4325-882e-f326d1cef704",
            "type": "production"
          },
          "sensitive_attributes": [],
          "identity_schema_version": 0
        }
      ]
    }
  ],
  "check_results": [
    {
      "object_kind": "var",
      "config_addr": "var.environment_type",
      "status": "pass",
      "objects": [
        {
          "object_addr": "var.environment_type",
          "status": "pass"
        }
      ]
    }
  ]
}
