{
  "version": 4,
  "terraform_version": "1.12.2",
  "serial": 56,
  "lineage": "2730af79-fa48-65fb-1640-de302af8f997",
  "outputs": {
    "alert_id": {
      "value": "cade354a-0e07-42e2-a039-f9f0fae996e1",
      "type": "string"
    },
    "api_base_path": {
      "value": "basePath",
      "type": "string"
    },
    "api_instance_id": {
      "value": "4675482",
      "type": "string"
    },
    "api_instance_status": {
      "value": "active",
      "type": "string"
    },
    "flex_gateway_id": {
      "value": "4a4a758b-e8f6-4bb7-a7d2-6a74cc96391e",
      "type": "string"
    },
    "flex_gateway_internal_url": {
      "value": "https://managed-flexgateway-example-1.internal-z7yt26.usa-e2.stgx.cloudhub.io,https://managed-flexgateway-example-1-60fef.internal-z7yt26.usa-e2.stgx.cloudhub.io/",
      "type": "string"
    },
    "flex_gateway_public_url": {
      "value": "https://managed-flexgateway-example-1.z7yt26.usa-e2.stgx.cloudhub.io",
      "type": "string"
    },
    "flex_gateway_status": {
      "value": "APPLIED",
      "type": "string"
    },
    "policy_ids": {
      "value": {
        "access_block": "5973697",
        "agent_connection_telemetry": "5973698",
        "body_transformation": "5973715",
        "client_id_enforcement": "5973699",
        "cors": "5973709",
        "dataweave_body_transformation": "5973719",
        "dataweave_headers_transformation": "5973696",
        "dataweave_request_filter": "5973693",
        "ext_authz": "5973717",
        "ext_proc": "5973706",
        "header_injection": "5973692",
        "header_removal": "5973704",
        "header_transformation": "5973712",
        "health_check": "5973722",
        "http_basic_auth": "5973700",
        "http_caching": "5973701",
        "injection_protection": "5973694",
        "ip_allowlist": "5973708",
        "ip_blocklist": "5973711",
        "json_threat_protection": "5973713",
        "jwt_validation": "5973702",
        "ldap_auth": "5973710",
        "message_logging": "5973721",
        "oauth2_introspection": "5973690",
        "rate_limiting": "5973703",
        "rate_limiting_sla": "5973691",
        "response_timeout": "5973714",
        "script_evaluation_transformation": "5973720",
        "spike_control": "5973716",
        "sse_logging": "5973718",
        "stream_idle_timeout": "5973705",
        "tracing": "5973695",
        "xml_threat_protection": "5973707"
      },
      "type": [
        "object",
        {
          "access_block": "string",
          "agent_connection_telemetry": "string",
          "body_transformation": "string",
          "client_id_enforcement": "string",
          "cors": "string",
          "dataweave_body_transformation": "string",
          "dataweave_headers_transformation": "string",
          "dataweave_request_filter": "string",
          "ext_authz": "string",
          "ext_proc": "string",
          "header_injection": "string",
          "header_removal": "string",
          "header_transformation": "string",
          "health_check": "string",
          "http_basic_auth": "string",
          "http_caching": "string",
          "injection_protection": "string",
          "ip_allowlist": "string",
          "ip_blocklist": "string",
          "json_threat_protection": "string",
          "jwt_validation": "string",
          "ldap_auth": "string",
          "message_logging": "string",
          "oauth2_introspection": "string",
          "rate_limiting": "string",
          "rate_limiting_sla": "string",
          "response_timeout": "string",
          "script_evaluation_transformation": "string",
          "spike_control": "string",
          "sse_logging": "string",
          "stream_idle_timeout": "string",
          "tracing": "string",
          "xml_threat_protection": "string"
        }
      ]
    },
    "promoted_api_instance_id": {
      "value": "4675485",
      "type": "string"
    },
    "promoted_api_instance_status": {
      "value": "unregistered",
      "type": "string"
    },
    "sla_tier_id": {
      "value": "1654062",
      "type": "string"
    }
  },
  "resources": [
    {
      "mode": "managed",
      "type": "anypoint_api_instance",
      "name": "main",
      "provider": "provider[\"sf.com/mulesoft/anypoint\"]",
      "instances": [
        {
          "schema_version": 0,
          "attributes": {
            "approval_method": "manual",
            "asset_id": "api-test",
            "asset_version": "1.0.0",
            "consumer_endpoint": null,
            "deployment": {
              "environment_id": "c0c9f7f5-57bb-4333-82d7-dbdcab912234",
              "expected_status": "deployed",
              "gateway_version": "1.12.2",
              "overwrite": false,
              "target_id": "4a4a758b-e8f6-4bb7-a7d2-6a74cc96391e",
              "target_name": "managed-flexgateway-example-1",
              "type": "HY"
            },
            "endpoint": {
              "base_path": "basePath",
              "deployment_type": "HY",
              "response_timeout": null,
              "type": "http",
              "uri": null
            },
            "environment_id": "c0c9f7f5-57bb-4333-82d7-dbdcab912234",
            "gateway_id": "4a4a758b-e8f6-4bb7-a7d2-6a74cc96391e",
            "id": "4675482",
            "instance_label": "main-api-1",
            "organization_id": "542cc7e3-2143-40ce-90e9-cf69da9b4da6",
            "product_version": "v1",
            "provider_id": null,
            "routing": [
              {
                "label": "read-traffic",
                "rules": {
                  "headers": null,
                  "host": null,
                  "methods": "GET",
                  "path": null
                },
                "upstreams": [
                  {
                    "label": "primary",
                    "tls_context_id": null,
                    "uri": "http://backend-primary.internal:8080",
                    "weight": 90
                  },
                  {
                    "label": "secondary",
                    "tls_context_id": null,
                    "uri": "http://backend-secondary.internal:8080",
                    "weight": 10
                  }
                ]
              },
              {
                "label": "write-traffic",
                "rules": {
                  "headers": null,
                  "host": null,
                  "methods": "POST|PUT|PATCH|DELETE",
                  "path": "/api/*"
                },
                "upstreams": [
                  {
                    "label": "primary",
                    "tls_context_id": null,
                    "uri": "http://backend-primary.internal:8080",
                    "weight": 100
                  }
                ]
              }
            ],
            "spec": {
              "asset_id": "api-test",
              "group_id": "542cc7e3-2143-40ce-90e9-cf69da9b4da6",
              "version": "1.0.0"
            },
            "status": "active",
            "technology": "flexGateway",
            "upstream_uri": null
          },
          "sensitive_attributes": [],
          "identity_schema_version": 0,
          "dependencies": [
            "anypoint_flex_tls_context.flex",
            "anypoint_managed_flexgateway.main",
            "anypoint_secret_group.main",
            "anypoint_secret_group_keystore.tls",
            "anypoint_secret_group_truststore.ca"
          ]
        }
      ]
    },
    {
      "mode": "managed",
      "type": "anypoint_api_instance",
      "name": "main_5",
      "provider": "provider[\"sf.com/mulesoft/anypoint\"]",
      "instances": [
        {
          "schema_version": 0,
          "attributes": {
            "approval_method": "manual",
            "asset_id": "api-test",
            "asset_version": "1.0.0",
            "consumer_endpoint": "https://www.consumerendpoint.com",
            "deployment": {
              "environment_id": "c0c9f7f5-57bb-4333-82d7-dbdcab912234",
              "expected_status": "deployed",
              "gateway_version": "1.12.2",
              "overwrite": false,
              "target_id": "4a4a758b-e8f6-4bb7-a7d2-6a74cc96391e",
              "target_name": "managed-flexgateway-example-1",
              "type": "HY"
            },
            "endpoint": {
              "base_path": "basePath1",
              "deployment_type": "HY",
              "response_timeout": null,
              "type": "http",
              "uri": null
            },
            "environment_id": "c0c9f7f5-57bb-4333-82d7-dbdcab912234",
            "gateway_id": "4a4a758b-e8f6-4bb7-a7d2-6a74cc96391e",
            "id": "4675489",
            "instance_label": "fullConfig",
            "organization_id": "542cc7e3-2143-40ce-90e9-cf69da9b4da6",
            "product_version": "v1",
            "provider_id": null,
            "routing": [
              {
                "label": "read-traffic",
                "rules": {
                  "headers": null,
                  "host": null,
                  "methods": "GET",
                  "path": null
                },
                "upstreams": [
                  {
                    "label": "echo1",
                    "tls_context_id": "79526e24-f522-449c-8555-cd6f5face1b6/49a196c1-ff17-4004-aedf-4a0998f56f7f",
                    "uri": "https://echo.com",
                    "weight": 90
                  },
                  {
                    "label": "echo2",
                    "tls_context_id": "79526e24-f522-449c-8555-cd6f5face1b6/49a196c1-ff17-4004-aedf-4a0998f56f7f",
                    "uri": "https://echo2.com",
                    "weight": 10
                  }
                ]
              },
              {
                "label": "write-traffic",
                "rules": {
                  "headers": null,
                  "host": null,
                  "methods": "POST|PUT|PATCH|DELETE",
                  "path": "/api/*"
                },
                "upstreams": [
                  {
                    "label": "primary",
                    "tls_context_id": null,
                    "uri": "http://backend-primary.internal:8080",
                    "weight": 100
                  }
                ]
              }
            ],
            "spec": {
              "asset_id": "api-test",
              "group_id": "542cc7e3-2143-40ce-90e9-cf69da9b4da6",
              "version": "1.0.0"
            },
            "status": "active",
            "technology": "flexGateway",
            "upstream_uri": null
          },
          "sensitive_attributes": [],
          "identity_schema_version": 0,
          "dependencies": [
            "anypoint_flex_tls_context.flex",
            "anypoint_managed_flexgateway.main",
            "anypoint_secret_group.main",
            "anypoint_secret_group_keystore.tls",
            "anypoint_secret_group_truststore.ca"
          ]
        }
      ]
    },
    {
      "mode": "managed",
      "type": "anypoint_api_instance",
      "name": "minimal",
      "provider": "provider[\"sf.com/mulesoft/anypoint\"]",
      "instances": [
        {
          "schema_version": 0,
          "attributes": {
            "approval_method": null,
            "asset_id": "api-test",
            "asset_version": "1.0.0",
            "consumer_endpoint": null,
            "deployment": {
              "environment_id": "c0c9f7f5-57bb-4333-82d7-dbdcab912234",
              "expected_status": "deployed",
              "gateway_version": "1.12.2",
              "overwrite": false,
              "target_id": "4a4a758b-e8f6-4bb7-a7d2-6a74cc96391e",
              "target_name": "managed-flexgateway-example-1",
              "type": "HY"
            },
            "endpoint": {
              "base_path": "minimal",
              "deployment_type": "HY",
              "response_timeout": null,
              "type": "http",
              "uri": null
            },
            "environment_id": "c0c9f7f5-57bb-4333-82d7-dbdcab912234",
            "gateway_id": "4a4a758b-e8f6-4bb7-a7d2-6a74cc96391e",
            "id": "4675481",
            "instance_label": null,
            "organization_id": "542cc7e3-2143-40ce-90e9-cf69da9b4da6",
            "product_version": "v1",
            "provider_id": null,
            "routing": null,
            "spec": {
              "asset_id": "api-test",
              "group_id": "542cc7e3-2143-40ce-90e9-cf69da9b4da6",
              "version": "1.0.0"
            },
            "status": "active",
            "technology": "flexGateway",
            "upstream_uri": "http://backend.internal:8080"
          },
          "sensitive_attributes": [],
          "identity_schema_version": 0,
          "dependencies": [
            "anypoint_flex_tls_context.flex",
            "anypoint_managed_flexgateway.main",
            "anypoint_secret_group.main",
            "anypoint_secret_group_keystore.tls",
            "anypoint_secret_group_truststore.ca"
          ]
        }
      ]
    },
    {
      "mode": "managed",
      "type": "anypoint_api_instance",
      "name": "simple_with_options",
      "provider": "provider[\"sf.com/mulesoft/anypoint\"]",
      "instances": [
        {
          "schema_version": 0,
          "attributes": {
            "approval_method": "manual",
            "asset_id": "api-test",
            "asset_version": "1.0.0",
            "consumer_endpoint": "https://api.example.com/orders",
            "deployment": {
              "environment_id": "c0c9f7f5-57bb-4333-82d7-dbdcab912234",
              "expected_status": "deployed",
              "gateway_version": "1.12.2",
              "overwrite": false,
              "target_id": "4a4a758b-e8f6-4bb7-a7d2-6a74cc96391e",
              "target_name": "managed-flexgateway-example-1",
              "type": "HY"
            },
            "endpoint": {
              "base_path": "simpleWithOptions",
              "deployment_type": "HY",
              "response_timeout": null,
              "type": "http",
              "uri": null
            },
            "environment_id": "c0c9f7f5-57bb-4333-82d7-dbdcab912234",
            "gateway_id": "4a4a758b-e8f6-4bb7-a7d2-6a74cc96391e",
            "id": "4675479",
            "instance_label": "orders-api",
            "organization_id": "542cc7e3-2143-40ce-90e9-cf69da9b4da6",
            "product_version": "v1",
            "provider_id": null,
            "routing": null,
            "spec": {
              "asset_id": "api-test",
              "group_id": "542cc7e3-2143-40ce-90e9-cf69da9b4da6",
              "version": "1.0.0"
            },
            "status": "active",
            "technology": "flexGateway",
            "upstream_uri": "http://backend.internal:8080"
          },
          "sensitive_attributes": [],
          "identity_schema_version": 0,
          "dependencies": [
            "anypoint_flex_tls_context.flex",
            "anypoint_managed_flexgateway.main",
            "anypoint_secret_group.main",
            "anypoint_secret_group_keystore.tls",
            "anypoint_secret_group_truststore.ca"
          ]
        }
      ]
    },
    {
      "mode": "managed",
      "type": "anypoint_api_instance",
      "name": "single_route",
      "provider": "provider[\"sf.com/mulesoft/anypoint\"]",
      "instances": [
        {
          "schema_version": 0,
          "attributes": {
            "approval_method": null,
            "asset_id": "api-test",
            "asset_version": "1.0.0",
            "consumer_endpoint": null,
            "deployment": {
              "environment_id": "c0c9f7f5-57bb-4333-82d7-dbdcab912234",
              "expected_status": "deployed",
              "gateway_version": "1.12.2",
              "overwrite": false,
              "target_id": "4a4a758b-e8f6-4bb7-a7d2-6a74cc96391e",
              "target_name": "managed-flexgateway-example-1",
              "type": "HY"
            },
            "endpoint": {
              "base_path": "singleRoute",
              "deployment_type": "HY",
              "response_timeout": null,
              "type": "http",
              "uri": null
            },
            "environment_id": "c0c9f7f5-57bb-4333-82d7-dbdcab912234",
            "gateway_id": "4a4a758b-e8f6-4bb7-a7d2-6a74cc96391e",
            "id": "4675480",
            "instance_label": null,
            "organization_id": "542cc7e3-2143-40ce-90e9-cf69da9b4da6",
            "product_version": "v1",
            "provider_id": null,
            "routing": [
              {
                "label": "default",
                "rules": null,
                "upstreams": [
                  {
                    "label": "primary",
                    "tls_context_id": null,
                    "uri": "http://backend.internal:8080",
                    "weight": 100
                  }
                ]
              }
            ],
            "spec": {
              "asset_id": "api-test",
              "group_id": "542cc7e3-2143-40ce-90e9-cf69da9b4da6",
              "version": "1.0.0"
            },
            "status": "active",
            "technology": "flexGateway",
            "upstream_uri": null
          },
          "sensitive_attributes": [],
          "identity_schema_version": 0,
          "dependencies": [
            "anypoint_flex_tls_context.flex",
            "anypoint_managed_flexgateway.main",
            "anypoint_secret_group.main",
            "anypoint_secret_group_keystore.tls",
            "anypoint_secret_group_truststore.ca"
          ]
        }
      ]
    },
    {
      "mode": "managed",
      "type": "anypoint_api_instance",
      "name": "weighted_routing",
      "provider": "provider[\"sf.com/mulesoft/anypoint\"]",
      "instances": [
        {
          "schema_version": 0,
          "attributes": {
            "approval_method": null,
            "asset_id": "api-test",
            "asset_version": "1.0.0",
            "consumer_endpoint": null,
            "deployment": {
              "environment_id": "c0c9f7f5-57bb-4333-82d7-dbdcab912234",
              "expected_status": "deployed",
              "gateway_version": "1.12.2",
              "overwrite": false,
              "target_id": "4a4a758b-e8f6-4bb7-a7d2-6a74cc96391e",
              "target_name": "managed-flexgateway-example-1",
              "type": "HY"
            },
            "endpoint": {
              "base_path": "weightedRouting",
              "deployment_type": "HY",
              "response_timeout": null,
              "type": "http",
              "uri": null
            },
            "environment_id": "c0c9f7f5-57bb-4333-82d7-dbdcab912234",
            "gateway_id": "4a4a758b-e8f6-4bb7-a7d2-6a74cc96391e",
            "id": "4675484",
            "instance_label": null,
            "organization_id": "542cc7e3-2143-40ce-90e9-cf69da9b4da6",
            "product_version": "v1",
            "provider_id": null,
            "routing": [
              {
                "label": "canary",
                "rules": null,
                "upstreams": [
                  {
                    "label": "stable",
                    "tls_context_id": null,
                    "uri": "http://backend-stable.internal:8080",
                    "weight": 90
                  },
                  {
                    "label": "canary",
                    "tls_context_id": null,
                    "uri": "http://backend-canary.internal:8080",
                    "weight": 10
                  }
                ]
              }
            ],
            "spec": {
              "asset_id": "api-test",
              "group_id": "542cc7e3-2143-40ce-90e9-cf69da9b4da6",
              "version": "1.0.0"
            },
            "status": "active",
            "technology": "flexGateway",
            "upstream_uri": null
          },
          "sensitive_attributes": [],
          "identity_schema_version": 0,
          "dependencies": [
            "anypoint_flex_tls_context.flex",
            "anypoint_managed_flexgateway.main",
            "anypoint_secret_group.main",
            "anypoint_secret_group_keystore.tls",
            "anypoint_secret_group_truststore.ca"
          ]
        }
      ]
    },
    {
      "mode": "managed",
      "type": "anypoint_api_instance_alert",
      "name": "request_count",
      "provider": "provider[\"sf.com/mulesoft/anypoint\"]",
      "instances": [
        {
          "schema_version": 0,
          "attributes": {
            "api_instance_id": "4675482",
            "condition": {
              "interval": 5,
              "operator": "above",
              "threshold": 99
            },
            "deployment_type": "HY",
            "environment_id": "c0c9f7f5-57bb-4333-82d7-dbdcab912234",
            "id": "cade354a-0e07-42e2-a039-f9f0fae996e1",
            "metric_type": "api_request_count",
            "name": "alert-1",
            "notifications": [
              {
                "message": "Hello,\nYou are receiving this alert because:\n The API ${api} has ${condition} of ${value} at ${timestamp}.\nThe API has reached the threshold based on ${condition} is ${operator} ${threshold} for ${period}.\n\nEnvironment: ${environment}\n${dashboardLink}\n${apiLink}\n",
                "recipients": [
                  "admin@example.com"
                ],
                "subject": "${severity}: ${api} ${condition}",
                "type": "email"
              }
            ],
            "organization_id": "542cc7e3-2143-40ce-90e9-cf69da9b4da6",
            "resource_type": "api",
            "severity": "warning",
            "type": "basic",
            "wildcard_alert": false
          },
          "sensitive_attributes": [],
          "identity_schema_version": 0,
          "dependencies": [
            "anypoint_api_instance.main",
            "anypoint_flex_tls_context.flex",
            "anypoint_managed_flexgateway.main",
            "anypoint_secret_group.main",
            "anypoint_secret_group_keystore.tls",
            "anypoint_secret_group_truststore.ca"
          ]
        }
      ]
    },
    {
      "mode": "managed",
      "type": "anypoint_api_instance_promotion",
      "name": "to_production",
      "provider": "provider[\"sf.com/mulesoft/anypoint\"]",
      "instances": [
        {
          "schema_version": 0,
          "attributes": {
            "asset_id": "api-test",
            "asset_version": "1.0.0",
            "autodiscovery_instance_name": "v1:4675485",
            "environment_id": "448ec638-4283-40e3-ba3a-d1db2b63e02d",
            "group_id": "542cc7e3-2143-40ce-90e9-cf69da9b4da6",
            "id": "4675485",
            "include_alerts": true,
            "include_policies": true,
            "include_tiers": true,
            "instance_label": null,
            "organization_id": "542cc7e3-2143-40ce-90e9-cf69da9b4da6",
            "product_version": "v1",
            "source_api_id": 4675482,
            "status": "unregistered",
            "technology": "flexGateway"
          },
          "sensitive_attributes": [],
          "identity_schema_version": 0,
          "dependencies": [
            "anypoint_api_instance.main",
            "anypoint_flex_tls_context.flex",
            "anypoint_managed_flexgateway.main",
            "anypoint_secret_group.main",
            "anypoint_secret_group_keystore.tls",
            "anypoint_secret_group_truststore.ca"
          ]
        }
      ]
    },
    {
      "mode": "managed",
      "type": "anypoint_api_instance_sla_tier",
      "name": "tier1",
      "provider": "provider[\"sf.com/mulesoft/anypoint\"]",
      "instances": [
        {
          "schema_version": 0,
          "attributes": {
            "api_instance_id": "4675482",
            "auto_approve": false,
            "description": "SLA Tier1",
            "environment_id": "c0c9f7f5-57bb-4333-82d7-dbdcab912234",
            "id": "1654062",
            "limits": [
              {
                "maximum_requests": 10,
                "time_period_in_milliseconds": 60000,
                "visible": true
              },
              {
                "maximum_requests": 5,
                "time_period_in_milliseconds": 1000,
                "visible": true
              }
            ],
            "name": "Tier1",
            "organization_id": "542cc7e3-2143-40ce-90e9-cf69da9b4da6",
            "status": "ACTIVE"
          },
          "sensitive_attributes": [],
          "identity_schema_version": 0,
          "dependencies": [
            "anypoint_api_instance.main",
            "anypoint_flex_tls_context.flex",
            "anypoint_managed_flexgateway.main",
            "anypoint_secret_group.main",
            "anypoint_secret_group_keystore.tls",
            "anypoint_secret_group_truststore.ca"
          ]
        }
      ]
    },
    {
      "mode": "managed",
      "type": "anypoint_api_policy_access_block",
      "name": "access_block",
      "provider": "provider[\"sf.com/mulesoft/anypoint\"]",
      "instances": [
        {
          "schema_version": 0,
          "attributes": {
            "api_instance_id": "4675482",
            "asset_version": "1.0.0",
            "configuration": {},
            "disabled": true,
            "environment_id": "c0c9f7f5-57bb-4333-82d7-dbdcab912234",
            "id": "5973697",
            "label": "block-all",
            "order": 23,
            "organization_id": "542cc7e3-2143-40ce-90e9-cf69da9b4da6",
            "policy_template_id": "1143",
            "upstream_ids": []
          },
          "sensitive_attributes": [],
          "identity_schema_version": 0,
          "dependencies": [
            "anypoint_api_instance.main",
            "anypoint_flex_tls_context.flex",
            "anypoint_managed_flexgateway.main",
            "anypoint_secret_group.main",
            "anypoint_secret_group_keystore.tls",
            "anypoint_secret_group_truststore.ca"
          ]
        }
      ]
    },
    {
      "mode": "managed",
      "type": "anypoint_api_policy_agent_connection_telemetry",
      "name": "agent_connection_telemetry",
      "provider": "provider[\"sf.com/mulesoft/anypoint\"]",
      "instances": [
        {
          "schema_version": 0,
          "attributes": {
            "api_instance_id": "4675482",
            "asset_version": "1.0.0",
            "configuration": {
              "source_agent_id": "#[attributes.headers['X-ANYPOINT-API-INSTANCE-ID']]"
            },
            "disabled": false,
            "environment_id": "c0c9f7f5-57bb-4333-82d7-dbdcab912234",
            "id": "5973698",
            "label": "agent-telemetry",
            "order": 24,
            "organization_id": "542cc7e3-2143-40ce-90e9-cf69da9b4da6",
            "policy_template_id": "1139",
            "upstream_ids": []
          },
          "sensitive_attributes": [],
          "identity_schema_version": 0,
          "dependencies": [
            "anypoint_api_instance.main",
            "anypoint_flex_tls_context.flex",
            "anypoint_managed_flexgateway.main",
            "anypoint_secret_group.main",
            "anypoint_secret_group_keystore.tls",
            "anypoint_secret_group_truststore.ca"
          ]
        }
      ]
    },
    {
      "mode": "managed",
      "type": "anypoint_api_policy_body_transformation",
      "name": "body_transformation",
      "provider": "provider[\"sf.com/mulesoft/anypoint\"]",
      "instances": [
        {
          "schema_version": 0,
          "attributes": {
            "api_instance_id": "4675482",
            "asset_version": "1.0.0-20260127.133848",
            "configuration": {
              "request_flow": "onRequest",
              "script": "asdasdsdewre"
            },
            "disabled": false,
            "environment_id": "c0c9f7f5-57bb-4333-82d7-dbdcab912234",
            "id": "5973715",
            "label": "body-transform",
            "order": 29,
            "organization_id": "542cc7e3-2143-40ce-90e9-cf69da9b4da6",
            "policy_template_id": "1883",
            "upstream_ids": []
          },
          "sensitive_attributes": [],
          "identity_schema_version": 0,
          "dependencies": [
            "anypoint_api_instance.main",
            "anypoint_flex_tls_context.flex",
            "anypoint_managed_flexgateway.main",
            "anypoint_secret_group.main",
            "anypoint_secret_group_keystore.tls",
            "anypoint_secret_group_truststore.ca"
          ]
        }
      ]
    },
    {
      "mode": "managed",
      "type": "anypoint_api_policy_client_id_enforcement",
      "name": "client_id_enforcement",
      "provider": "provider[\"sf.com/mulesoft/anypoint\"]",
      "instances": [
        {
          "schema_version": 0,
          "attributes": {
            "api_instance_id": "4675482",
            "asset_version": "1.3.3",
            "configuration": {
              "client_id_expression": "#[attributes.headers['client_id']]",
              "client_secret_expression": "#[attributes.headers['client_secret']]",
              "credentials_origin_has_http_basic_authentication_header": "customExpression"
            },
            "disabled": false,
            "environment_id": "c0c9f7f5-57bb-4333-82d7-dbdcab912234",
            "id": "5973699",
            "label": "client-id-check",
            "order": 4,
            "organization_id": "542cc7e3-2143-40ce-90e9-cf69da9b4da6",
            "policy_template_id": "1137",
            "upstream_ids": []
          },
          "sensitive_attributes": [],
          "identity_schema_version": 0,
          "dependencies": [
            "anypoint_api_instance.main",
            "anypoint_flex_tls_context.flex",
            "anypoint_managed_flexgateway.main",
            "anypoint_secret_group.main",
            "anypoint_secret_group_keystore.tls",
            "anypoint_secret_group_truststore.ca"
          ]
        }
      ]
    },
    {
      "mode": "managed",
      "type": "anypoint_api_policy_cors",
      "name": "cors",
      "provider": "provider[\"sf.com/mulesoft/anypoint\"]",
      "instances": [
        {
          "schema_version": 0,
          "attributes": {
            "api_instance_id": "4675482",
            "asset_version": "1.3.2",
            "configuration": {
              "origin_groups": {
                "value": [],
                "type": [
                  "tuple",
                  []
                ]
              },
              "public_resource": true,
              "support_credentials": false
            },
            "disabled": false,
            "environment_id": "c0c9f7f5-57bb-4333-82d7-dbdcab912234",
            "id": "5973709",
            "label": "cors-public",
            "order": 12,
            "organization_id": "542cc7e3-2143-40ce-90e9-cf69da9b4da6",
            "policy_template_id": "1161",
            "upstream_ids": []
          },
          "sensitive_attributes": [],
          "identity_schema_version": 0,
          "dependencies": [
            "anypoint_api_instance.main",
            "anypoint_flex_tls_context.flex",
            "anypoint_managed_flexgateway.main",
            "anypoint_secret_group.main",
            "anypoint_secret_group_keystore.tls",
            "anypoint_secret_group_truststore.ca"
          ]
        }
      ]
    },
    {
      "mode": "managed",
      "type": "anypoint_api_policy_dataweave_body_transformation",
      "name": "dataweave_body_transformation",
      "provider": "provider[\"sf.com/mulesoft/anypoint\"]",
      "instances": [
        {
          "schema_version": 0,
          "attributes": {
            "api_instance_id": "4675482",
            "asset_version": "1.0.0",
            "configuration": {
              "request_flow": "onResponse",
              "script": "%dw 2.0\noutput application/json\n---\npayload\n"
            },
            "disabled": false,
            "environment_id": "c0c9f7f5-57bb-4333-82d7-dbdcab912234",
            "id": "5973719",
            "label": "dw-body-transform",
            "order": 31,
            "organization_id": "542cc7e3-2143-40ce-90e9-cf69da9b4da6",
            "policy_template_id": "1977",
            "upstream_ids": []
          },
          "sensitive_attributes": [],
          "identity_schema_version": 0,
          "dependencies": [
            "anypoint_api_instance.main",
            "anypoint_flex_tls_context.flex",
            "anypoint_managed_flexgateway.main",
            "anypoint_secret_group.main",
            "anypoint_secret_group_keystore.tls",
            "anypoint_secret_group_truststore.ca"
          ]
        }
      ]
    },
    {
      "mode": "managed",
      "type": "anypoint_api_policy_dataweave_headers_transformation",
      "name": "dataweave_headers_transformation",
      "provider": "provider[\"sf.com/mulesoft/anypoint\"]",
      "instances": [
        {
          "schema_version": 0,
          "attributes": {
            "api_instance_id": "4675482",
            "asset_version": "1.0.0",
            "configuration": {
              "request_flow": "onRequest",
              "requires_payload": true,
              "script": "%dw 2.0\noutput application/json\n---\nattributes.headers ++ {\n  \"client_id\": payload.id,\n  \"client_secret\": payload.secret\n}\n"
            },
            "disabled": false,
            "environment_id": "c0c9f7f5-57bb-4333-82d7-dbdcab912234",
            "id": "5973696",
            "label": "dw-headers-transform",
            "order": 32,
            "organization_id": "542cc7e3-2143-40ce-90e9-cf69da9b4da6",
            "policy_template_id": "1978",
            "upstream_ids": []
          },
          "sensitive_attributes": [],
          "identity_schema_version": 0,
          "dependencies": [
            "anypoint_api_instance.main",
            "anypoint_flex_tls_context.flex",
            "anypoint_managed_flexgateway.main",
            "anypoint_secret_group.main",
            "anypoint_secret_group_keystore.tls",
            "anypoint_secret_group_truststore.ca"
          ]
        }
      ]
    },
    {
      "mode": "managed",
      "type": "anypoint_api_policy_dataweave_request_filter",
      "name": "dataweave_request_filter",
      "provider": "provider[\"sf.com/mulesoft/anypoint\"]",
      "instances": [
        {
          "schema_version": 0,
          "attributes": {
            "api_instance_id": "4675482",
            "asset_version": "1.0.0",
            "configuration": {
              "requires_payload": true,
              "script": "%dw 2.0\noutput application/json\n---\nif (attributes.headers['client-id'] != null)\n  {\n    'success': true\n  }\nelse\n  {\n    'success': false,\n    'response': {\n      'statusCode': 401,\n      'body': 'Error: client-id header is required',\n      'headers': {\n          'www-authenticate': 'custom'\n      }\n    }\n  }\n"
            },
            "disabled": false,
            "environment_id": "c0c9f7f5-57bb-4333-82d7-dbdcab912234",
            "id": "5973693",
            "label": "dw-filter",
            "order": 28,
            "organization_id": "542cc7e3-2143-40ce-90e9-cf69da9b4da6",
            "policy_template_id": "1979",
            "upstream_ids": []
          },
          "sensitive_attributes": [],
          "identity_schema_version": 0,
          "dependencies": [
            "anypoint_api_instance.main",
            "anypoint_flex_tls_context.flex",
            "anypoint_managed_flexgateway.main",
            "anypoint_secret_group.main",
            "anypoint_secret_group_keystore.tls",
            "anypoint_secret_group_truststore.ca"
          ]
        }
      ]
    },
    {
      "mode": "managed",
      "type": "anypoint_api_policy_header_injection",
      "name": "header_injection",
      "provider": "provider[\"sf.com/mulesoft/anypoint\"]",
      "instances": [
        {
          "schema_version": 0,
          "attributes": {
            "api_instance_id": "4675482",
            "asset_version": "1.3.2",
            "configuration": {
              "inbound_headers": {
                "value": [
                  {
                    "key": "header-1",
                    "value": "value-1"
                  },
                  {
                    "key": "header-2",
                    "value": "value-2"
                  }
                ],
                "type": [
                  "tuple",
                  [
                    [
                      "object",
                      {
                        "key": "string",
                        "value": "string"
                      }
                    ],
                    [
                      "object",
                      {
                        "key": "string",
                        "value": "string"
                      }
                    ]
                  ]
                ]
              },
              "outbound_headers": {
                "value": [
                  {
                    "key": "header-3",
                    "value": "value-3"
                  },
                  {
                    "key": "header-4",
                    "value": "value-4"
                  }
                ],
                "type": [
                  "tuple",
                  [
                    [
                      "object",
                      {
                        "key": "string",
                        "value": "string"
                      }
                    ],
                    [
                      "object",
                      {
                        "key": "string",
                        "value": "string"
                      }
                    ]
                  ]
                ]
              }
            },
            "disabled": false,
            "environment_id": "c0c9f7f5-57bb-4333-82d7-dbdcab912234",
            "id": "5973692",
            "label": "inject-headers",
            "order": 14,
            "organization_id": "542cc7e3-2143-40ce-90e9-cf69da9b4da6",
            "policy_template_id": "1142",
            "upstream_ids": []
          },
          "sensitive_attributes": [],
          "identity_schema_version": 0,
          "dependencies": [
            "anypoint_api_instance.main",
            "anypoint_flex_tls_context.flex",
            "anypoint_managed_flexgateway.main",
            "anypoint_secret_group.main",
            "anypoint_secret_group_keystore.tls",
            "anypoint_secret_group_truststore.ca"
          ]
        }
      ]
    },
    {
      "mode": "managed",
      "type": "anypoint_api_policy_header_removal",
      "name": "header_removal",
      "provider": "provider[\"sf.com/mulesoft/anypoint\"]",
      "instances": [
        {
          "schema_version": 0,
          "attributes": {
            "api_instance_id": "4675482",
            "asset_version": "1.1.2",
            "configuration": {
              "inbound_headers": {
                "value": [
                  "X-Internal-Debug",
                  "X-Temp-Token"
                ],
                "type": [
                  "tuple",
                  [
                    "string",
                    "string"
                  ]
                ]
              },
              "outbound_headers": {
                "value": [
                  "Server",
                  "X-Powered-By"
                ],
                "type": [
                  "tuple",
                  [
                    "string",
                    "string"
                  ]
                ]
              }
            },
            "disabled": false,
            "environment_id": "c0c9f7f5-57bb-4333-82d7-dbdcab912234",
            "id": "5973704",
            "label": "strip-internal-headers",
            "order": 15,
            "organization_id": "542cc7e3-2143-40ce-90e9-cf69da9b4da6",
            "policy_template_id": "1156",
            "upstream_ids": []
          },
          "sensitive_attributes": [],
          "identity_schema_version": 0,
          "dependencies": [
            "anypoint_api_instance.main",
            "anypoint_flex_tls_context.flex",
            "anypoint_managed_flexgateway.main",
            "anypoint_secret_group.main",
            "anypoint_secret_group_keystore.tls",
            "anypoint_secret_group_truststore.ca"
          ]
        }
      ]
    },
    {
      "mode": "managed",
      "type": "anypoint_api_policy_header_transformation",
      "name": "header_transformation",
      "provider": "provider[\"sf.com/mulesoft/anypoint\"]",
      "instances": [
        {
          "schema_version": 0,
          "attributes": {
            "api_instance_id": "4675482",
            "asset_version": "1.0.0-20260127.134148",
            "configuration": {
              "request_flow": "onResponse",
              "requires_payload": true,
              "script": "asdadasdsa"
            },
            "disabled": false,
            "environment_id": "c0c9f7f5-57bb-4333-82d7-dbdcab912234",
            "id": "5973712",
            "label": "header-transform",
            "order": 30,
            "organization_id": "542cc7e3-2143-40ce-90e9-cf69da9b4da6",
            "policy_template_id": "1884",
            "upstream_ids": []
          },
          "sensitive_attributes": [],
          "identity_schema_version": 0,
          "dependencies": [
            "anypoint_api_instance.main",
            "anypoint_flex_tls_context.flex",
            "anypoint_managed_flexgateway.main",
            "anypoint_secret_group.main",
            "anypoint_secret_group_keystore.tls",
            "anypoint_secret_group_truststore.ca"
          ]
        }
      ]
    },
    {
      "mode": "managed",
      "type": "anypoint_api_policy_health_check",
      "name": "health_check",
      "provider": "provider[\"sf.com/mulesoft/anypoint\"]",
      "instances": [
        {
          "schema_version": 0,
          "attributes": {
            "api_instance_id": "4675482",
            "asset_version": "1.0.1",
            "configuration": {
              "endpoint": "http://www.google.com",
              "path": "/status",
              "status_code": "200"
            },
            "disabled": false,
            "environment_id": "c0c9f7f5-57bb-4333-82d7-dbdcab912234",
            "id": "5973722",
            "label": "health-200",
            "order": 20,
            "organization_id": "542cc7e3-2143-40ce-90e9-cf69da9b4da6",
            "policy_template_id": "1163",
            "upstream_ids": []
          },
          "sensitive_attributes": [],
          "identity_schema_version": 0,
          "dependencies": [
            "anypoint_api_instance.main",
            "anypoint_flex_tls_context.flex",
            "anypoint_managed_flexgateway.main",
            "anypoint_secret_group.main",
            "anypoint_secret_group_keystore.tls",
            "anypoint_secret_group_truststore.ca"
          ]
        }
      ]
    },
    {
      "mode": "managed",
      "type": "anypoint_api_policy_http_basic_authentication",
      "name": "http_basic_auth",
      "provider": "provider[\"sf.com/mulesoft/anypoint\"]",
      "instances": [
        {
          "schema_version": 0,
          "attributes": {
            "api_instance_id": "4675482",
            "asset_version": "1.3.2",
            "configuration": {
              "password": "admin",
              "username": "admin"
            },
            "disabled": true,
            "environment_id": "c0c9f7f5-57bb-4333-82d7-dbdcab912234",
            "id": "5973700",
            "label": "basic-auth",
            "order": 16,
            "organization_id": "542cc7e3-2143-40ce-90e9-cf69da9b4da6",
            "policy_template_id": "520",
            "upstream_ids": []
          },
          "sensitive_attributes": [],
          "identity_schema_version": 0,
          "dependencies": [
            "anypoint_api_instance.main",
            "anypoint_flex_tls_context.flex",
            "anypoint_managed_flexgateway.main",
            "anypoint_secret_group.main",
            "anypoint_secret_group_keystore.tls",
            "anypoint_secret_group_truststore.ca"
          ]
        }
      ]
    },
    {
      "mode": "managed",
      "type": "anypoint_api_policy_http_caching",
      "name": "http_caching",
      "provider": "provider[\"sf.com/mulesoft/anypoint\"]",
      "instances": [
        {
          "schema_version": 0,
          "attributes": {
            "api_instance_id": "4675482",
            "asset_version": "1.1.1",
            "configuration": {
              "distributed": true,
              "http_caching_key": "#[attributes.requestPath]",
              "invalidation_header": "invalidation-header",
              "max_cache_entries": 10000,
              "persist_cache": true,
              "request_expression": "#[attributes.method == 'GET' or attributes.method == 'HEAD']",
              "response_expression": "#[[200, 203, 204, 206, 300, 301, 404, 405, 410, 414, 501] contains attributes.statusCode]",
              "ttl": 600,
              "use_http_cache_headers": true
            },
            "disabled": false,
            "environment_id": "c0c9f7f5-57bb-4333-82d7-dbdcab912234",
            "id": "5973701",
            "label": "cache-600s",
            "order": 21,
            "organization_id": "542cc7e3-2143-40ce-90e9-cf69da9b4da6",
            "policy_template_id": "1168",
            "upstream_ids": []
          },
          "sensitive_attributes": [],
          "identity_schema_version": 0,
          "dependencies": [
            "anypoint_api_instance.main",
            "anypoint_flex_tls_context.flex",
            "anypoint_managed_flexgateway.main",
            "anypoint_secret_group.main",
            "anypoint_secret_group_keystore.tls",
            "anypoint_secret_group_truststore.ca"
          ]
        }
      ]
    },
    {
      "mode": "managed",
      "type": "anypoint_api_policy_injection_protection",
      "name": "injection_protection",
      "provider": "provider[\"sf.com/mulesoft/anypoint\"]",
      "instances": [
        {
          "schema_version": 0,
          "attributes": {
            "api_instance_id": "4675482",
            "asset_version": "1.0.0",
            "configuration": {
              "built_in_protections": {
                "value": [
                  "xss",
                  "sql"
                ],
                "type": [
                  "tuple",
                  [
                    "string",
                    "string"
                  ]
                ]
              },
              "custom_protections": {
                "value": [
                  {
                    "name": "custom-rule-1",
                    "regex": "abcd*"
                  }
                ],
                "type": [
                  "tuple",
                  [
                    [
                      "object",
                      {
                        "name": "string",
                        "regex": "string"
                      }
                    ]
                  ]
                ]
              },
              "protect_body": true,
              "protect_headers": true,
              "protect_path_and_query": true,
              "reject_requests": true
            },
            "disabled": false,
            "environment_id": "c0c9f7f5-57bb-4333-82d7-dbdcab912234",
            "id": "5973694",
            "label": "injection-protect",
            "order": 27,
            "organization_id": "542cc7e3-2143-40ce-90e9-cf69da9b4da6",
            "policy_template_id": "1951",
            "upstream_ids": []
          },
          "sensitive_attributes": [],
          "identity_schema_version": 0,
          "dependencies": [
            "anypoint_api_instance.main",
            "anypoint_flex_tls_context.flex",
            "anypoint_managed_flexgateway.main",
            "anypoint_secret_group.main",
            "anypoint_secret_group_keystore.tls",
            "anypoint_secret_group_truststore.ca"
          ]
        }
      ]
    },
    {
      "mode": "managed",
      "type": "anypoint_api_policy_ip_allowlist",
      "name": "ip_allowlist",
      "provider": "provider[\"sf.com/mulesoft/anypoint\"]",
      "instances": [
        {
          "schema_version": 0,
          "attributes": {
            "api_instance_id": "4675482",
            "asset_version": "1.1.2",
            "configuration": {
              "ip_expression": "#[attributes.headers['x-forwarded-for']]",
              "ips": {
                "value": [
                  "192.168.0.1/16",
                  "10.0.0.1"
                ],
                "type": [
                  "tuple",
                  [
                    "string",
                    "string"
                  ]
                ]
              },
              "methods_string": null
            },
            "disabled": false,
            "environment_id": "c0c9f7f5-57bb-4333-82d7-dbdcab912234",
            "id": "5973708",
            "label": "allow-private-subnets",
            "order": 6,
            "organization_id": "542cc7e3-2143-40ce-90e9-cf69da9b4da6",
            "policy_template_id": "1173",
            "upstream_ids": []
          },
          "sensitive_attributes": [],
          "identity_schema_version": 0,
          "dependencies": [
            "anypoint_api_instance.main",
            "anypoint_flex_tls_context.flex",
            "anypoint_managed_flexgateway.main",
            "anypoint_secret_group.main",
            "anypoint_secret_group_keystore.tls",
            "anypoint_secret_group_truststore.ca"
          ]
        }
      ]
    },
    {
      "mode": "managed",
      "type": "anypoint_api_policy_ip_blocklist",
      "name": "ip_blocklist",
      "provider": "provider[\"sf.com/mulesoft/anypoint\"]",
      "instances": [
        {
          "schema_version": 0,
          "attributes": {
            "api_instance_id": "4675482",
            "asset_version": "1.1.2",
            "configuration": {
              "ip_expression": "#[attributes.headers['x-forwarded-for']]",
              "ips": {
                "value": [
                  "108.1.12.12",
                  "109.2.2.2"
                ],
                "type": [
                  "tuple",
                  [
                    "string",
                    "string"
                  ]
                ]
              },
              "methods_string": null
            },
            "disabled": false,
            "environment_id": "c0c9f7f5-57bb-4333-82d7-dbdcab912234",
            "id": "5973711",
            "label": "block-bad-actors",
            "order": 7,
            "organization_id": "542cc7e3-2143-40ce-90e9-cf69da9b4da6",
            "policy_template_id": "1166",
            "upstream_ids": []
          },
          "sensitive_attributes": [],
          "identity_schema_version": 0,
          "dependencies": [
            "anypoint_api_instance.main",
            "anypoint_flex_tls_context.flex",
            "anypoint_managed_flexgateway.main",
            "anypoint_secret_group.main",
            "anypoint_secret_group_keystore.tls",
            "anypoint_secret_group_truststore.ca"
          ]
        }
      ]
    },
    {
      "mode": "managed",
      "type": "anypoint_api_policy_json_threat_protection",
      "name": "json_threat_protection",
      "provider": "provider[\"sf.com/mulesoft/anypoint\"]",
      "instances": [
        {
          "schema_version": 0,
          "attributes": {
            "api_instance_id": "4675482",
            "asset_version": "1.2.1",
            "configuration": {
              "max_array_element_count": -1,
              "max_container_depth": -1,
              "max_object_entry_count": -1,
              "max_object_entry_name_length": -1,
              "max_string_value_length": -1
            },
            "disabled": false,
            "environment_id": "c0c9f7f5-57bb-4333-82d7-dbdcab912234",
            "id": "5973713",
            "label": "json-limits",
            "order": 8,
            "organization_id": "542cc7e3-2143-40ce-90e9-cf69da9b4da6",
            "policy_template_id": "1165",
            "upstream_ids": []
          },
          "sensitive_attributes": [],
          "identity_schema_version": 0,
          "dependencies": [
            "anypoint_api_instance.main",
            "anypoint_flex_tls_context.flex",
            "anypoint_managed_flexgateway.main",
            "anypoint_secret_group.main",
            "anypoint_secret_group_keystore.tls",
            "anypoint_secret_group_truststore.ca"
          ]
        }
      ]
    },
    {
      "mode": "managed",
      "type": "anypoint_api_policy_jwt_validation",
      "name": "jwt_validation",
      "provider": "provider[\"sf.com/mulesoft/anypoint\"]",
      "instances": [
        {
          "schema_version": 0,
          "attributes": {
            "api_instance_id": "4675482",
            "asset_version": "0.12.0",
            "configuration": {
              "claims_to_headers": {
                "value": [],
                "type": [
                  "tuple",
                  []
                ]
              },
              "client_id_expression": "#[vars.claimSet.client_id]",
              "custom_key_expression": "#[authentication.properties['key_to_your_public_pem_certificate']]",
              "jwks_service_connection_timeout": 10000,
              "jwks_service_time_to_live": 60,
              "jwks_url": "http://your-jwks-service.example:80/base/path",
              "jwt_expression": "#[attributes.headers['jwt']]",
              "jwt_key_origin": "text",
              "jwt_origin": "httpBearerAuthenticationHeader",
              "mandatory_aud_claim": true,
              "mandatory_custom_claims": {
                "value": [],
                "type": [
                  "tuple",
                  []
                ]
              },
              "mandatory_exp_claim": true,
              "mandatory_nbf_claim": true,
              "non_mandatory_custom_claims": {
                "value": [],
                "type": [
                  "tuple",
                  []
                ]
              },
              "signing_key_length": 256,
              "signing_method": "rsa",
              "skip_client_id_validation": false,
              "supported_audiences": "aud.example.com",
              "text_key": "your-(256|384|512)-bit-secret",
              "validate_aud_claim": true,
              "validate_custom_claim": true
            },
            "disabled": true,
            "environment_id": "c0c9f7f5-57bb-4333-82d7-dbdcab912234",
            "id": "5973702",
            "label": "jwt-rsa",
            "order": 5,
            "organization_id": "542cc7e3-2143-40ce-90e9-cf69da9b4da6",
            "policy_template_id": "810",
            "upstream_ids": []
          },
          "sensitive_attributes": [],
          "identity_schema_version": 0,
          "dependencies": [
            "anypoint_api_instance.main",
            "anypoint_flex_tls_context.flex",
            "anypoint_managed_flexgateway.main",
            "anypoint_secret_group.main",
            "anypoint_secret_group_keystore.tls",
            "anypoint_secret_group_truststore.ca"
          ]
        }
      ]
    },
    {
      "mode": "managed",
      "type": "anypoint_api_policy_ldap_authentication",
      "name": "ldap_auth",
      "provider": "provider[\"sf.com/mulesoft/anypoint\"]",
      "instances": [
        {
          "schema_version": 0,
          "attributes": {
            "api_instance_id": "4675482",
            "asset_version": "1.4.1",
            "configuration": {
              "ldap_search_base": "ou=People,dc=acme,dc=org",
              "ldap_search_filter": "(uid={0})",
              "ldap_search_in_subtree": true,
              "ldap_server_url": "ldap-server.com:9090",
              "ldap_server_user_dn": "ldapuserdn",
              "ldap_server_user_password": "Admin"
            },
            "disabled": true,
            "environment_id": "c0c9f7f5-57bb-4333-82d7-dbdcab912234",
            "id": "5973710",
            "label": "ldap-auth",
            "order": 24,
            "organization_id": "542cc7e3-2143-40ce-90e9-cf69da9b4da6",
            "policy_template_id": "1169",
            "upstream_ids": []
          },
          "sensitive_attributes": [],
          "identity_schema_version": 0,
          "dependencies": [
            "anypoint_api_instance.main",
            "anypoint_flex_tls_context.flex",
            "anypoint_managed_flexgateway.main",
            "anypoint_secret_group.main",
            "anypoint_secret_group_keystore.tls",
            "anypoint_secret_group_truststore.ca"
          ]
        }
      ]
    },
    {
      "mode": "managed",
      "type": "anypoint_api_policy_message_logging",
      "name": "message_logging",
      "provider": "provider[\"sf.com/mulesoft/anypoint\"]",
      "instances": [
        {
          "schema_version": 0,
          "attributes": {
            "api_instance_id": "4675482",
            "asset_version": "2.0.2",
            "configuration": {
              "logging_configuration": {
                "value": [
                  {
                    "item_data": {
                      "category": "log1",
                      "conditional": "#[attributes.headers['id']==1]",
                      "first_section": true,
                      "level": "INFO",
                      "message": "#[attributes.headers['id']]",
                      "second_section": true
                    },
                    "item_name": "Default configuration -1"
                  }
                ],
                "type": [
                  "tuple",
                  [
                    [
                      "object",
                      {
                        "item_data": [
                          "object",
                          {
                            "category": "string",
                            "conditional": "string",
                            "first_section": "bool",
                            "level": "string",
                            "message": "string",
                            "second_section": "bool"
                          }
                        ],
                        "item_name": "string"
                      }
                    ]
                  ]
                ]
              }
            },
            "disabled": false,
            "environment_id": "c0c9f7f5-57bb-4333-82d7-dbdcab912234",
            "id": "5973721",
            "label": "request-logger",
            "order": 13,
            "organization_id": "542cc7e3-2143-40ce-90e9-cf69da9b4da6",
            "policy_template_id": "1172",
            "upstream_ids": []
          },
          "sensitive_attributes": [],
          "identity_schema_version": 0,
          "dependencies": [
            "anypoint_api_instance.main",
            "anypoint_flex_tls_context.flex",
            "anypoint_managed_flexgateway.main",
            "anypoint_secret_group.main",
            "anypoint_secret_group_keystore.tls",
            "anypoint_secret_group_truststore.ca"
          ]
        }
      ]
    },
    {
      "mode": "managed",
      "type": "anypoint_api_policy_native_ext_authz",
      "name": "ext_authz",
      "provider": "provider[\"sf.com/mulesoft/anypoint\"]",
      "instances": [
        {
          "schema_version": 0,
          "attributes": {
            "api_instance_id": "4675482",
            "asset_version": "1.2.1",
            "configuration": {
              "allowed_headers": {
                "value": [
                  "allowed-head-1"
                ],
                "type": [
                  "tuple",
                  [
                    "string"
                  ]
                ]
              },
              "include_peer_certificate": false,
              "path_prefix": "path",
              "request_timeout": 5000,
              "server_api_version": "v3",
              "server_type": "http",
              "service_request_headers_to_add": {
                "value": [
                  {
                    "key": "header-1",
                    "value": "xyz"
                  },
                  {
                    "key": "header-2",
                    "value": "value-2"
                  }
                ],
                "type": [
                  "tuple",
                  [
                    [
                      "object",
                      {
                        "key": "string",
                        "value": "string"
                      }
                    ],
                    [
                      "object",
                      {
                        "key": "string",
                        "value": "string"
                      }
                    ]
                  ]
                ]
              },
              "service_response_client_headers": {
                "value": [
                  "Client-Header-1",
                  "Client-Header-2"
                ],
                "type": [
                  "tuple",
                  [
                    "string",
                    "string"
                  ]
                ]
              },
              "service_response_client_headers_on_success": {
                "value": [
                  "Success-Header-1",
                  "Success-Header-2"
                ],
                "type": [
                  "tuple",
                  [
                    "string",
                    "string"
                  ]
                ]
              },
              "service_response_upstream_headers": {
                "value": [
                  "response-header1",
                  "response-header2"
                ],
                "type": [
                  "tuple",
                  [
                    "string",
                    "string"
                  ]
                ]
              },
              "service_response_upstream_headers_to_append": {
                "value": [
                  "response-header-to-add-1",
                  "response-header-to-add-2"
                ],
                "type": [
                  "tuple",
                  [
                    "string",
                    "string"
                  ]
                ]
              },
              "uri": "http://auth.com"
            },
            "disabled": false,
            "environment_id": "c0c9f7f5-57bb-4333-82d7-dbdcab912234",
            "id": "5973717",
            "label": "ext-auth-http",
            "order": 9,
            "organization_id": "542cc7e3-2143-40ce-90e9-cf69da9b4da6",
            "policy_template_id": "1157",
            "upstream_ids": []
          },
          "sensitive_attributes": [],
          "identity_schema_version": 0,
          "dependencies": [
            "anypoint_api_instance.main",
            "anypoint_flex_tls_context.flex",
            "anypoint_managed_flexgateway.main",
            "anypoint_secret_group.main",
            "anypoint_secret_group_keystore.tls",
            "anypoint_secret_group_truststore.ca"
          ]
        }
      ]
    },
    {
      "mode": "managed",
      "type": "anypoint_api_policy_native_ext_proc",
      "name": "ext_proc",
      "provider": "provider[\"sf.com/mulesoft/anypoint\"]",
      "instances": [
        {
          "schema_version": 0,
          "attributes": {
            "api_instance_id": "4675482",
            "asset_version": "1.1.1",
            "configuration": {
              "allow_mode_override": true,
              "failure_mode_allow": true,
              "max_message_timeout": 0,
              "message_timeout": 1000,
              "request_body_mode": "none",
              "request_header_mode": "send",
              "request_trailer_mode": "skip",
              "response_body_mode": "none",
              "response_header_mode": "send",
              "response_trailer_mode": "skip",
              "uri": "h2://external.com"
            },
            "disabled": false,
            "environment_id": "c0c9f7f5-57bb-4333-82d7-dbdcab912234",
            "id": "5973706",
            "label": "ext-processor",
            "order": 10,
            "organization_id": "542cc7e3-2143-40ce-90e9-cf69da9b4da6",
            "policy_template_id": "1162",
            "upstream_ids": []
          },
          "sensitive_attributes": [],
          "identity_schema_version": 0,
          "dependencies": [
            "anypoint_api_instance.main",
            "anypoint_flex_tls_context.flex",
            "anypoint_managed_flexgateway.main",
            "anypoint_secret_group.main",
            "anypoint_secret_group_keystore.tls",
            "anypoint_secret_group_truststore.ca"
          ]
        }
      ]
    },
    {
      "mode": "managed",
      "type": "anypoint_api_policy_oauth2_token_introspection",
      "name": "oauth2_introspection",
      "provider": "provider[\"sf.com/mulesoft/anypoint\"]",
      "instances": [
        {
          "schema_version": 0,
          "attributes": {
            "api_instance_id": "4675482",
            "asset_version": "1.0.1",
            "configuration": {
              "authentication_timeout": 10000,
              "authorization_value": "Basic am9obkBleGFtcGxlLmNvbToxMjM0NTY=",
              "consumer_by": "client_id",
              "expose_headers": false,
              "introspection_url": "http://www.google.com",
              "max_cache_entries": 10000,
              "scope_validation_criteria": "AND",
              "skip_client_id_validation": false,
              "validated_token_ttl": 600
            },
            "disabled": true,
            "environment_id": "c0c9f7f5-57bb-4333-82d7-dbdcab912234",
            "id": "5973690",
            "label": "oauth2-introspect",
            "order": 22,
            "organization_id": "542cc7e3-2143-40ce-90e9-cf69da9b4da6",
            "policy_template_id": "1167",
            "upstream_ids": []
          },
          "sensitive_attributes": [],
          "identity_schema_version": 0,
          "dependencies": [
            "anypoint_api_instance.main",
            "anypoint_flex_tls_context.flex",
            "anypoint_managed_flexgateway.main",
            "anypoint_secret_group.main",
            "anypoint_secret_group_keystore.tls",
            "anypoint_secret_group_truststore.ca"
          ]
        }
      ]
    },
    {
      "mode": "managed",
      "type": "anypoint_api_policy_rate_limiting",
      "name": "rate_limiting",
      "provider": "provider[\"sf.com/mulesoft/anypoint\"]",
      "instances": [
        {
          "schema_version": 0,
          "attributes": {
            "api_instance_id": "4675482",
            "asset_version": "1.4.1",
            "configuration": {
              "clusterizable": true,
              "expose_headers": true,
              "key_selector": "#[attributes.queryParams['identifier']]",
              "rate_limits": {
                "value": [
                  {
                    "maximum_requests": 100,
                    "time_period_in_milliseconds": 60000
                  }
                ],
                "type": [
                  "tuple",
                  [
                    [
                      "object",
                      {
                        "maximum_requests": "number",
                        "time_period_in_milliseconds": "number"
                      }
                    ]
                  ]
                ]
              }
            },
            "disabled": false,
            "environment_id": "c0c9f7f5-57bb-4333-82d7-dbdcab912234",
            "id": "5973703",
            "label": "rate-limit-100rpm",
            "order": 1,
            "organization_id": "542cc7e3-2143-40ce-90e9-cf69da9b4da6",
            "policy_template_id": "1184",
            "upstream_ids": []
          },
          "sensitive_attributes": [],
          "identity_schema_version": 0,
          "dependencies": [
            "anypoint_api_instance.main",
            "anypoint_flex_tls_context.flex",
            "anypoint_managed_flexgateway.main",
            "anypoint_secret_group.main",
            "anypoint_secret_group_keystore.tls",
            "anypoint_secret_group_truststore.ca"
          ]
        }
      ]
    },
    {
      "mode": "managed",
      "type": "anypoint_api_policy_rate_limiting_sla_based",
      "name": "rate_limiting_sla",
      "provider": "provider[\"sf.com/mulesoft/anypoint\"]",
      "instances": [
        {
          "schema_version": 0,
          "attributes": {
            "api_instance_id": "4675482",
            "asset_version": "1.3.1",
            "configuration": {
              "client_id_expression": "#[attributes.headers['client_id']]",
              "client_secret_expression": "#[attributes.headers['client_secret']]",
              "clusterizable": true,
              "expose_headers": true
            },
            "disabled": true,
            "environment_id": "c0c9f7f5-57bb-4333-82d7-dbdcab912234",
            "id": "5973691",
            "label": "sla-rate-limit",
            "order": 3,
            "organization_id": "542cc7e3-2143-40ce-90e9-cf69da9b4da6",
            "policy_template_id": "1149",
            "upstream_ids": []
          },
          "sensitive_attributes": [],
          "identity_schema_version": 0,
          "dependencies": [
            "anypoint_api_instance.main",
            "anypoint_flex_tls_context.flex",
            "anypoint_managed_flexgateway.main",
            "anypoint_secret_group.main",
            "anypoint_secret_group_keystore.tls",
            "anypoint_secret_group_truststore.ca"
          ]
        }
      ]
    },
    {
      "mode": "managed",
      "type": "anypoint_api_policy_response_timeout",
      "name": "response_timeout",
      "provider": "provider[\"sf.com/mulesoft/anypoint\"]",
      "instances": [
        {
          "schema_version": 0,
          "attributes": {
            "api_instance_id": "4675482",
            "asset_version": "1.0.1",
            "configuration": {
              "timeout": 15
            },
            "disabled": false,
            "environment_id": "c0c9f7f5-57bb-4333-82d7-dbdcab912234",
            "id": "5973714",
            "label": "timeout-15s",
            "order": 18,
            "organization_id": "542cc7e3-2143-40ce-90e9-cf69da9b4da6",
            "policy_template_id": "1170",
            "upstream_ids": []
          },
          "sensitive_attributes": [],
          "identity_schema_version": 0,
          "dependencies": [
            "anypoint_api_instance.main",
            "anypoint_flex_tls_context.flex",
            "anypoint_managed_flexgateway.main",
            "anypoint_secret_group.main",
            "anypoint_secret_group_keystore.tls",
            "anypoint_secret_group_truststore.ca"
          ]
        }
      ]
    },
    {
      "mode": "managed",
      "type": "anypoint_api_policy_script_evaluation_transformation",
      "name": "script_evaluation_transformation",
      "provider": "provider[\"sf.com/mulesoft/anypoint\"]",
      "instances": [
        {
          "schema_version": 0,
          "attributes": {
            "api_instance_id": "4675482",
            "asset_version": "1.0.0-20260127.133315",
            "configuration": {
              "request_flow": "onRequest",
              "requires_payload": true,
              "script": "abcde"
            },
            "disabled": false,
            "environment_id": "c0c9f7f5-57bb-4333-82d7-dbdcab912234",
            "id": "5973720",
            "label": "script-eval-transform",
            "order": 33,
            "organization_id": "542cc7e3-2143-40ce-90e9-cf69da9b4da6",
            "policy_template_id": "1882",
            "upstream_ids": []
          },
          "sensitive_attributes": [],
          "identity_schema_version": 0,
          "dependencies": [
            "anypoint_api_instance.main",
            "anypoint_flex_tls_context.flex",
            "anypoint_managed_flexgateway.main",
            "anypoint_secret_group.main",
            "anypoint_secret_group_keystore.tls",
            "anypoint_secret_group_truststore.ca"
          ]
        }
      ]
    },
    {
      "mode": "managed",
      "type": "anypoint_api_policy_spike_control",
      "name": "spike_control",
      "provider": "provider[\"sf.com/mulesoft/anypoint\"]",
      "instances": [
        {
          "schema_version": 0,
          "attributes": {
            "api_instance_id": "4675482",
            "asset_version": "1.2.2",
            "configuration": {
              "delay_attempts": 1,
              "delay_time_in_millis": 1000,
              "expose_headers": true,
              "maximum_requests": 1,
              "queuing_limit": 5,
              "time_period_in_milliseconds": 1000
            },
            "disabled": false,
            "environment_id": "c0c9f7f5-57bb-4333-82d7-dbdcab912234",
            "id": "5973716",
            "label": "spike-1rps",
            "order": 2,
            "organization_id": "542cc7e3-2143-40ce-90e9-cf69da9b4da6",
            "policy_template_id": "1175",
            "upstream_ids": []
          },
          "sensitive_attributes": [],
          "identity_schema_version": 0,
          "dependencies": [
            "anypoint_api_instance.main",
            "anypoint_flex_tls_context.flex",
            "anypoint_managed_flexgateway.main",
            "anypoint_secret_group.main",
            "anypoint_secret_group_keystore.tls",
            "anypoint_secret_group_truststore.ca"
          ]
        }
      ]
    },
    {
      "mode": "managed",
      "type": "anypoint_api_policy_sse_logging",
      "name": "sse_logging",
      "provider": "provider[\"sf.com/mulesoft/anypoint\"]",
      "instances": [
        {
          "schema_version": 0,
          "attributes": {
            "api_instance_id": "4675482",
            "asset_version": "1.0.1",
            "configuration": {
              "logs": {
                "value": [
                  {
                    "category": "log-1",
                    "level": "INFO",
                    "message": "#[payload]"
                  },
                  {
                    "category": "log-2",
                    "level": "INFO",
                    "message": "#[payload]"
                  }
                ],
                "type": [
                  "tuple",
                  [
                    [
                      "object",
                      {
                        "category": "string",
                        "level": "string",
                        "message": "string"
                      }
                    ],
                    [
                      "object",
                      {
                        "category": "string",
                        "level": "string",
                        "message": "string"
                      }
                    ]
                  ]
                ]
              }
            },
            "disabled": false,
            "environment_id": "c0c9f7f5-57bb-4333-82d7-dbdcab912234",
            "id": "5973718",
            "label": "sse-logs",
            "order": 11,
            "organization_id": "542cc7e3-2143-40ce-90e9-cf69da9b4da6",
            "policy_template_id": "1185",
            "upstream_ids": []
          },
          "sensitive_attributes": [],
          "identity_schema_version": 0,
          "dependencies": [
            "anypoint_api_instance.main",
            "anypoint_flex_tls_context.flex",
            "anypoint_managed_flexgateway.main",
            "anypoint_secret_group.main",
            "anypoint_secret_group_keystore.tls",
            "anypoint_secret_group_truststore.ca"
          ]
        }
      ]
    },
    {
      "mode": "managed",
      "type": "anypoint_api_policy_stream_idle_timeout",
      "name": "stream_idle_timeout",
      "provider": "provider[\"sf.com/mulesoft/anypoint\"]",
      "instances": [
        {
          "schema_version": 0,
          "attributes": {
            "api_instance_id": "4675482",
            "asset_version": "1.0.1",
            "configuration": {
              "timeout": 60
            },
            "disabled": false,
            "environment_id": "c0c9f7f5-57bb-4333-82d7-dbdcab912234",
            "id": "5973705",
            "label": "idle-60s",
            "order": 19,
            "organization_id": "542cc7e3-2143-40ce-90e9-cf69da9b4da6",
            "policy_template_id": "1177",
            "upstream_ids": []
          },
          "sensitive_attributes": [],
          "identity_schema_version": 0,
          "dependencies": [
            "anypoint_api_instance.main",
            "anypoint_flex_tls_context.flex",
            "anypoint_managed_flexgateway.main",
            "anypoint_secret_group.main",
            "anypoint_secret_group_keystore.tls",
            "anypoint_secret_group_truststore.ca"
          ]
        }
      ]
    },
    {
      "mode": "managed",
      "type": "anypoint_api_policy_tracing",
      "name": "tracing",
      "provider": "provider[\"sf.com/mulesoft/anypoint\"]",
      "instances": [
        {
          "schema_version": 0,
          "attributes": {
            "api_instance_id": "4675482",
            "asset_version": "1.1.1",
            "configuration": {
              "labels": {
                "value": [],
                "type": [
                  "tuple",
                  []
                ]
              },
              "sampling": {
                "value": {
                  "client": 100,
                  "overall": 100,
                  "random": 100
                },
                "type": [
                  "object",
                  {
                    "client": "number",
                    "overall": "number",
                    "random": "number"
                  }
                ]
              },
              "span_name": "sp-1"
            },
            "disabled": false,
            "environment_id": "c0c9f7f5-57bb-4333-82d7-dbdcab912234",
            "id": "5973695",
            "label": "tracing-sp1",
            "order": 25,
            "organization_id": "542cc7e3-2143-40ce-90e9-cf69da9b4da6",
            "policy_template_id": "1138",
            "upstream_ids": []
          },
          "sensitive_attributes": [],
          "identity_schema_version": 0,
          "dependencies": [
            "anypoint_api_instance.main",
            "anypoint_flex_tls_context.flex",
            "anypoint_managed_flexgateway.main",
            "anypoint_secret_group.main",
            "anypoint_secret_group_keystore.tls",
            "anypoint_secret_group_truststore.ca"
          ]
        }
      ]
    },
    {
      "mode": "managed",
      "type": "anypoint_api_policy_xml_threat_protection",
      "name": "xml_threat_protection",
      "provider": "provider[\"sf.com/mulesoft/anypoint\"]",
      "instances": [
        {
          "schema_version": 0,
          "attributes": {
            "api_instance_id": "4675482",
            "asset_version": "1.2.1",
            "configuration": {
              "max_attribute_count_per_element": -1,
              "max_attribute_length": -1,
              "max_child_count": -1,
              "max_comment_length": -1,
              "max_node_depth": -1,
              "max_text_length": -1
            },
            "disabled": false,
            "environment_id": "c0c9f7f5-57bb-4333-82d7-dbdcab912234",
            "id": "5973707",
            "label": "xml-threat",
            "order": 26,
            "organization_id": "542cc7e3-2143-40ce-90e9-cf69da9b4da6",
            "policy_template_id": "1182",
            "upstream_ids": []
          },
          "sensitive_attributes": [],
          "identity_schema_version": 0,
          "dependencies": [
            "anypoint_api_instance.main",
            "anypoint_flex_tls_context.flex",
            "anypoint_managed_flexgateway.main",
            "anypoint_secret_group.main",
            "anypoint_secret_group_keystore.tls",
            "anypoint_secret_group_truststore.ca"
          ]
        }
      ]
    },
    {
      "mode": "managed",
      "type": "anypoint_flex_tls_context",
      "name": "flex",
      "provider": "provider[\"sf.com/mulesoft/anypoint\"]",
      "instances": [
        {
          "schema_version": 0,
          "attributes": {
            "alpn_protocols": [
              "h2",
              "http/1.1"
            ],
            "cipher_suites": null,
            "enable_client_cert_validation": false,
            "environment_id": "c0c9f7f5-57bb-4333-82d7-dbdcab912234",
            "expiration_date": "2027-03-15",
            "id": "49a196c1-ff17-4004-aedf-4a0998f56f7f",
            "keystore_id": "9899457c-a94d-423a-861d-96dd10e626aa",
            "max_tls_version": "TLSv1.3",
            "min_tls_version": "TLSv1.3",
            "name": "flex-tls-context",
            "organization_id": "542cc7e3-2143-40ce-90e9-cf69da9b4da6",
            "secret_group_id": "79526e24-f522-449c-8555-cd6f5face1b6",
            "skip_server_cert_validation": false,
            "target": "FlexGateway",
            "truststore_id": "c46cea82-b49c-4910-8fb6-da93343543a3"
          },
          "sensitive_attributes": [],
          "identity_schema_version": 0,
          "dependencies": [
            "anypoint_secret_group.main",
            "anypoint_secret_group_keystore.tls",
            "anypoint_secret_group_truststore.ca"
          ]
        }
      ]
    },
    {
      "mode": "managed",
      "type": "anypoint_managed_flexgateway",
      "name": "main",
      "provider": "provider[\"sf.com/mulesoft/anypoint\"]",
      "instances": [
        {
          "schema_version": 0,
          "attributes": {
            "environment_id": "c0c9f7f5-57bb-4333-82d7-dbdcab912234",
            "id": "4a4a758b-e8f6-4bb7-a7d2-6a74cc96391e",
            "ingress": {
              "forward_ssl_session": true,
              "internal_url": "https://managed-flexgateway-example-1.internal-z7yt26.usa-e2.stgx.cloudhub.io,https://managed-flexgateway-example-1-60fef.internal-z7yt26.usa-e2.stgx.cloudhub.io/",
              "last_mile_security": true,
              "public_url": "https://managed-flexgateway-example-1.z7yt26.usa-e2.stgx.cloudhub.io"
            },
            "logging": {
              "forward_logs": true,
              "level": "info"
            },
            "name": "managed-flexgateway-example-1",
            "organization_id": "542cc7e3-2143-40ce-90e9-cf69da9b4da6",
            "properties": {
              "connection_idle_timeout": 60,
              "upstream_response_timeout": 15
            },
            "release_channel": "lts",
            "runtime_version": "1.12.2",
            "size": "small",
            "status": "APPLIED",
            "target_id": "675c4efb-d44e-44cd-ac6f-d5a1128e6236",
            "tracing": {
              "enabled": false
            }
          },
          "sensitive_attributes": [],
          "identity_schema_version": 0,
          "dependencies": [
            "anypoint_flex_tls_context.flex",
            "anypoint_secret_group.main",
            "anypoint_secret_group_keystore.tls",
            "anypoint_secret_group_truststore.ca"
          ]
        }
      ]
    },
    {
      "mode": "managed",
      "type": "anypoint_secret_group",
      "name": "main",
      "provider": "provider[\"sf.com/mulesoft/anypoint\"]",
      "instances": [
        {
          "schema_version": 0,
          "attributes": {
            "current_state": "active",
            "downloadable": false,
            "environment_id": "c0c9f7f5-57bb-4333-82d7-dbdcab912234",
            "id": "79526e24-f522-449c-8555-cd6f5face1b6",
            "name": "secrets-group-terraform-example-1",
            "organization_id": "542cc7e3-2143-40ce-90e9-cf69da9b4da6"
          },
          "sensitive_attributes": [],
          "identity_schema_version": 0
        }
      ]
    },
    {
      "mode": "managed",
      "type": "anypoint_secret_group_keystore",
      "name": "tls",
      "provider": "provider[\"sf.com/mulesoft/anypoint\"]",
      "instances": [
        {
          "schema_version": 0,
          "attributes": {
            "algorithm": "",
            "alias": null,
            "ca_path_base64": null,
            "certificate_base64": "LS0tLS1CRUdJTiBDRVJUSUZJQ0FURS0tLS0tCk1JSUQ1ekNDQXMrZ0F3SUJBZ0lVVTFVaTl5UkkrYW91SGkwUTJpMGMzaHRhb0Znd0RRWUpLb1pJaHZjTkFRRUwKQlFBd2dZSXhDekFKQmdOVkJBWVRBbFZUTVJNd0VRWURWUVFJREFwRFlXeHBabTl5Ym1saE1SWXdGQVlEVlFRSApEQTFUWVc0Z1JuSmhibU5wYzJOdk1SRXdEd1lEVlFRS0RBaE5kV3hsVTI5bWRERVVNQklHQTFVRUN3d0xSVzVuCmFXNWxaWEpwYm1jeEhUQWJCZ05WQkFNTUZHVjRZVzF3YkdVdWJYVnNaWE52Wm5RdVkyOXRNQjRYRFRJMk1ETXgKTlRFNU5ETXdNMW9YRFRJM01ETXhOVEU1TkRNd00xb3dnWUl4Q3pBSkJnTlZCQVlUQWxWVE1STXdFUVlEVlFRSQpEQXBEWVd4cFptOXlibWxoTVJZd0ZBWURWUVFIREExVFlXNGdSbkpoYm1OcGMyTnZNUkV3RHdZRFZRUUtEQWhOCmRXeGxVMjltZERFVU1CSUdBMVVFQ3d3TFJXNW5hVzVsWlhKcGJtY3hIVEFiQmdOVkJBTU1GR1Y0WVcxd2JHVXUKYlhWc1pYTnZablF1WTI5dE1JSUJJakFOQmdrcWhraUc5dzBCQVFFRkFBT0NBUThBTUlJQkNnS0NBUUVBdFBTUwp4U1REMnphU0E4R1NrUWhEREgrODUxakRZYUJpSk5QamN3a2xxUUlPWmZ0MGduUk95UlovbWRuYXZTaERWUHhxClIxVlRTZmN2VnlhQzdtSTNlQXJIc3dWTnRwSlpHMTNhcXhoL0xvYkxtZk1ZYlZDV3FDempHN09tVjZQd0FHUlkKVitqcnhGTDB1cEs5M3hHMTNQUnNHNHk5Z2s2dVBuekg0bWxkSlBNSUo1YWZ4SGQvN2sxUFM4QXRqemkyLzNYUApoRlhBZ2hnUnlMVGlpaFBWOEcvTVN2RHJybXpYaHBIRTJsc3prOWR0TDBqVXgwNmg3a0J2cVpBRENxR0xsSzQ0CkhvWitRQlV4QlB6VlNOajJDM25qZWVNWU1oTFdTVmZUemFKSVB2WVNsZDRrUk04MXZOSUNkL0d2b3hzZE4xU0EKcUkyZ0ZGSG43SjdqNWNIcDF3SURBUUFCbzFNd1VUQWRCZ05WSFE0RUZnUVU4UVhYUUlNMDZoNUpZV29VcVRwdwo3czFEWVc0d0h3WURWUjBqQkJnd0ZvQVU4UVhYUUlNMDZoNUpZV29VcVRwdzdzMURZVzR3RHdZRFZSMFRBUUgvCkJBVXdBd0VCL3pBTkJna3Foa2lHOXcwQkFRc0ZBQU9DQVFFQW5yNzVEbzB1WE9zUVlHZU1VSlM1UUk4U1FmTHEKcDZiU3lCc2JSNjZRclNVcUYza0ZpcTlJZTNkZmJNM052YUh4cExqUCszV3FsTUpjcUlHZFEzVy9NNlcwNWlLVApFYU5FSzhWRlUvQWp5SndJaU81cjRDeFdiSlA3NjlGNWJqcmVJNlVtaFhjMGZoM3Z3QXkrUXlPQkVweTYxWWFPCnRwU3pNSHQ5N1F6S21xVG1kQmU1MTBNQkFleXlqQkV5MTJHYlNEcEJYYit0dzhDU212ZnNHMXl1dWtMaDRVQVgKNU44dnM5bG9LbWNHYnV5aDE4eG1WWEUrUkpacHI1ZW5OWEc1ZGg3ODhBanJDNnZDc1lyb3YzSlhuM3htajVGZgppbFBLa0NlMU8rZmFVTjhVM3RFdVM2Nktud3B0VlZaTWJLeWZ6MTBSeC9hNWxJMFJ1QlRTakpINDZBPT0KLS0tLS1FTkQgQ0VSVElGSUNBVEUtLS0tLQo=",
            "environment_id": "c0c9f7f5-57bb-4333-82d7-dbdcab912234",
            "expiration_date": "2027-03-15",
            "id": "9899457c-a94d-423a-861d-96dd10e626aa",
            "key_base64": "LS0tLS1CRUdJTiBQUklWQVRFIEtFWS0tLS0tCk1JSUV2Z0lCQURBTkJna3Foa2lHOXcwQkFRRUZBQVNDQktnd2dnU2tBZ0VBQW9JQkFRQzA5SkxGSk1QYk5wSUQKd1pLUkNFTU1mN3puV01OaG9HSWswK056Q1NXcEFnNWwrM1NDZEU3SkZuK1oyZHE5S0VOVS9HcEhWVk5KOXk5WApKb0x1WWpkNENzZXpCVTIya2xrYlhkcXJHSDh1aHN1Wjh4aHRVSmFvTE9NYnM2WlhvL0FBWkZoWDZPdkVVdlM2CmtyM2ZFYlhjOUd3YmpMMkNUcTQrZk1maWFWMGs4d2dubHAvRWQzL3VUVTlMd0MyUE9MYi9kYytFVmNDQ0dCSEkKdE9LS0U5WHdiOHhLOE91dWJOZUdrY1RhV3pPVDEyMHZTTlRIVHFIdVFHK3BrQU1Lb1l1VXJqZ2VobjVBRlRFRQovTlZJMlBZTGVlTjU0eGd5RXRaSlY5UE5va2crOWhLVjNpUkV6elc4MGdKMzhhK2pHeDAzVklDb2phQVVVZWZzCm51UGx3ZW5YQWdNQkFBRUNnZ0VBQnZFVThMUW1EaGtTaFg2UkJoNng2dmk3R3J4N3JreVVlbll5Q0RlWmc0ekQKaXp6K1UrbWdISURwdnpmZ3cvM2tVY0ZuSTRjMFU2YkVZTmxtZGRZSTY3VjZLTFhacktYT3l4V3FoNExBS2tOMQpVa0FTYXVzaGF0T1ZNbUVuYUZoSVZqT0RRaFRnM2JmZnhJanBrbHVmM3VZcEdZaENJdHA1UHUwR1R5NVB4Q0dKCnNnVkRkeXRGeEZXR0tWbmRkT1ZxSmJ5Sy9ZZndIOEhxZ0FIMkM1RitBOHJGNVRxR20rZGZlRXlUUnBoQmxQeTAKOW9OU245VUVkVCszMUNiMHVvV1NhUEZPZnp3U2tLZUxYWkk0VUI2TnpTMjFWMW5tQ1U2cHhMZkNVVGZuY1NQSwpOd0FKeGJUMytNMlBFYXZ6YWZkMHpEZmx2MHJyN2VYd2xVdEN2bVkrZ1FLQmdRRGI2UlV4RnNHRDdCWExtcWdVClhYOC9TaFBEb0FyZ0h6cnVManlubDFia2h1WXRXQ29tMXBlei9PTG1sZEpEYmdJNHc4T0JHMTJVUGpUaG5lUG0KUnUrZlloSWRBMm5iTjYxbHB4YksxNHBhRVNHV3RiMElaQm9SV3c1b3JvNG1xS0tLL2xWSFJ4MXdDcXpybkxmZApvWStXMG42Wm5yNWJmcGRnaE5EZTBoWXpnUUtCZ1FEU3B1Ykg1N1Q1QVE2VXVEV0QzRkRsK3dYSGlmQ05MMU5rCndsNXhUMWcvMGRRbC9VcjV2NnZTRklIMG1lUmoza2Z5Y2ZLTkxWNDJMVkJFNWFSWVV4WCtaSGpld29HWTJQYkIKY29lcm03c2twNzR2Ulh2UGVITEtHd0YrMFJrczlPaXdSYlpYWnJrMUt0aVBWL1hYekZMaUNpUFFGbnJjd3VsdQpocW5sL2xicFZ3S0JnUURJLzdDajdwV3Z1NUJzU1k2SkZyQWdxOWVHdlhoVFE1ZzhiVHg1UGVWbytUZlhpRGIyCnlydGNBcTl0Yk5FRFdzQmpHK05NMVROaU5MMW0za2FZaW91b1ZSNFRNTFNIYnN0cEZ5REpBOXJyMmE2bXJyUDUKd0d6bkloLzRaRnQvVURGSTg1QUVseVo3NnZZRVlIalo5VHBsOHoxTnNmOXhaeko3UU1vY2IwOWxnUUtCZ0FIbAplc0psOVowZ1EwOVhjVFBrc2QzQUtzY25HTUZNb2NXUWNtVTJ2NmFqYnZPQW1rSXhWWXlvbnByakg4aytZUXR2CnR5MUtNVVR2bDM5blNkbDV0Z0w2U0pSSXovM2VSaXBycTRrQjkrZFdrMEc5c0dXbndmREwyWEdZMUU4eFRUNzUKQWJFN3ZZTWJCYVFVdUtQZXRRaFA2dzZlaFRDam1KSmtKL2RvR01RMUFvR0JBSXo2Q24zWXhkbXBhKzNxY3RMUApHVzBZL2locU83SUlKOTVJNW9ET0JPUTZNNmNCYnJZZkJKRWcwc3cyazlpVC9aWkZJS2FldDRjbm4yWCtMaTJZCmc3ZHdMd2xTbEFFSFR1ZHpxbEw2SjlvakR4VjVJdUVPWlF2NE5iVG9uQnlJK2V3dmxZcG1MV2hVMHNBcUFxY0UKd1g1RC9ZTkZmbDFxaEd5eFNtMkFSRGkrCi0tLS0tRU5EIFBSSVZBVEUgS0VZLS0tLS0K",
            "keystore_file_base64": null,
            "name": "tls-keystore",
            "organization_id": "542cc7e3-2143-40ce-90e9-cf69da9b4da6",
            "passphrase": null,
            "secret_group_id": "79526e24-f522-449c-8555-cd6f5face1b6",
            "type": "PEM"
          },
          "sensitive_attributes": [
            [
              {
                "type": "get_attr",
                "value": "ca_path_base64"
              }
            ],
            [
              {
                "type": "get_attr",
                "value": "certificate_base64"
              }
            ],
            [
              {
                "type": "get_attr",
                "value": "key_base64"
              }
            ],
            [
              {
                "type": "get_attr",
                "value": "keystore_file_base64"
              }
            ],
            [
              {
                "type": "get_attr",
                "value": "passphrase"
              }
            ]
          ],
          "identity_schema_version": 0,
          "dependencies": [
            "anypoint_secret_group.main"
          ]
        }
      ]
    },
    {
      "mode": "managed",
      "type": "anypoint_secret_group_truststore",
      "name": "ca",
      "provider": "provider[\"sf.com/mulesoft/anypoint\"]",
      "instances": [
        {
          "schema_version": 0,
          "attributes": {
            "algorithm": "",
            "environment_id": "c0c9f7f5-57bb-4333-82d7-dbdcab912234",
            "expiration_date": "2036-03-12",
            "id": "c46cea82-b49c-4910-8fb6-da93343543a3",
            "name": "ca-truststore",
            "organization_id": "542cc7e3-2143-40ce-90e9-cf69da9b4da6",
            "passphrase": null,
            "secret_group_id": "79526e24-f522-449c-8555-cd6f5face1b6",
            "truststore_base64": "LS0tLS1CRUdJTiBDRVJUSUZJQ0FURS0tLS0tCk1JSUQxekNDQXIrZ0F3SUJBZ0lVYUp2S0l0VXpUcWs0eDJ2V1JjbjlvZTZzOFBJd0RRWUpLb1pJaHZjTkFRRUwKQlFBd2V6RUxNQWtHQTFVRUJoTUNWVk14RXpBUkJnTlZCQWdNQ2tOaGJHbG1iM0p1YVdFeEZqQVVCZ05WQkFjTQpEVk5oYmlCR2NtRnVZMmx6WTI4eEVUQVBCZ05WQkFvTUNFMTFiR1ZUYjJaME1SRXdEd1lEVlFRTERBaFFiR0YwClptOXliVEVaTUJjR0ExVUVBd3dRVFhWc1pWTnZablFnVW05dmRDQkRRVEFlRncweU5qQXpNVFV4T1RVME5EVmEKRncwek5qQXpNVEl4T1RVME5EVmFNSHN4Q3pBSkJnTlZCQVlUQWxWVE1STXdFUVlEVlFRSURBcERZV3hwWm05eQpibWxoTVJZd0ZBWURWUVFIREExVFlXNGdSbkpoYm1OcGMyTnZNUkV3RHdZRFZRUUtEQWhOZFd4bFUyOW1kREVSCk1BOEdBMVVFQ3d3SVVHeGhkR1p2Y20weEdUQVhCZ05WQkFNTUVFMTFiR1ZUYjJaMElGSnZiM1FnUTBFd2dnRWkKTUEwR0NTcUdTSWIzRFFFQkFRVUFBNElCRHdBd2dnRUtBb0lCQVFEYjhXV3VySjlOcGZhZDJjOTFrODAwZHNXawpReVN0N0wrdm93YzNCOHd1N01LcitGTXFtZEd3VXlkK0E5ZjIxT3ZGRDNkTjVzODRVN09aQTVVd0Y4RTA1SmQvCnUxSXU0Zm16MUdwSE9oZTArWVdVYmsxWnU5YWd3d3lGWVlPMzUydTYrRkJLanVvVnR3WDE1aFNNeUZ6VG1WOFAKWVVvRitiRHVQa3VQd0ljVXhSZEVmL0dheDFSZG1KVllIZEhDUGJya0VIU1owM2lvSWtGeGFtd2I3KzVJa1VjNgppS0Zselp0ajJYeURwNG9UUmx2ZVZKQjVQUU1LVWxkclhxbXZSUXg4OWZKMnV6WGNRcy9NL2Z5SzZDUDdFYUFXCmRqUzB4VjFORlMza2I1Z0lwaWNRSC84aGFra2xuWkx3VE4xcnpxL2dnRWUxbnhIbHZiRVVtdGE4OTlxeEFnTUIKQUFHalV6QlJNQjBHQTFVZERnUVdCQlJsdnJOQlBZMnV0bUR1czVLUktXOUp2cGxpQXpBZkJnTlZIU01FR0RBVwpnQlJsdnJOQlBZMnV0bUR1czVLUktXOUp2cGxpQXpBUEJnTlZIUk1CQWY4RUJUQURBUUgvTUEwR0NTcUdTSWIzCkRRRUJDd1VBQTRJQkFRQ1N1YmEwcEFoa251ZE11LzZmRjhKdWhQVUNlR2Z0eDV3NmJWSkFLeVZYRHFUUTFxQlQKM1dsWVdTalB5WXZ0V2IwSk1WamFaUXgvdmxGRzBLbWJUL3NYNVZ6MzJuVkljQys4SHphL0lhb2ZEZ1BkWW9RUwpMTTdpZ0pRcEdkdUlFaUphd1pQWlArcEFMVk51WEV2SjhNek1QSmRqUXduT0JSbnZ3SGJjSDRteW9XZ01WVER3Ckd4TnBLWUY5SEluU2ZTaklvM1RJN1Fock1LTG44ckhxeWNZeWFzOERPWDlwMzRENEpLaFFRbVpjb3ZBeXFBZysKUmNqdUNmTFV2RGtkOWtGVHNhSStReGR4Y0JrMVovbDE5Z3hRNDdIcWJZcUJoU3htV1BIeStJOE1ya0xOK1hCdgpHZlZxY0hGaEQ0OGovNGw3WExZUW9TVTNKZ3A5cW5ZSldxbXAKLS0tLS1FTkQgQ0VSVElGSUNBVEUtLS0tLQo=",
            "type": "PEM"
          },
          "sensitive_attributes": [
            [
              {
                "type": "get_attr",
                "value": "passphrase"
              }
            ],
            [
              {
                "type": "get_attr",
                "value": "truststore_base64"
              }
            ]
          ],
          "identity_schema_version": 0,
          "dependencies": [
            "anypoint_secret_group.main"
          ]
        }
      ]
    }
  ],
  "check_results": null
}
