{
  "version": 4,
  "terraform_version": "1.12.2",
  "serial": 35,
  "lineage": "0a2f8835-8476-ac2a-8bea-28438eb667e2",
  "outputs": {
    "api_group_id": {
      "value": "459605",
      "type": "string"
    },
    "flex_gateway_id": {
      "value": "b0d2798b-ebad-4ca5-bdf3-b92e2b9fc8b4",
      "type": "string"
    },
    "orders_api_id": {
      "value": "4689912",
      "type": "string"
    },
    "organization_id": {
      "value": "da793a73-ccd1-42e7-8af7-850e78e96cf1",
      "type": "string"
    },
    "payments_api_id": {
      "value": "4689913",
      "type": "string"
    },
    "private_space_id": {
      "value": "d181a9b0-420a-4358-821a-b3f4ebc9a4c4",
      "type": "string"
    },
    "production_environment_id": {
      "value": "fcef0abd-6e6d-46b7-b548-a49c3ad997e0",
      "type": "string"
    },
    "promoted_api_id": {
      "value": "4689914",
      "type": "string"
    },
    "sandbox_environment_id": {
      "value": "09606a5c-3449-4591-b718-401059a70501",
      "type": "string"
    }
  },
  "resources": [
    {
      "mode": "managed",
      "type": "anypoint_api_group",
      "name": "commerce",
      "provider": "provider[\"sf.com/mulesoft/anypoint\"]",
      "instances": [
        {
          "schema_version": 0,
          "attributes": {
            "id": "459605",
            "name": "Commerce APIs",
            "organization_id": "542cc7e3-2143-40ce-90e9-cf69da9b4da6",
            "versions": [
              {
                "id": "473471",
                "instances": [
                  {
                    "api_instances": [
                      4689912,
                      4689913
                    ],
                    "environment_id": "c0c9f7f5-57bb-4333-82d7-dbdcab912234",
                    "group_instance_label": "commerce-api-group"
                  }
                ],
                "name": "v1"
              }
            ]
          },
          "sensitive_attributes": [],
          "identity_schema_version": 0,
          "dependencies": [
            "anypoint_api_instance.orders_api",
            "anypoint_api_instance.payments_api",
            "anypoint_connected_app_scopes.app_permissions",
            "anypoint_environment.production",
            "anypoint_environment.sandbox",
            "anypoint_flex_tls_context.flex",
            "anypoint_managed_flexgateway.commerce-gateway",
            "anypoint_organization.commerce_bu",
            "anypoint_private_space.private_space",
            "anypoint_secret_group.main",
            "anypoint_secret_group_keystore.tls",
            "anypoint_secret_group_truststore.ca"
          ]
        }
      ]
    },
    {
      "mode": "managed",
      "type": "anypoint_api_instance",
      "name": "inventory_api_canary",
      "provider": "provider[\"sf.com/mulesoft/anypoint\"]",
      "instances": [
        {
          "schema_version": 0,
          "attributes": {
            "approval_method": null,
            "asset_id": "api-test",
            "asset_version": "1.0.0",
            "consumer_endpoint": null,
            "deployment": {
              "environment_id": "c0c9f7f5-57bb-4333-82d7-dbdcab912234",
              "expected_status": "deployed",
              "gateway_version": "1.12.2",
              "overwrite": false,
              "target_id": "b0d2798b-ebad-4ca5-bdf3-b92e2b9fc8b4",
              "target_name": "commerce-gateway",
              "type": "HY"
            },
            "endpoint": {
              "base_path": "/inventory/v1",
              "deployment_type": "HY",
              "response_timeout": null,
              "type": "http",
              "uri": null
            },
            "environment_id": "c0c9f7f5-57bb-4333-82d7-dbdcab912234",
            "gateway_id": "b0d2798b-ebad-4ca5-bdf3-b92e2b9fc8b4",
            "id": "4694269",
            "instance_label": "inventory-api-canary",
            "organization_id": "542cc7e3-2143-40ce-90e9-cf69da9b4da6",
            "product_version": "v1",
            "provider_id": null,
            "routing": [
              {
                "label": "Canary Deployment",
                "rules": null,
                "upstreams": [
                  {
                    "label": "Stable Version",
                    "tls_context_id": null,
                    "uri": "http://inventory-stable.internal:8080",
                    "weight": 90
                  },
                  {
                    "label": "Canary Version",
                    "tls_context_id": null,
                    "uri": "http://inventory-canary.internal:8080",
                    "weight": 10
                  }
                ]
              }
            ],
            "spec": {
              "asset_id": "api-test",
              "group_id": "542cc7e3-2143-40ce-90e9-cf69da9b4da6",
              "version": "1.0.0"
            },
            "status": "active",
            "technology": "flexGateway",
            "upstream_uri": null
          },
          "sensitive_attributes": [],
          "identity_schema_version": 0,
          "dependencies": [
            "anypoint_connected_app_scopes.app_permissions",
            "anypoint_environment.production",
            "anypoint_environment.sandbox",
            "anypoint_flex_tls_context.flex",
            "anypoint_managed_flexgateway.commerce-gateway",
            "anypoint_organization.commerce_bu",
            "anypoint_private_space.private_space",
            "anypoint_secret_group.main",
            "anypoint_secret_group_keystore.tls",
            "anypoint_secret_group_truststore.ca"
          ]
        }
      ]
    },
    {
      "mode": "managed",
      "type": "anypoint_api_instance",
      "name": "orders_api",
      "provider": "provider[\"sf.com/mulesoft/anypoint\"]",
      "instances": [
        {
          "schema_version": 0,
          "attributes": {
            "approval_method": null,
            "asset_id": "api-test",
            "asset_version": "1.0.0",
            "consumer_endpoint": null,
            "deployment": {
              "environment_id": "c0c9f7f5-57bb-4333-82d7-dbdcab912234",
              "expected_status": "deployed",
              "gateway_version": "1.12.2",
              "overwrite": false,
              "target_id": "b0d2798b-ebad-4ca5-bdf3-b92e2b9fc8b4",
              "target_name": "commerce-gateway",
              "type": "HY"
            },
            "endpoint": {
              "base_path": "/orders/v1",
              "deployment_type": "HY",
              "response_timeout": null,
              "type": "http",
              "uri": null
            },
            "environment_id": "c0c9f7f5-57bb-4333-82d7-dbdcab912234",
            "gateway_id": "b0d2798b-ebad-4ca5-bdf3-b92e2b9fc8b4",
            "id": "4689912",
            "instance_label": "orders-api",
            "organization_id": "542cc7e3-2143-40ce-90e9-cf69da9b4da6",
            "product_version": "v1",
            "provider_id": null,
            "routing": null,
            "spec": {
              "asset_id": "api-test",
              "group_id": "542cc7e3-2143-40ce-90e9-cf69da9b4da6",
              "version": "1.0.0"
            },
            "status": "active",
            "technology": "flexGateway",
            "upstream_uri": "http://orders-api.internal:8080"
          },
          "sensitive_attributes": [],
          "identity_schema_version": 0,
          "dependencies": [
            "anypoint_connected_app_scopes.app_permissions",
            "anypoint_environment.production",
            "anypoint_environment.sandbox",
            "anypoint_flex_tls_context.flex",
            "anypoint_managed_flexgateway.commerce-gateway",
            "anypoint_organization.commerce_bu",
            "anypoint_private_space.private_space",
            "anypoint_secret_group.main",
            "anypoint_secret_group_keystore.tls",
            "anypoint_secret_group_truststore.ca"
          ]
        }
      ]
    },
    {
      "mode": "managed",
      "type": "anypoint_api_instance",
      "name": "payments_api",
      "provider": "provider[\"sf.com/mulesoft/anypoint\"]",
      "instances": [
        {
          "schema_version": 0,
          "attributes": {
            "approval_method": null,
            "asset_id": "api-test",
            "asset_version": "1.0.0",
            "consumer_endpoint": null,
            "deployment": {
              "environment_id": "c0c9f7f5-57bb-4333-82d7-dbdcab912234",
              "expected_status": "deployed",
              "gateway_version": "1.12.2",
              "overwrite": false,
              "target_id": "b0d2798b-ebad-4ca5-bdf3-b92e2b9fc8b4",
              "target_name": "commerce-gateway",
              "type": "HY"
            },
            "endpoint": {
              "base_path": "/payments/v1",
              "deployment_type": "HY",
              "response_timeout": null,
              "type": "http",
              "uri": null
            },
            "environment_id": "c0c9f7f5-57bb-4333-82d7-dbdcab912234",
            "gateway_id": "b0d2798b-ebad-4ca5-bdf3-b92e2b9fc8b4",
            "id": "4689913",
            "instance_label": "payments-api",
            "organization_id": "542cc7e3-2143-40ce-90e9-cf69da9b4da6",
            "product_version": "v1",
            "provider_id": null,
            "routing": null,
            "spec": {
              "asset_id": "api-test",
              "group_id": "542cc7e3-2143-40ce-90e9-cf69da9b4da6",
              "version": "1.0.0"
            },
            "status": "active",
            "technology": "flexGateway",
            "upstream_uri": "http://payments.internal:8080"
          },
          "sensitive_attributes": [],
          "identity_schema_version": 0,
          "dependencies": [
            "anypoint_connected_app_scopes.app_permissions",
            "anypoint_environment.production",
            "anypoint_environment.sandbox",
            "anypoint_flex_tls_context.flex",
            "anypoint_managed_flexgateway.commerce-gateway",
            "anypoint_organization.commerce_bu",
            "anypoint_private_space.private_space",
            "anypoint_secret_group.main",
            "anypoint_secret_group_keystore.tls",
            "anypoint_secret_group_truststore.ca"
          ]
        }
      ]
    },
    {
      "mode": "managed",
      "type": "anypoint_api_instance_promotion",
      "name": "orders_to_prod",
      "provider": "provider[\"sf.com/mulesoft/anypoint\"]",
      "instances": [
        {
          "schema_version": 0,
          "attributes": {
            "asset_id": "api-test",
            "asset_version": "1.0.0",
            "autodiscovery_instance_name": "v1:4689914",
            "environment_id": "c0c9f7f5-57bb-4333-82d7-dbdcab912234",
            "group_id": "542cc7e3-2143-40ce-90e9-cf69da9b4da6",
            "id": "4689914",
            "include_alerts": true,
            "include_policies": true,
            "include_tiers": true,
            "instance_label": "orders-api-production",
            "organization_id": "542cc7e3-2143-40ce-90e9-cf69da9b4da6",
            "product_version": "v1",
            "source_api_id": 4689912,
            "status": "unregistered",
            "technology": "flexGateway"
          },
          "sensitive_attributes": [],
          "identity_schema_version": 0,
          "dependencies": [
            "anypoint_api_instance.orders_api",
            "anypoint_api_instance_sla_tier.gold",
            "anypoint_api_instance_sla_tier.silver",
            "anypoint_api_instance_sla_tier.trial",
            "anypoint_api_policy_ip_allowlist.orders_ip_allow",
            "anypoint_api_policy_jwt_validation.orders_jwt",
            "anypoint_api_policy_rate_limiting.orders_rate_limit",
            "anypoint_connected_app_scopes.app_permissions",
            "anypoint_environment.production",
            "anypoint_environment.sandbox",
            "anypoint_flex_tls_context.flex",
            "anypoint_managed_flexgateway.commerce-gateway",
            "anypoint_organization.commerce_bu",
            "anypoint_private_space.private_space",
            "anypoint_secret_group.main",
            "anypoint_secret_group_keystore.tls",
            "anypoint_secret_group_truststore.ca"
          ]
        }
      ]
    },
    {
      "mode": "managed",
      "type": "anypoint_api_instance_sla_tier",
      "name": "gold",
      "provider": "provider[\"sf.com/mulesoft/anypoint\"]",
      "instances": [
        {
          "schema_version": 0,
          "attributes": {
            "api_instance_id": "4689912",
            "auto_approve": false,
            "description": "Premium tier – 1000 req/min",
            "environment_id": "c0c9f7f5-57bb-4333-82d7-dbdcab912234",
            "id": "1654500",
            "limits": [
              {
                "maximum_requests": 1000,
                "time_period_in_milliseconds": 60000,
                "visible": true
              }
            ],
            "name": "Gold",
            "organization_id": "542cc7e3-2143-40ce-90e9-cf69da9b4da6",
            "status": "ACTIVE"
          },
          "sensitive_attributes": [],
          "identity_schema_version": 0,
          "dependencies": [
            "anypoint_api_instance.orders_api",
            "anypoint_connected_app_scopes.app_permissions",
            "anypoint_environment.production",
            "anypoint_environment.sandbox",
            "anypoint_flex_tls_context.flex",
            "anypoint_managed_flexgateway.commerce-gateway",
            "anypoint_organization.commerce_bu",
            "anypoint_private_space.private_space",
            "anypoint_secret_group.main",
            "anypoint_secret_group_keystore.tls",
            "anypoint_secret_group_truststore.ca"
          ]
        }
      ]
    },
    {
      "mode": "managed",
      "type": "anypoint_api_instance_sla_tier",
      "name": "silver",
      "provider": "provider[\"sf.com/mulesoft/anypoint\"]",
      "instances": [
        {
          "schema_version": 0,
          "attributes": {
            "api_instance_id": "4689912",
            "auto_approve": true,
            "description": "Standard tier – 200 req/min",
            "environment_id": "c0c9f7f5-57bb-4333-82d7-dbdcab912234",
            "id": "1654499",
            "limits": [
              {
                "maximum_requests": 200,
                "time_period_in_milliseconds": 60000,
                "visible": true
              }
            ],
            "name": "Silver",
            "organization_id": "542cc7e3-2143-40ce-90e9-cf69da9b4da6",
            "status": "ACTIVE"
          },
          "sensitive_attributes": [],
          "identity_schema_version": 0,
          "dependencies": [
            "anypoint_api_instance.orders_api",
            "anypoint_connected_app_scopes.app_permissions",
            "anypoint_environment.production",
            "anypoint_environment.sandbox",
            "anypoint_flex_tls_context.flex",
            "anypoint_managed_flexgateway.commerce-gateway",
            "anypoint_organization.commerce_bu",
            "anypoint_private_space.private_space",
            "anypoint_secret_group.main",
            "anypoint_secret_group_keystore.tls",
            "anypoint_secret_group_truststore.ca"
          ]
        }
      ]
    },
    {
      "mode": "managed",
      "type": "anypoint_api_instance_sla_tier",
      "name": "trial",
      "provider": "provider[\"sf.com/mulesoft/anypoint\"]",
      "instances": [
        {
          "schema_version": 0,
          "attributes": {
            "api_instance_id": "4689912",
            "auto_approve": true,
            "description": "Evaluation tier – 10 req/min, auto-approved",
            "environment_id": "c0c9f7f5-57bb-4333-82d7-dbdcab912234",
            "id": "1654498",
            "limits": [
              {
                "maximum_requests": 10,
                "time_period_in_milliseconds": 60000,
                "visible": true
              }
            ],
            "name": "Trial",
            "organization_id": "542cc7e3-2143-40ce-90e9-cf69da9b4da6",
            "status": "ACTIVE"
          },
          "sensitive_attributes": [],
          "identity_schema_version": 0,
          "dependencies": [
            "anypoint_api_instance.orders_api",
            "anypoint_connected_app_scopes.app_permissions",
            "anypoint_environment.production",
            "anypoint_environment.sandbox",
            "anypoint_flex_tls_context.flex",
            "anypoint_managed_flexgateway.commerce-gateway",
            "anypoint_organization.commerce_bu",
            "anypoint_private_space.private_space",
            "anypoint_secret_group.main",
            "anypoint_secret_group_keystore.tls",
            "anypoint_secret_group_truststore.ca"
          ]
        }
      ]
    },
    {
      "mode": "managed",
      "type": "anypoint_api_policy_ip_allowlist",
      "name": "orders_ip_allow",
      "provider": "provider[\"sf.com/mulesoft/anypoint\"]",
      "instances": [
        {
          "schema_version": 0,
          "attributes": {
            "api_instance_id": "4689912",
            "asset_version": "1.1.2",
            "configuration": {
              "ip_expression": "#[attributes.headers['x-forwarded-for']]",
              "ips": {
                "value": [
                  "10.0.0.0/8",
                  "172.16.0.0/12",
                  "192.168.0.0/16"
                ],
                "type": [
                  "tuple",
                  [
                    "string",
                    "string",
                    "string"
                  ]
                ]
              },
              "methods_string": null
            },
            "disabled": false,
            "environment_id": "c0c9f7f5-57bb-4333-82d7-dbdcab912234",
            "id": "6012859",
            "label": null,
            "order": 3,
            "organization_id": "542cc7e3-2143-40ce-90e9-cf69da9b4da6",
            "policy_template_id": "1173",
            "upstream_ids": []
          },
          "sensitive_attributes": [],
          "identity_schema_version": 0,
          "dependencies": [
            "anypoint_api_instance.orders_api",
            "anypoint_connected_app_scopes.app_permissions",
            "anypoint_environment.production",
            "anypoint_environment.sandbox",
            "anypoint_flex_tls_context.flex",
            "anypoint_managed_flexgateway.commerce-gateway",
            "anypoint_organization.commerce_bu",
            "anypoint_private_space.private_space",
            "anypoint_secret_group.main",
            "anypoint_secret_group_keystore.tls",
            "anypoint_secret_group_truststore.ca"
          ]
        }
      ]
    },
    {
      "mode": "managed",
      "type": "anypoint_api_policy_jwt_validation",
      "name": "orders_jwt",
      "provider": "provider[\"sf.com/mulesoft/anypoint\"]",
      "instances": [
        {
          "schema_version": 0,
          "attributes": {
            "api_instance_id": "4689912",
            "asset_version": "0.12.0",
            "configuration": {
              "claims_to_headers": {
                "value": [],
                "type": [
                  "tuple",
                  []
                ]
              },
              "client_id_expression": "#[vars.claimSet.client_id]",
              "custom_key_expression": "#[authentication.properties['key_to_your_public_pem_certificate']]",
              "jwks_service_connection_timeout": 10000,
              "jwks_service_time_to_live": 60,
              "jwks_url": "http://your-jwks-service.example:80/base/path",
              "jwt_expression": "#[attributes.headers['jwt']]",
              "jwt_key_origin": "text",
              "jwt_origin": "httpBearerAuthenticationHeader",
              "mandatory_aud_claim": true,
              "mandatory_custom_claims": {
                "value": [],
                "type": [
                  "tuple",
                  []
                ]
              },
              "mandatory_exp_claim": true,
              "mandatory_nbf_claim": true,
              "non_mandatory_custom_claims": {
                "value": [],
                "type": [
                  "tuple",
                  []
                ]
              },
              "signing_key_length": 256,
              "signing_method": "rsa",
              "skip_client_id_validation": false,
              "supported_audiences": "aud.example.com",
              "text_key": "your-(256|384|512)-bit-secret",
              "validate_aud_claim": true,
              "validate_custom_claim": true
            },
            "disabled": true,
            "environment_id": "c0c9f7f5-57bb-4333-82d7-dbdcab912234",
            "id": "6012858",
            "label": "jwt-rsa",
            "order": 1,
            "organization_id": "542cc7e3-2143-40ce-90e9-cf69da9b4da6",
            "policy_template_id": "810",
            "upstream_ids": []
          },
          "sensitive_attributes": [],
          "identity_schema_version": 0,
          "dependencies": [
            "anypoint_api_instance.orders_api",
            "anypoint_connected_app_scopes.app_permissions",
            "anypoint_environment.production",
            "anypoint_environment.sandbox",
            "anypoint_flex_tls_context.flex",
            "anypoint_managed_flexgateway.commerce-gateway",
            "anypoint_organization.commerce_bu",
            "anypoint_private_space.private_space",
            "anypoint_secret_group.main",
            "anypoint_secret_group_keystore.tls",
            "anypoint_secret_group_truststore.ca"
          ]
        }
      ]
    },
    {
      "mode": "managed",
      "type": "anypoint_api_policy_rate_limiting",
      "name": "orders_rate_limit",
      "provider": "provider[\"sf.com/mulesoft/anypoint\"]",
      "instances": [
        {
          "schema_version": 0,
          "attributes": {
            "api_instance_id": "4689912",
            "asset_version": "1.4.1",
            "configuration": {
              "clusterizable": true,
              "expose_headers": true,
              "key_selector": null,
              "rate_limits": {
                "value": [
                  {
                    "maximum_requests": 100,
                    "time_period_in_milliseconds": 60000
                  }
                ],
                "type": [
                  "tuple",
                  [
                    [
                      "object",
                      {
                        "maximum_requests": "number",
                        "time_period_in_milliseconds": "number"
                      }
                    ]
                  ]
                ]
              }
            },
            "disabled": false,
            "environment_id": "c0c9f7f5-57bb-4333-82d7-dbdcab912234",
            "id": "6012860",
            "label": null,
            "order": 2,
            "organization_id": "542cc7e3-2143-40ce-90e9-cf69da9b4da6",
            "policy_template_id": "1184",
            "upstream_ids": []
          },
          "sensitive_attributes": [],
          "identity_schema_version": 0,
          "dependencies": [
            "anypoint_api_instance.orders_api",
            "anypoint_connected_app_scopes.app_permissions",
            "anypoint_environment.production",
            "anypoint_environment.sandbox",
            "anypoint_flex_tls_context.flex",
            "anypoint_managed_flexgateway.commerce-gateway",
            "anypoint_organization.commerce_bu",
            "anypoint_private_space.private_space",
            "anypoint_secret_group.main",
            "anypoint_secret_group_keystore.tls",
            "anypoint_secret_group_truststore.ca"
          ]
        }
      ]
    },
    {
      "mode": "managed",
      "type": "anypoint_connected_app_scopes",
      "name": "app_permissions",
      "provider": "provider[\"sf.com/mulesoft/anypoint\"].admin",
      "instances": [
        {
          "schema_version": 0,
          "attributes": {
            "connected_app_id": "e5a776d9862a4f2d8f61ba8450803908",
            "id": "e5a776d9862a4f2d8f61ba8450803908",
            "scopes": [
              {
                "context_params": {
                  "envId": "09606a5c-3449-4591-b718-401059a70501",
                  "org": "da793a73-ccd1-42e7-8af7-850e78e96cf1"
                },
                "scope": "manage:api_configuration"
              },
              {
                "context_params": {
                  "envId": "09606a5c-3449-4591-b718-401059a70501",
                  "org": "da793a73-ccd1-42e7-8af7-850e78e96cf1"
                },
                "scope": "manage:api_policies"
              },
              {
                "context_params": {
                  "envId": "09606a5c-3449-4591-b718-401059a70501",
                  "org": "da793a73-ccd1-42e7-8af7-850e78e96cf1"
                },
                "scope": "manage:apis"
              },
              {
                "context_params": {
                  "envId": "09606a5c-3449-4591-b718-401059a70501",
                  "org": "da793a73-ccd1-42e7-8af7-850e78e96cf1"
                },
                "scope": "manage:secret_groups"
              },
              {
                "context_params": {
                  "envId": "09606a5c-3449-4591-b718-401059a70501",
                  "org": "da793a73-ccd1-42e7-8af7-850e78e96cf1"
                },
                "scope": "manage:secrets"
              },
              {
                "context_params": {
                  "envId": "fcef0abd-6e6d-46b7-b548-a49c3ad997e0",
                  "org": "da793a73-ccd1-42e7-8af7-850e78e96cf1"
                },
                "scope": "manage:api_configuration"
              },
              {
                "context_params": {
                  "envId": "fcef0abd-6e6d-46b7-b548-a49c3ad997e0",
                  "org": "da793a73-ccd1-42e7-8af7-850e78e96cf1"
                },
                "scope": "manage:api_policies"
              },
              {
                "context_params": {
                  "envId": "fcef0abd-6e6d-46b7-b548-a49c3ad997e0",
                  "org": "da793a73-ccd1-42e7-8af7-850e78e96cf1"
                },
                "scope": "manage:apis"
              },
              {
                "context_params": {
                  "org": "da793a73-ccd1-42e7-8af7-850e78e96cf1"
                },
                "scope": "admin:cloudhub"
              },
              {
                "context_params": {
                  "org": "da793a73-ccd1-42e7-8af7-850e78e96cf1"
                },
                "scope": "create:environment"
              },
              {
                "context_params": {
                  "org": "da793a73-ccd1-42e7-8af7-850e78e96cf1"
                },
                "scope": "manage:api_groups"
              },
              {
                "context_params": {
                  "org": "da793a73-ccd1-42e7-8af7-850e78e96cf1"
                },
                "scope": "manage:cloudhub_networking"
              },
              {
                "context_params": {
                  "org": "da793a73-ccd1-42e7-8af7-850e78e96cf1"
                },
                "scope": "manage:runtime_fabrics"
              }
            ]
          },
          "sensitive_attributes": [
            [
              {
                "type": "get_attr",
                "value": "connected_app_id"
              }
            ]
          ],
          "identity_schema_version": 0,
          "dependencies": [
            "anypoint_environment.production",
            "anypoint_environment.sandbox",
            "anypoint_organization.commerce_bu"
          ]
        }
      ]
    },
    {
      "mode": "managed",
      "type": "anypoint_environment",
      "name": "production",
      "provider": "provider[\"sf.com/mulesoft/anypoint\"].admin",
      "instances": [
        {
          "schema_version": 0,
          "attributes": {
            "arc_namespace": null,
            "client_id": "e0be6f5fd095418cb8c62b9eed902635",
            "id": "fcef0abd-6e6d-46b7-b548-a49c3ad997e0",
            "is_production": true,
            "name": "my-prod",
            "organization_id": "da793a73-ccd1-42e7-8af7-850e78e96cf1",
            "type": "production"
          },
          "sensitive_attributes": [],
          "identity_schema_version": 0,
          "dependencies": [
            "anypoint_organization.commerce_bu"
          ]
        }
      ]
    },
    {
      "mode": "managed",
      "type": "anypoint_environment",
      "name": "sandbox",
      "provider": "provider[\"sf.com/mulesoft/anypoint\"].admin",
      "instances": [
        {
          "schema_version": 0,
          "attributes": {
            "arc_namespace": null,
            "client_id": "19d5ed69e7994fe9a4afe9cd66868cc4",
            "id": "09606a5c-3449-4591-b718-401059a70501",
            "is_production": false,
            "name": "my-dev",
            "organization_id": "da793a73-ccd1-42e7-8af7-850e78e96cf1",
            "type": "sandbox"
          },
          "sensitive_attributes": [],
          "identity_schema_version": 0,
          "dependencies": [
            "anypoint_organization.commerce_bu"
          ]
        }
      ]
    },
    {
      "mode": "managed",
      "type": "anypoint_flex_tls_context",
      "name": "flex",
      "provider": "provider[\"sf.com/mulesoft/anypoint\"]",
      "instances": [
        {
          "schema_version": 0,
          "attributes": {
            "alpn_protocols": [
              "h2",
              "http/1.1"
            ],
            "cipher_suites": null,
            "enable_client_cert_validation": false,
            "environment_id": "c0c9f7f5-57bb-4333-82d7-dbdcab912234",
            "expiration_date": "2027-03-15",
            "id": "6ec35607-cf7a-45f3-a5a6-c236520d1480",
            "keystore_id": "14730f5b-c307-4ebb-bd73-a180f94a535c",
            "max_tls_version": "TLSv1.3",
            "min_tls_version": "TLSv1.3",
            "name": "commerce-flex-tls-context",
            "organization_id": "542cc7e3-2143-40ce-90e9-cf69da9b4da6",
            "secret_group_id": "18a3b7c2-aa29-4f7f-a0e2-af4d21c24752",
            "skip_server_cert_validation": false,
            "target": "FlexGateway",
            "truststore_id": "524a4ace-6f6d-4343-8003-ef8ce8ea6247"
          },
          "sensitive_attributes": [],
          "identity_schema_version": 0,
          "dependencies": [
            "anypoint_connected_app_scopes.app_permissions",
            "anypoint_environment.production",
            "anypoint_environment.sandbox",
            "anypoint_organization.commerce_bu",
            "anypoint_private_space.private_space",
            "anypoint_secret_group.main",
            "anypoint_secret_group_keystore.tls",
            "anypoint_secret_group_truststore.ca"
          ]
        }
      ]
    },
    {
      "mode": "managed",
      "type": "anypoint_managed_flexgateway",
      "name": "commerce-gateway",
      "provider": "provider[\"sf.com/mulesoft/anypoint\"]",
      "instances": [
        {
          "schema_version": 0,
          "attributes": {
            "environment_id": "c0c9f7f5-57bb-4333-82d7-dbdcab912234",
            "id": "b0d2798b-ebad-4ca5-bdf3-b92e2b9fc8b4",
            "ingress": {
              "forward_ssl_session": true,
              "internal_url": "https://commerce-gateway-60fef.internal-z7yt26.usa-e2.stgx.cloudhub.io",
              "last_mile_security": true,
              "public_url": "https://commerce-gateway-60fef.z7yt26.usa-e2.stgx.cloudhub.io"
            },
            "logging": {
              "forward_logs": true,
              "level": "info"
            },
            "name": "commerce-gateway",
            "organization_id": "542cc7e3-2143-40ce-90e9-cf69da9b4da6",
            "properties": {
              "connection_idle_timeout": 60,
              "upstream_response_timeout": 15
            },
            "release_channel": "lts",
            "runtime_version": "1.12.2",
            "size": "small",
            "status": "APPLIED",
            "target_id": "675c4efb-d44e-44cd-ac6f-d5a1128e6236",
            "tracing": {
              "enabled": false
            }
          },
          "sensitive_attributes": [],
          "identity_schema_version": 0,
          "dependencies": [
            "anypoint_connected_app_scopes.app_permissions",
            "anypoint_environment.production",
            "anypoint_environment.sandbox",
            "anypoint_flex_tls_context.flex",
            "anypoint_organization.commerce_bu",
            "anypoint_private_space.private_space",
            "anypoint_secret_group.main",
            "anypoint_secret_group_keystore.tls",
            "anypoint_secret_group_truststore.ca"
          ]
        }
      ]
    },
    {
      "mode": "managed",
      "type": "anypoint_managed_flexgateway",
      "name": "commerce-suborg-gateway",
      "provider": "provider[\"sf.com/mulesoft/anypoint\"]",
      "instances": [
        {
          "schema_version": 0,
          "attributes": {
            "environment_id": "09606a5c-3449-4591-b718-401059a70501",
            "id": "41792bc9-2258-490c-b165-88d1bb42b35a",
            "ingress": {
              "forward_ssl_session": true,
              "internal_url": "https://commerce-suborg-gateway-f2byxh.internal-l1slo.usa-e2.stgx.cloudhub.io",
              "last_mile_security": true,
              "public_url": "https://commerce-suborg-gateway-f2byxh.l1slo.usa-e2.stgx.cloudhub.io"
            },
            "logging": {
              "forward_logs": true,
              "level": "info"
            },
            "name": "commerce-suborg-gateway",
            "organization_id": "da793a73-ccd1-42e7-8af7-850e78e96cf1",
            "properties": {
              "connection_idle_timeout": 60,
              "upstream_response_timeout": 15
            },
            "release_channel": "lts",
            "runtime_version": "1.12.3",
            "size": "small",
            "status": "APPLIED",
            "target_id": "d181a9b0-420a-4358-821a-b3f4ebc9a4c4",
            "tracing": {
              "enabled": false
            }
          },
          "sensitive_attributes": [],
          "identity_schema_version": 0,
          "dependencies": [
            "anypoint_connected_app_scopes.app_permissions",
            "anypoint_environment.production",
            "anypoint_environment.sandbox",
            "anypoint_organization.commerce_bu",
            "anypoint_private_space.private_space"
          ]
        }
      ]
    },
    {
      "mode": "managed",
      "type": "anypoint_organization",
      "name": "commerce_bu",
      "provider": "provider[\"sf.com/mulesoft/anypoint\"].admin",
      "instances": [
        {
          "schema_version": 0,
          "attributes": {
            "client_id": "4d07f9853e7b4bc395987df5cd38e1f6",
            "created_at": "2026-04-15T20:37:35.409Z",
            "deleted_at": null,
            "domain": null,
            "entitlements": {
              "create_environments": true,
              "create_sub_orgs": false,
              "design_center": {
                "api": true,
                "mozart": false
              },
              "flex_gateway": null,
              "gateways": null,
              "global_deployment": false,
              "hybrid": {
                "enabled": true
              },
              "load_balancer": {
                "assigned": 0
              },
              "managed_gateway_large": {
                "assigned": 0
              },
              "managed_gateway_small": {
                "assigned": 1
              },
              "mq_messages": {
                "add_on": 0,
                "base": 0
              },
              "mq_requests": {
                "add_on": 0,
                "base": 0
              },
              "network_connections": {
                "assigned": 1,
                "reassigned": 0
              },
              "runtime_fabric": true,
              "service_mesh": null,
              "static_ips": {
                "assigned": 0,
                "reassigned": 0
              },
              "vcores_design": {
                "assigned": 1,
                "reassigned": 0
              },
              "vcores_production": {
                "assigned": 1,
                "reassigned": 0
              },
              "vcores_sandbox": {
                "assigned": 1,
                "reassigned": 0
              },
              "vpcs": {
                "assigned": 1,
                "reassigned": 0
              },
              "vpns": {
                "assigned": 0,
                "reassigned": 0
              },
              "worker_logging_override": {
                "enabled": false
              }
            },
            "environments": [
              {
                "arc_namespace": null,
                "client_id": "e20f82e4f1b4473081cb60bc2b635f59",
                "id": "55af1a44-68ee-4217-a828-6243d4cafccc",
                "is_production": false,
                "name": "Design",
                "organization_id": "da793a73-ccd1-42e7-8af7-850e78e96cf1",
                "type": "design"
              },
              {
                "arc_namespace": null,
                "client_id": "19d5ed69e7994fe9a4afe9cd66868cc4",
                "id": "09606a5c-3449-4591-b718-401059a70501",
                "is_production": false,
                "name": "my-dev",
                "organization_id": "da793a73-ccd1-42e7-8af7-850e78e96cf1",
                "type": "sandbox"
              },
              {
                "arc_namespace": null,
                "client_id": "e0be6f5fd095418cb8c62b9eed902635",
                "id": "fcef0abd-6e6d-46b7-b548-a49c3ad997e0",
                "is_production": true,
                "name": "my-prod",
                "organization_id": "da793a73-ccd1-42e7-8af7-850e78e96cf1",
                "type": "production"
              },
              {
                "arc_namespace": null,
                "client_id": "829ef76c09e3443badb80f6b9059959b",
                "id": "519ac1d9-1c3c-4bbd-929d-6b7493456a24",
                "is_production": false,
                "name": "Sandbox",
                "organization_id": "da793a73-ccd1-42e7-8af7-850e78e96cf1",
                "type": "sandbox"
              }
            ],
            "gdot_id": null,
            "id": "da793a73-ccd1-42e7-8af7-850e78e96cf1",
            "idprovider_id": "mulesoft",
            "is_automatic_admin_promotion_exempt": false,
            "is_federated": false,
            "is_master": false,
            "is_root": false,
            "mfa_required": null,
            "name": "Commerce Business Unit",
            "org_type": "anypoint",
            "owner_id": "f7f43384-b33e-470c-ad4c-285aa0c01212",
            "parent_organization_id": "542cc7e3-2143-40ce-90e9-cf69da9b4da6",
            "parent_organization_ids": [
              "542cc7e3-2143-40ce-90e9-cf69da9b4da6"
            ],
            "session_timeout": 0,
            "sub_organization_ids": [],
            "subscription": null,
            "tenant_organization_ids": [],
            "updated_at": "2026-04-19T18:33:36.175Z"
          },
          "sensitive_attributes": [],
          "identity_schema_version": 0
        }
      ]
    },
    {
      "mode": "managed",
      "type": "anypoint_private_network",
      "name": "sandbox_network",
      "provider": "provider[\"sf.com/mulesoft/anypoint\"]",
      "instances": [
        {
          "schema_version": 0,
          "attributes": {
            "cidr_block": "10.0.0.0/16",
            "dns_target": "l1slo.usa-e2.stgx.cloudhub.io",
            "id": "d181a9b0-420a-4358-821a-b3f4ebc9a4c4",
            "inbound_internal_static_ips": [
              "10.0.155.54",
              "10.0.198.254",
              "10.0.92.91"
            ],
            "inbound_static_ips": [
              "18.119.228.222",
              "18.220.67.115",
              "3.148.128.66"
            ],
            "name": "commerce-private-space",
            "organization_id": "da793a73-ccd1-42e7-8af7-850e78e96cf1",
            "outbound_static_ips": [
              "18.119.144.144",
              "18.223.104.141",
              "3.13.220.6"
            ],
            "private_space_id": "d181a9b0-420a-4358-821a-b3f4ebc9a4c4",
            "region": "us-east-2",
            "reserved_cidrs": null
          },
          "sensitive_attributes": [],
          "identity_schema_version": 0,
          "dependencies": [
            "anypoint_connected_app_scopes.app_permissions",
            "anypoint_environment.production",
            "anypoint_environment.sandbox",
            "anypoint_organization.commerce_bu",
            "anypoint_private_space.private_space"
          ]
        }
      ]
    },
    {
      "mode": "managed",
      "type": "anypoint_private_space",
      "name": "private_space",
      "provider": "provider[\"sf.com/mulesoft/anypoint\"]",
      "instances": [
        {
          "schema_version": 0,
          "attributes": {
            "days_left_for_relaxed_quota": 0,
            "enable_egress": true,
            "enable_iam_role": false,
            "firewall_rules": null,
            "global_space_status": null,
            "id": "d181a9b0-420a-4358-821a-b3f4ebc9a4c4",
            "managed_firewall_rules": null,
            "mule_app_deployment_count": 0,
            "name": "commerce-private-space",
            "organization_id": "da793a73-ccd1-42e7-8af7-850e78e96cf1",
            "region": "us-east-2",
            "root_organization_id": "542cc7e3-2143-40ce-90e9-cf69da9b4da6",
            "status": "Active",
            "vpc_migration_in_progress": false
          },
          "sensitive_attributes": [],
          "identity_schema_version": 0,
          "dependencies": [
            "anypoint_connected_app_scopes.app_permissions",
            "anypoint_environment.production",
            "anypoint_environment.sandbox",
            "anypoint_organization.commerce_bu"
          ]
        }
      ]
    },
    {
      "mode": "managed",
      "type": "anypoint_secret_group",
      "name": "main",
      "provider": "provider[\"sf.com/mulesoft/anypoint\"]",
      "instances": [
        {
          "schema_version": 0,
          "attributes": {
            "current_state": "active",
            "downloadable": false,
            "environment_id": "c0c9f7f5-57bb-4333-82d7-dbdcab912234",
            "id": "18a3b7c2-aa29-4f7f-a0e2-af4d21c24752",
            "name": "commerce-secrets-group",
            "organization_id": "542cc7e3-2143-40ce-90e9-cf69da9b4da6"
          },
          "sensitive_attributes": [],
          "identity_schema_version": 0,
          "dependencies": [
            "anypoint_connected_app_scopes.app_permissions",
            "anypoint_environment.production",
            "anypoint_environment.sandbox",
            "anypoint_organization.commerce_bu",
            "anypoint_private_space.private_space"
          ]
        }
      ]
    },
    {
      "mode": "managed",
      "type": "anypoint_secret_group_keystore",
      "name": "tls",
      "provider": "provider[\"sf.com/mulesoft/anypoint\"]",
      "instances": [
        {
          "schema_version": 0,
          "attributes": {
            "algorithm": "",
            "alias": null,
            "ca_path_base64": null,
            "certificate_base64": "LS0tLS1CRUdJTiBDRVJUSUZJQ0FURS0tLS0tCk1JSUQ1ekNDQXMrZ0F3SUJBZ0lVVTFVaTl5UkkrYW91SGkwUTJpMGMzaHRhb0Znd0RRWUpLb1pJaHZjTkFRRUwKQlFBd2dZSXhDekFKQmdOVkJBWVRBbFZUTVJNd0VRWURWUVFJREFwRFlXeHBabTl5Ym1saE1SWXdGQVlEVlFRSApEQTFUWVc0Z1JuSmhibU5wYzJOdk1SRXdEd1lEVlFRS0RBaE5kV3hsVTI5bWRERVVNQklHQTFVRUN3d0xSVzVuCmFXNWxaWEpwYm1jeEhUQWJCZ05WQkFNTUZHVjRZVzF3YkdVdWJYVnNaWE52Wm5RdVkyOXRNQjRYRFRJMk1ETXgKTlRFNU5ETXdNMW9YRFRJM01ETXhOVEU1TkRNd00xb3dnWUl4Q3pBSkJnTlZCQVlUQWxWVE1STXdFUVlEVlFRSQpEQXBEWVd4cFptOXlibWxoTVJZd0ZBWURWUVFIREExVFlXNGdSbkpoYm1OcGMyTnZNUkV3RHdZRFZRUUtEQWhOCmRXeGxVMjltZERFVU1CSUdBMVVFQ3d3TFJXNW5hVzVsWlhKcGJtY3hIVEFiQmdOVkJBTU1GR1Y0WVcxd2JHVXUKYlhWc1pYTnZablF1WTI5dE1JSUJJakFOQmdrcWhraUc5dzBCQVFFRkFBT0NBUThBTUlJQkNnS0NBUUVBdFBTUwp4U1REMnphU0E4R1NrUWhEREgrODUxakRZYUJpSk5QamN3a2xxUUlPWmZ0MGduUk95UlovbWRuYXZTaERWUHhxClIxVlRTZmN2VnlhQzdtSTNlQXJIc3dWTnRwSlpHMTNhcXhoL0xvYkxtZk1ZYlZDV3FDempHN09tVjZQd0FHUlkKVitqcnhGTDB1cEs5M3hHMTNQUnNHNHk5Z2s2dVBuekg0bWxkSlBNSUo1YWZ4SGQvN2sxUFM4QXRqemkyLzNYUApoRlhBZ2hnUnlMVGlpaFBWOEcvTVN2RHJybXpYaHBIRTJsc3prOWR0TDBqVXgwNmg3a0J2cVpBRENxR0xsSzQ0CkhvWitRQlV4QlB6VlNOajJDM25qZWVNWU1oTFdTVmZUemFKSVB2WVNsZDRrUk04MXZOSUNkL0d2b3hzZE4xU0EKcUkyZ0ZGSG43SjdqNWNIcDF3SURBUUFCbzFNd1VUQWRCZ05WSFE0RUZnUVU4UVhYUUlNMDZoNUpZV29VcVRwdwo3czFEWVc0d0h3WURWUjBqQkJnd0ZvQVU4UVhYUUlNMDZoNUpZV29VcVRwdzdzMURZVzR3RHdZRFZSMFRBUUgvCkJBVXdBd0VCL3pBTkJna3Foa2lHOXcwQkFRc0ZBQU9DQVFFQW5yNzVEbzB1WE9zUVlHZU1VSlM1UUk4U1FmTHEKcDZiU3lCc2JSNjZRclNVcUYza0ZpcTlJZTNkZmJNM052YUh4cExqUCszV3FsTUpjcUlHZFEzVy9NNlcwNWlLVApFYU5FSzhWRlUvQWp5SndJaU81cjRDeFdiSlA3NjlGNWJqcmVJNlVtaFhjMGZoM3Z3QXkrUXlPQkVweTYxWWFPCnRwU3pNSHQ5N1F6S21xVG1kQmU1MTBNQkFleXlqQkV5MTJHYlNEcEJYYit0dzhDU212ZnNHMXl1dWtMaDRVQVgKNU44dnM5bG9LbWNHYnV5aDE4eG1WWEUrUkpacHI1ZW5OWEc1ZGg3ODhBanJDNnZDc1lyb3YzSlhuM3htajVGZgppbFBLa0NlMU8rZmFVTjhVM3RFdVM2Nktud3B0VlZaTWJLeWZ6MTBSeC9hNWxJMFJ1QlRTakpINDZBPT0KLS0tLS1FTkQgQ0VSVElGSUNBVEUtLS0tLQo=",
            "environment_id": "c0c9f7f5-57bb-4333-82d7-dbdcab912234",
            "expiration_date": "2027-03-15",
            "id": "14730f5b-c307-4ebb-bd73-a180f94a535c",
            "key_base64": "LS0tLS1CRUdJTiBQUklWQVRFIEtFWS0tLS0tCk1JSUV2Z0lCQURBTkJna3Foa2lHOXcwQkFRRUZBQVNDQktnd2dnU2tBZ0VBQW9JQkFRQzA5SkxGSk1QYk5wSUQKd1pLUkNFTU1mN3puV01OaG9HSWswK056Q1NXcEFnNWwrM1NDZEU3SkZuK1oyZHE5S0VOVS9HcEhWVk5KOXk5WApKb0x1WWpkNENzZXpCVTIya2xrYlhkcXJHSDh1aHN1Wjh4aHRVSmFvTE9NYnM2WlhvL0FBWkZoWDZPdkVVdlM2CmtyM2ZFYlhjOUd3YmpMMkNUcTQrZk1maWFWMGs4d2dubHAvRWQzL3VUVTlMd0MyUE9MYi9kYytFVmNDQ0dCSEkKdE9LS0U5WHdiOHhLOE91dWJOZUdrY1RhV3pPVDEyMHZTTlRIVHFIdVFHK3BrQU1Lb1l1VXJqZ2VobjVBRlRFRQovTlZJMlBZTGVlTjU0eGd5RXRaSlY5UE5va2crOWhLVjNpUkV6elc4MGdKMzhhK2pHeDAzVklDb2phQVVVZWZzCm51UGx3ZW5YQWdNQkFBRUNnZ0VBQnZFVThMUW1EaGtTaFg2UkJoNng2dmk3R3J4N3JreVVlbll5Q0RlWmc0ekQKaXp6K1UrbWdISURwdnpmZ3cvM2tVY0ZuSTRjMFU2YkVZTmxtZGRZSTY3VjZLTFhacktYT3l4V3FoNExBS2tOMQpVa0FTYXVzaGF0T1ZNbUVuYUZoSVZqT0RRaFRnM2JmZnhJanBrbHVmM3VZcEdZaENJdHA1UHUwR1R5NVB4Q0dKCnNnVkRkeXRGeEZXR0tWbmRkT1ZxSmJ5Sy9ZZndIOEhxZ0FIMkM1RitBOHJGNVRxR20rZGZlRXlUUnBoQmxQeTAKOW9OU245VUVkVCszMUNiMHVvV1NhUEZPZnp3U2tLZUxYWkk0VUI2TnpTMjFWMW5tQ1U2cHhMZkNVVGZuY1NQSwpOd0FKeGJUMytNMlBFYXZ6YWZkMHpEZmx2MHJyN2VYd2xVdEN2bVkrZ1FLQmdRRGI2UlV4RnNHRDdCWExtcWdVClhYOC9TaFBEb0FyZ0h6cnVManlubDFia2h1WXRXQ29tMXBlei9PTG1sZEpEYmdJNHc4T0JHMTJVUGpUaG5lUG0KUnUrZlloSWRBMm5iTjYxbHB4YksxNHBhRVNHV3RiMElaQm9SV3c1b3JvNG1xS0tLL2xWSFJ4MXdDcXpybkxmZApvWStXMG42Wm5yNWJmcGRnaE5EZTBoWXpnUUtCZ1FEU3B1Ykg1N1Q1QVE2VXVEV0QzRkRsK3dYSGlmQ05MMU5rCndsNXhUMWcvMGRRbC9VcjV2NnZTRklIMG1lUmoza2Z5Y2ZLTkxWNDJMVkJFNWFSWVV4WCtaSGpld29HWTJQYkIKY29lcm03c2twNzR2Ulh2UGVITEtHd0YrMFJrczlPaXdSYlpYWnJrMUt0aVBWL1hYekZMaUNpUFFGbnJjd3VsdQpocW5sL2xicFZ3S0JnUURJLzdDajdwV3Z1NUJzU1k2SkZyQWdxOWVHdlhoVFE1ZzhiVHg1UGVWbytUZlhpRGIyCnlydGNBcTl0Yk5FRFdzQmpHK05NMVROaU5MMW0za2FZaW91b1ZSNFRNTFNIYnN0cEZ5REpBOXJyMmE2bXJyUDUKd0d6bkloLzRaRnQvVURGSTg1QUVseVo3NnZZRVlIalo5VHBsOHoxTnNmOXhaeko3UU1vY2IwOWxnUUtCZ0FIbAplc0psOVowZ1EwOVhjVFBrc2QzQUtzY25HTUZNb2NXUWNtVTJ2NmFqYnZPQW1rSXhWWXlvbnByakg4aytZUXR2CnR5MUtNVVR2bDM5blNkbDV0Z0w2U0pSSXovM2VSaXBycTRrQjkrZFdrMEc5c0dXbndmREwyWEdZMUU4eFRUNzUKQWJFN3ZZTWJCYVFVdUtQZXRRaFA2dzZlaFRDam1KSmtKL2RvR01RMUFvR0JBSXo2Q24zWXhkbXBhKzNxY3RMUApHVzBZL2locU83SUlKOTVJNW9ET0JPUTZNNmNCYnJZZkJKRWcwc3cyazlpVC9aWkZJS2FldDRjbm4yWCtMaTJZCmc3ZHdMd2xTbEFFSFR1ZHpxbEw2SjlvakR4VjVJdUVPWlF2NE5iVG9uQnlJK2V3dmxZcG1MV2hVMHNBcUFxY0UKd1g1RC9ZTkZmbDFxaEd5eFNtMkFSRGkrCi0tLS0tRU5EIFBSSVZBVEUgS0VZLS0tLS0K",
            "keystore_file_base64": null,
            "name": "commerce-tls-keystore",
            "organization_id": "542cc7e3-2143-40ce-90e9-cf69da9b4da6",
            "passphrase": null,
            "secret_group_id": "18a3b7c2-aa29-4f7f-a0e2-af4d21c24752",
            "type": "PEM"
          },
          "sensitive_attributes": [
            [
              {
                "type": "get_attr",
                "value": "ca_path_base64"
              }
            ],
            [
              {
                "type": "get_attr",
                "value": "certificate_base64"
              }
            ],
            [
              {
                "type": "get_attr",
                "value": "key_base64"
              }
            ],
            [
              {
                "type": "get_attr",
                "value": "keystore_file_base64"
              }
            ],
            [
              {
                "type": "get_attr",
                "value": "passphrase"
              }
            ]
          ],
          "identity_schema_version": 0,
          "dependencies": [
            "anypoint_connected_app_scopes.app_permissions",
            "anypoint_environment.production",
            "anypoint_environment.sandbox",
            "anypoint_organization.commerce_bu",
            "anypoint_private_space.private_space",
            "anypoint_secret_group.main"
          ]
        }
      ]
    },
    {
      "mode": "managed",
      "type": "anypoint_secret_group_truststore",
      "name": "ca",
      "provider": "provider[\"sf.com/mulesoft/anypoint\"]",
      "instances": [
        {
          "schema_version": 0,
          "attributes": {
            "algorithm": "",
            "environment_id": "c0c9f7f5-57bb-4333-82d7-dbdcab912234",
            "expiration_date": "2036-03-12",
            "id": "524a4ace-6f6d-4343-8003-ef8ce8ea6247",
            "name": "commerce-ca-truststore",
            "organization_id": "542cc7e3-2143-40ce-90e9-cf69da9b4da6",
            "passphrase": null,
            "secret_group_id": "18a3b7c2-aa29-4f7f-a0e2-af4d21c24752",
            "truststore_base64": "LS0tLS1CRUdJTiBDRVJUSUZJQ0FURS0tLS0tCk1JSUQxekNDQXIrZ0F3SUJBZ0lVYUp2S0l0VXpUcWs0eDJ2V1JjbjlvZTZzOFBJd0RRWUpLb1pJaHZjTkFRRUwKQlFBd2V6RUxNQWtHQTFVRUJoTUNWVk14RXpBUkJnTlZCQWdNQ2tOaGJHbG1iM0p1YVdFeEZqQVVCZ05WQkFjTQpEVk5oYmlCR2NtRnVZMmx6WTI4eEVUQVBCZ05WQkFvTUNFMTFiR1ZUYjJaME1SRXdEd1lEVlFRTERBaFFiR0YwClptOXliVEVaTUJjR0ExVUVBd3dRVFhWc1pWTnZablFnVW05dmRDQkRRVEFlRncweU5qQXpNVFV4T1RVME5EVmEKRncwek5qQXpNVEl4T1RVME5EVmFNSHN4Q3pBSkJnTlZCQVlUQWxWVE1STXdFUVlEVlFRSURBcERZV3hwWm05eQpibWxoTVJZd0ZBWURWUVFIREExVFlXNGdSbkpoYm1OcGMyTnZNUkV3RHdZRFZRUUtEQWhOZFd4bFUyOW1kREVSCk1BOEdBMVVFQ3d3SVVHeGhkR1p2Y20weEdUQVhCZ05WQkFNTUVFMTFiR1ZUYjJaMElGSnZiM1FnUTBFd2dnRWkKTUEwR0NTcUdTSWIzRFFFQkFRVUFBNElCRHdBd2dnRUtBb0lCQVFEYjhXV3VySjlOcGZhZDJjOTFrODAwZHNXawpReVN0N0wrdm93YzNCOHd1N01LcitGTXFtZEd3VXlkK0E5ZjIxT3ZGRDNkTjVzODRVN09aQTVVd0Y4RTA1SmQvCnUxSXU0Zm16MUdwSE9oZTArWVdVYmsxWnU5YWd3d3lGWVlPMzUydTYrRkJLanVvVnR3WDE1aFNNeUZ6VG1WOFAKWVVvRitiRHVQa3VQd0ljVXhSZEVmL0dheDFSZG1KVllIZEhDUGJya0VIU1owM2lvSWtGeGFtd2I3KzVJa1VjNgppS0Zselp0ajJYeURwNG9UUmx2ZVZKQjVQUU1LVWxkclhxbXZSUXg4OWZKMnV6WGNRcy9NL2Z5SzZDUDdFYUFXCmRqUzB4VjFORlMza2I1Z0lwaWNRSC84aGFra2xuWkx3VE4xcnpxL2dnRWUxbnhIbHZiRVVtdGE4OTlxeEFnTUIKQUFHalV6QlJNQjBHQTFVZERnUVdCQlJsdnJOQlBZMnV0bUR1czVLUktXOUp2cGxpQXpBZkJnTlZIU01FR0RBVwpnQlJsdnJOQlBZMnV0bUR1czVLUktXOUp2cGxpQXpBUEJnTlZIUk1CQWY4RUJUQURBUUgvTUEwR0NTcUdTSWIzCkRRRUJDd1VBQTRJQkFRQ1N1YmEwcEFoa251ZE11LzZmRjhKdWhQVUNlR2Z0eDV3NmJWSkFLeVZYRHFUUTFxQlQKM1dsWVdTalB5WXZ0V2IwSk1WamFaUXgvdmxGRzBLbWJUL3NYNVZ6MzJuVkljQys4SHphL0lhb2ZEZ1BkWW9RUwpMTTdpZ0pRcEdkdUlFaUphd1pQWlArcEFMVk51WEV2SjhNek1QSmRqUXduT0JSbnZ3SGJjSDRteW9XZ01WVER3Ckd4TnBLWUY5SEluU2ZTaklvM1RJN1Fock1LTG44ckhxeWNZeWFzOERPWDlwMzRENEpLaFFRbVpjb3ZBeXFBZysKUmNqdUNmTFV2RGtkOWtGVHNhSStReGR4Y0JrMVovbDE5Z3hRNDdIcWJZcUJoU3htV1BIeStJOE1ya0xOK1hCdgpHZlZxY0hGaEQ0OGovNGw3WExZUW9TVTNKZ3A5cW5ZSldxbXAKLS0tLS1FTkQgQ0VSVElGSUNBVEUtLS0tLQo=",
            "type": "PEM"
          },
          "sensitive_attributes": [
            [
              {
                "type": "get_attr",
                "value": "passphrase"
              }
            ],
            [
              {
                "type": "get_attr",
                "value": "truststore_base64"
              }
            ]
          ],
          "identity_schema_version": 0,
          "dependencies": [
            "anypoint_connected_app_scopes.app_permissions",
            "anypoint_environment.production",
            "anypoint_environment.sandbox",
            "anypoint_organization.commerce_bu",
            "anypoint_private_space.private_space",
            "anypoint_secret_group.main"
          ]
        }
      ]
    }
  ],
  "check_results": null
}
