{
  "version": 4,
  "terraform_version": "1.12.2",
  "serial": 15,
  "lineage": "95d36262-7041-6827-aac0-6a002a385c10",
  "outputs": {
    "complete_gateway_id": {
      "value": "7a1fa178-6bfd-432d-b60e-42059f1c9798",
      "type": "string"
    },
    "complete_gateway_internal_url": {
      "value": "https://real-world-example-gateway.internal-hey4z8.usa-e2.stgx.cloudhub.io,https://real-world-example-gateway-60fef.internal-hey4z8.usa-e2.stgx.cloudhub.io/",
      "type": "string"
    },
    "complete_gateway_public_url": {
      "value": "https://example.mulesoft.com/",
      "type": "string"
    },
    "complete_gateway_status": {
      "value": "APPLIED",
      "type": "string"
    }
  },
  "resources": [
    {
      "mode": "data",
      "type": "anypoint_managed_flexgateways",
      "name": "all",
      "provider": "provider[\"sf.com/mulesoft/anypoint\"]",
      "instances": [
        {
          "schema_version": 0,
          "attributes": {
            "environment_id": "c0c9f7f5-57bb-4333-82d7-dbdcab912234",
            "gateways": [
              {
                "date_created": "2026-04-01T05:35:21.744Z",
                "id": "b972a58b-b38c-4e6e-9335-b619de36e2b1",
                "last_updated": "2026-04-02T16:25:25.910Z",
                "name": "ps-demo-gw",
                "status": "APPLIED",
                "target_id": "8469150e-4af2-425b-af48-8df0e5c9e285"
              },
              {
                "date_created": "2026-04-03T22:54:01.972Z",
                "id": "69e0be84-fa23-4379-940b-caba5c0fdd21",
                "last_updated": "2026-04-03T22:54:35.915Z",
                "name": "ps-1-gw",
                "status": "APPLIED",
                "target_id": "8469150e-4af2-425b-af48-8df0e5c9e285"
              },
              {
                "date_created": "2026-04-04T22:22:45.773Z",
                "id": "7a1fa178-6bfd-432d-b60e-42059f1c9798",
                "last_updated": "2026-04-04T22:37:05.918Z",
                "name": "real-world-example-gateway",
                "status": "APPLIED",
                "target_id": "8469150e-4af2-425b-af48-8df0e5c9e285"
              }
            ],
            "id": "542cc7e3-2143-40ce-90e9-cf69da9b4da6/c0c9f7f5-57bb-4333-82d7-dbdcab912234",
            "organization_id": "542cc7e3-2143-40ce-90e9-cf69da9b4da6"
          },
          "sensitive_attributes": [],
          "identity_schema_version": 0
        }
      ]
    },
    {
      "mode": "data",
      "type": "anypoint_secret_group_tls_contexts",
      "name": "main",
      "provider": "provider[\"sf.com/mulesoft/anypoint\"]",
      "instances": [
        {
          "schema_version": 0,
          "attributes": {
            "environment_id": "c0c9f7f5-57bb-4333-82d7-dbdcab912234",
            "organization_id": "542cc7e3-2143-40ce-90e9-cf69da9b4da6",
            "secret_group_id": "5e4d7716-5664-48de-8936-ba4060260a55",
            "tls_contexts": [
              {
                "alpn_protocols": "",
                "cipher_suites": "",
                "enable_client_cert_validation": false,
                "expiration_date": "2027-03-15",
                "id": "b0412373-9a04-4370-88cb-058c3d764cc5",
                "max_tls_version": "",
                "min_tls_version": "",
                "name": "flex-tls-context",
                "skip_server_cert_validation": false,
                "target": "FlexGateway"
              }
            ]
          },
          "sensitive_attributes": [],
          "identity_schema_version": 0
        }
      ]
    },
    {
      "mode": "managed",
      "type": "anypoint_api_instance",
      "name": "payments",
      "provider": "provider[\"sf.com/mulesoft/anypoint\"]",
      "instances": [
        {
          "schema_version": 0,
          "attributes": {
            "approval_method": "manual",
            "asset_id": "api-test",
            "asset_version": "1.0.0",
            "deployment": null,
            "endpoint": {
              "base_path": "payments",
              "consumer_endpoint": null,
              "deployment_type": "HY",
              "response_timeout": null,
              "ssl_context_id": "5e4d7716-5664-48de-8936-ba4060260a55/b0412373-9a04-4370-88cb-058c3d764cc5",
              "type": "http",
              "uri": null
            },
            "environment_id": "c0c9f7f5-57bb-4333-82d7-dbdcab912234",
            "gateway_id": "7a1fa178-6bfd-432d-b60e-42059f1c9798",
            "id": "4671422",
            "instance_label": "payments-api",
            "organization_id": "542cc7e3-2143-40ce-90e9-cf69da9b4da6",
            "product_version": "v1",
            "provider_id": null,
            "routing": [
              {
                "label": "read-traffic",
                "rules": {
                  "headers": null,
                  "host": null,
                  "methods": "GET",
                  "path": null
                },
                "upstreams": [
                  {
                    "label": "primary",
                    "uri": "http://backend-primary.internal:8080",
                    "weight": 90
                  },
                  {
                    "label": "secondary",
                    "uri": "http://backend-secondary.internal:8080",
                    "weight": 10
                  }
                ]
              },
              {
                "label": "write-traffic",
                "rules": {
                  "headers": null,
                  "host": null,
                  "methods": "POST|PUT|PATCH|DELETE",
                  "path": "/api/*"
                },
                "upstreams": [
                  {
                    "label": "primary",
                    "uri": "http://backend-primary.internal:8080",
                    "weight": 100
                  }
                ]
              }
            ],
            "spec": {
              "asset_id": "api-test",
              "group_id": "542cc7e3-2143-40ce-90e9-cf69da9b4da6",
              "version": "1.0.0"
            },
            "status": "",
            "technology": "flexGateway"
          },
          "sensitive_attributes": [],
          "identity_schema_version": 0,
          "dependencies": [
            "anypoint_secret_group.main",
            "data.anypoint_managed_flexgateways.all",
            "data.anypoint_secret_group_tls_contexts.main"
          ]
        }
      ]
    },
    {
      "mode": "managed",
      "type": "anypoint_flex_tls_context",
      "name": "flex",
      "provider": "provider[\"sf.com/mulesoft/anypoint\"]",
      "instances": [
        {
          "schema_version": 0,
          "attributes": {
            "alpn_protocols": [
              "h2",
              "http/1.1"
            ],
            "cipher_suites": null,
            "enable_client_cert_validation": false,
            "environment_id": "c0c9f7f5-57bb-4333-82d7-dbdcab912234",
            "expiration_date": "2027-03-15",
            "id": "b0412373-9a04-4370-88cb-058c3d764cc5",
            "keystore_id": "d45fd192-d7fb-4de1-b0b0-db95a131008e",
            "max_tls_version": "TLSv1.3",
            "min_tls_version": "TLSv1.3",
            "name": "flex-tls-context",
            "organization_id": "542cc7e3-2143-40ce-90e9-cf69da9b4da6",
            "secret_group_id": "5e4d7716-5664-48de-8936-ba4060260a55",
            "skip_server_cert_validation": false,
            "target": "FlexGateway",
            "truststore_id": "2ccb41f2-b64b-4e2a-ac81-7c7290cf49f9"
          },
          "sensitive_attributes": [],
          "identity_schema_version": 0,
          "dependencies": [
            "anypoint_secret_group.main",
            "anypoint_secret_group_keystore.tls",
            "anypoint_secret_group_truststore.ca"
          ]
        }
      ]
    },
    {
      "mode": "managed",
      "type": "anypoint_managed_flexgateway",
      "name": "complete",
      "provider": "provider[\"sf.com/mulesoft/anypoint\"]",
      "instances": [
        {
          "schema_version": 0,
          "attributes": {
            "environment_id": "c0c9f7f5-57bb-4333-82d7-dbdcab912234",
            "id": "7a1fa178-6bfd-432d-b60e-42059f1c9798",
            "ingress": {
              "forward_ssl_session": true,
              "internal_url": "https://real-world-example-gateway.internal-hey4z8.usa-e2.stgx.cloudhub.io,https://real-world-example-gateway-60fef.internal-hey4z8.usa-e2.stgx.cloudhub.io/",
              "last_mile_security": true,
              "public_url": "https://example.mulesoft.com/"
            },
            "logging": {
              "forward_logs": true,
              "level": "info"
            },
            "name": "real-world-example-gateway",
            "organization_id": "542cc7e3-2143-40ce-90e9-cf69da9b4da6",
            "properties": {
              "connection_idle_timeout": 60,
              "upstream_response_timeout": 15
            },
            "release_channel": "lts",
            "runtime_version": "1.12.2",
            "size": "small",
            "status": "APPLIED",
            "target_id": "8469150e-4af2-425b-af48-8df0e5c9e285",
            "tracing": {
              "enabled": false
            }
          },
          "sensitive_attributes": [],
          "identity_schema_version": 0
        }
      ]
    },
    {
      "mode": "managed",
      "type": "anypoint_secret_group",
      "name": "main",
      "provider": "provider[\"sf.com/mulesoft/anypoint\"]",
      "instances": [
        {
          "schema_version": 0,
          "attributes": {
            "current_state": "active",
            "downloadable": false,
            "environment_id": "c0c9f7f5-57bb-4333-82d7-dbdcab912234",
            "id": "5e4d7716-5664-48de-8936-ba4060260a55",
            "name": "real-world-example-secrets",
            "organization_id": "542cc7e3-2143-40ce-90e9-cf69da9b4da6"
          },
          "sensitive_attributes": [],
          "identity_schema_version": 0
        }
      ]
    },
    {
      "mode": "managed",
      "type": "anypoint_secret_group_keystore",
      "name": "tls",
      "provider": "provider[\"sf.com/mulesoft/anypoint\"]",
      "instances": [
        {
          "schema_version": 0,
          "attributes": {
            "algorithm": "",
            "alias": null,
            "ca_path_base64": null,
            "certificate_base64": "LS0tLS1CRUdJTiBDRVJUSUZJQ0FURS0tLS0tCk1JSUQ1ekNDQXMrZ0F3SUJBZ0lVVTFVaTl5UkkrYW91SGkwUTJpMGMzaHRhb0Znd0RRWUpLb1pJaHZjTkFRRUwKQlFBd2dZSXhDekFKQmdOVkJBWVRBbFZUTVJNd0VRWURWUVFJREFwRFlXeHBabTl5Ym1saE1SWXdGQVlEVlFRSApEQTFUWVc0Z1JuSmhibU5wYzJOdk1SRXdEd1lEVlFRS0RBaE5kV3hsVTI5bWRERVVNQklHQTFVRUN3d0xSVzVuCmFXNWxaWEpwYm1jeEhUQWJCZ05WQkFNTUZHVjRZVzF3YkdVdWJYVnNaWE52Wm5RdVkyOXRNQjRYRFRJMk1ETXgKTlRFNU5ETXdNMW9YRFRJM01ETXhOVEU1TkRNd00xb3dnWUl4Q3pBSkJnTlZCQVlUQWxWVE1STXdFUVlEVlFRSQpEQXBEWVd4cFptOXlibWxoTVJZd0ZBWURWUVFIREExVFlXNGdSbkpoYm1OcGMyTnZNUkV3RHdZRFZRUUtEQWhOCmRXeGxVMjltZERFVU1CSUdBMVVFQ3d3TFJXNW5hVzVsWlhKcGJtY3hIVEFiQmdOVkJBTU1GR1Y0WVcxd2JHVXUKYlhWc1pYTnZablF1WTI5dE1JSUJJakFOQmdrcWhraUc5dzBCQVFFRkFBT0NBUThBTUlJQkNnS0NBUUVBdFBTUwp4U1REMnphU0E4R1NrUWhEREgrODUxakRZYUJpSk5QamN3a2xxUUlPWmZ0MGduUk95UlovbWRuYXZTaERWUHhxClIxVlRTZmN2VnlhQzdtSTNlQXJIc3dWTnRwSlpHMTNhcXhoL0xvYkxtZk1ZYlZDV3FDempHN09tVjZQd0FHUlkKVitqcnhGTDB1cEs5M3hHMTNQUnNHNHk5Z2s2dVBuekg0bWxkSlBNSUo1YWZ4SGQvN2sxUFM4QXRqemkyLzNYUApoRlhBZ2hnUnlMVGlpaFBWOEcvTVN2RHJybXpYaHBIRTJsc3prOWR0TDBqVXgwNmg3a0J2cVpBRENxR0xsSzQ0CkhvWitRQlV4QlB6VlNOajJDM25qZWVNWU1oTFdTVmZUemFKSVB2WVNsZDRrUk04MXZOSUNkL0d2b3hzZE4xU0EKcUkyZ0ZGSG43SjdqNWNIcDF3SURBUUFCbzFNd1VUQWRCZ05WSFE0RUZnUVU4UVhYUUlNMDZoNUpZV29VcVRwdwo3czFEWVc0d0h3WURWUjBqQkJnd0ZvQVU4UVhYUUlNMDZoNUpZV29VcVRwdzdzMURZVzR3RHdZRFZSMFRBUUgvCkJBVXdBd0VCL3pBTkJna3Foa2lHOXcwQkFRc0ZBQU9DQVFFQW5yNzVEbzB1WE9zUVlHZU1VSlM1UUk4U1FmTHEKcDZiU3lCc2JSNjZRclNVcUYza0ZpcTlJZTNkZmJNM052YUh4cExqUCszV3FsTUpjcUlHZFEzVy9NNlcwNWlLVApFYU5FSzhWRlUvQWp5SndJaU81cjRDeFdiSlA3NjlGNWJqcmVJNlVtaFhjMGZoM3Z3QXkrUXlPQkVweTYxWWFPCnRwU3pNSHQ5N1F6S21xVG1kQmU1MTBNQkFleXlqQkV5MTJHYlNEcEJYYit0dzhDU212ZnNHMXl1dWtMaDRVQVgKNU44dnM5bG9LbWNHYnV5aDE4eG1WWEUrUkpacHI1ZW5OWEc1ZGg3ODhBanJDNnZDc1lyb3YzSlhuM3htajVGZgppbFBLa0NlMU8rZmFVTjhVM3RFdVM2Nktud3B0VlZaTWJLeWZ6MTBSeC9hNWxJMFJ1QlRTakpINDZBPT0KLS0tLS1FTkQgQ0VSVElGSUNBVEUtLS0tLQo=",
            "environment_id": "c0c9f7f5-57bb-4333-82d7-dbdcab912234",
            "expiration_date": "2027-03-15",
            "id": "d45fd192-d7fb-4de1-b0b0-db95a131008e",
            "key_base64": "LS0tLS1CRUdJTiBQUklWQVRFIEtFWS0tLS0tCk1JSUV2Z0lCQURBTkJna3Foa2lHOXcwQkFRRUZBQVNDQktnd2dnU2tBZ0VBQW9JQkFRQzA5SkxGSk1QYk5wSUQKd1pLUkNFTU1mN3puV01OaG9HSWswK056Q1NXcEFnNWwrM1NDZEU3SkZuK1oyZHE5S0VOVS9HcEhWVk5KOXk5WApKb0x1WWpkNENzZXpCVTIya2xrYlhkcXJHSDh1aHN1Wjh4aHRVSmFvTE9NYnM2WlhvL0FBWkZoWDZPdkVVdlM2CmtyM2ZFYlhjOUd3YmpMMkNUcTQrZk1maWFWMGs4d2dubHAvRWQzL3VUVTlMd0MyUE9MYi9kYytFVmNDQ0dCSEkKdE9LS0U5WHdiOHhLOE91dWJOZUdrY1RhV3pPVDEyMHZTTlRIVHFIdVFHK3BrQU1Lb1l1VXJqZ2VobjVBRlRFRQovTlZJMlBZTGVlTjU0eGd5RXRaSlY5UE5va2crOWhLVjNpUkV6elc4MGdKMzhhK2pHeDAzVklDb2phQVVVZWZzCm51UGx3ZW5YQWdNQkFBRUNnZ0VBQnZFVThMUW1EaGtTaFg2UkJoNng2dmk3R3J4N3JreVVlbll5Q0RlWmc0ekQKaXp6K1UrbWdISURwdnpmZ3cvM2tVY0ZuSTRjMFU2YkVZTmxtZGRZSTY3VjZLTFhacktYT3l4V3FoNExBS2tOMQpVa0FTYXVzaGF0T1ZNbUVuYUZoSVZqT0RRaFRnM2JmZnhJanBrbHVmM3VZcEdZaENJdHA1UHUwR1R5NVB4Q0dKCnNnVkRkeXRGeEZXR0tWbmRkT1ZxSmJ5Sy9ZZndIOEhxZ0FIMkM1RitBOHJGNVRxR20rZGZlRXlUUnBoQmxQeTAKOW9OU245VUVkVCszMUNiMHVvV1NhUEZPZnp3U2tLZUxYWkk0VUI2TnpTMjFWMW5tQ1U2cHhMZkNVVGZuY1NQSwpOd0FKeGJUMytNMlBFYXZ6YWZkMHpEZmx2MHJyN2VYd2xVdEN2bVkrZ1FLQmdRRGI2UlV4RnNHRDdCWExtcWdVClhYOC9TaFBEb0FyZ0h6cnVManlubDFia2h1WXRXQ29tMXBlei9PTG1sZEpEYmdJNHc4T0JHMTJVUGpUaG5lUG0KUnUrZlloSWRBMm5iTjYxbHB4YksxNHBhRVNHV3RiMElaQm9SV3c1b3JvNG1xS0tLL2xWSFJ4MXdDcXpybkxmZApvWStXMG42Wm5yNWJmcGRnaE5EZTBoWXpnUUtCZ1FEU3B1Ykg1N1Q1QVE2VXVEV0QzRkRsK3dYSGlmQ05MMU5rCndsNXhUMWcvMGRRbC9VcjV2NnZTRklIMG1lUmoza2Z5Y2ZLTkxWNDJMVkJFNWFSWVV4WCtaSGpld29HWTJQYkIKY29lcm03c2twNzR2Ulh2UGVITEtHd0YrMFJrczlPaXdSYlpYWnJrMUt0aVBWL1hYekZMaUNpUFFGbnJjd3VsdQpocW5sL2xicFZ3S0JnUURJLzdDajdwV3Z1NUJzU1k2SkZyQWdxOWVHdlhoVFE1ZzhiVHg1UGVWbytUZlhpRGIyCnlydGNBcTl0Yk5FRFdzQmpHK05NMVROaU5MMW0za2FZaW91b1ZSNFRNTFNIYnN0cEZ5REpBOXJyMmE2bXJyUDUKd0d6bkloLzRaRnQvVURGSTg1QUVseVo3NnZZRVlIalo5VHBsOHoxTnNmOXhaeko3UU1vY2IwOWxnUUtCZ0FIbAplc0psOVowZ1EwOVhjVFBrc2QzQUtzY25HTUZNb2NXUWNtVTJ2NmFqYnZPQW1rSXhWWXlvbnByakg4aytZUXR2CnR5MUtNVVR2bDM5blNkbDV0Z0w2U0pSSXovM2VSaXBycTRrQjkrZFdrMEc5c0dXbndmREwyWEdZMUU4eFRUNzUKQWJFN3ZZTWJCYVFVdUtQZXRRaFA2dzZlaFRDam1KSmtKL2RvR01RMUFvR0JBSXo2Q24zWXhkbXBhKzNxY3RMUApHVzBZL2locU83SUlKOTVJNW9ET0JPUTZNNmNCYnJZZkJKRWcwc3cyazlpVC9aWkZJS2FldDRjbm4yWCtMaTJZCmc3ZHdMd2xTbEFFSFR1ZHpxbEw2SjlvakR4VjVJdUVPWlF2NE5iVG9uQnlJK2V3dmxZcG1MV2hVMHNBcUFxY0UKd1g1RC9ZTkZmbDFxaEd5eFNtMkFSRGkrCi0tLS0tRU5EIFBSSVZBVEUgS0VZLS0tLS0K",
            "keystore_file_base64": null,
            "name": "tls-keystore",
            "organization_id": "542cc7e3-2143-40ce-90e9-cf69da9b4da6",
            "passphrase": null,
            "secret_group_id": "5e4d7716-5664-48de-8936-ba4060260a55",
            "type": "PEM"
          },
          "sensitive_attributes": [
            [
              {
                "type": "get_attr",
                "value": "ca_path_base64"
              }
            ],
            [
              {
                "type": "get_attr",
                "value": "certificate_base64"
              }
            ],
            [
              {
                "type": "get_attr",
                "value": "key_base64"
              }
            ],
            [
              {
                "type": "get_attr",
                "value": "keystore_file_base64"
              }
            ],
            [
              {
                "type": "get_attr",
                "value": "passphrase"
              }
            ]
          ],
          "identity_schema_version": 0,
          "dependencies": [
            "anypoint_secret_group.main"
          ]
        }
      ]
    },
    {
      "mode": "managed",
      "type": "anypoint_secret_group_truststore",
      "name": "ca",
      "provider": "provider[\"sf.com/mulesoft/anypoint\"]",
      "instances": [
        {
          "schema_version": 0,
          "attributes": {
            "algorithm": "",
            "environment_id": "c0c9f7f5-57bb-4333-82d7-dbdcab912234",
            "expiration_date": "2036-03-12",
            "id": "2ccb41f2-b64b-4e2a-ac81-7c7290cf49f9",
            "name": "ca-truststore",
            "organization_id": "542cc7e3-2143-40ce-90e9-cf69da9b4da6",
            "passphrase": null,
            "secret_group_id": "5e4d7716-5664-48de-8936-ba4060260a55",
            "truststore_base64": "LS0tLS1CRUdJTiBDRVJUSUZJQ0FURS0tLS0tCk1JSUQxekNDQXIrZ0F3SUJBZ0lVYUp2S0l0VXpUcWs0eDJ2V1JjbjlvZTZzOFBJd0RRWUpLb1pJaHZjTkFRRUwKQlFBd2V6RUxNQWtHQTFVRUJoTUNWVk14RXpBUkJnTlZCQWdNQ2tOaGJHbG1iM0p1YVdFeEZqQVVCZ05WQkFjTQpEVk5oYmlCR2NtRnVZMmx6WTI4eEVUQVBCZ05WQkFvTUNFMTFiR1ZUYjJaME1SRXdEd1lEVlFRTERBaFFiR0YwClptOXliVEVaTUJjR0ExVUVBd3dRVFhWc1pWTnZablFnVW05dmRDQkRRVEFlRncweU5qQXpNVFV4T1RVME5EVmEKRncwek5qQXpNVEl4T1RVME5EVmFNSHN4Q3pBSkJnTlZCQVlUQWxWVE1STXdFUVlEVlFRSURBcERZV3hwWm05eQpibWxoTVJZd0ZBWURWUVFIREExVFlXNGdSbkpoYm1OcGMyTnZNUkV3RHdZRFZRUUtEQWhOZFd4bFUyOW1kREVSCk1BOEdBMVVFQ3d3SVVHeGhkR1p2Y20weEdUQVhCZ05WQkFNTUVFMTFiR1ZUYjJaMElGSnZiM1FnUTBFd2dnRWkKTUEwR0NTcUdTSWIzRFFFQkFRVUFBNElCRHdBd2dnRUtBb0lCQVFEYjhXV3VySjlOcGZhZDJjOTFrODAwZHNXawpReVN0N0wrdm93YzNCOHd1N01LcitGTXFtZEd3VXlkK0E5ZjIxT3ZGRDNkTjVzODRVN09aQTVVd0Y4RTA1SmQvCnUxSXU0Zm16MUdwSE9oZTArWVdVYmsxWnU5YWd3d3lGWVlPMzUydTYrRkJLanVvVnR3WDE1aFNNeUZ6VG1WOFAKWVVvRitiRHVQa3VQd0ljVXhSZEVmL0dheDFSZG1KVllIZEhDUGJya0VIU1owM2lvSWtGeGFtd2I3KzVJa1VjNgppS0Zselp0ajJYeURwNG9UUmx2ZVZKQjVQUU1LVWxkclhxbXZSUXg4OWZKMnV6WGNRcy9NL2Z5SzZDUDdFYUFXCmRqUzB4VjFORlMza2I1Z0lwaWNRSC84aGFra2xuWkx3VE4xcnpxL2dnRWUxbnhIbHZiRVVtdGE4OTlxeEFnTUIKQUFHalV6QlJNQjBHQTFVZERnUVdCQlJsdnJOQlBZMnV0bUR1czVLUktXOUp2cGxpQXpBZkJnTlZIU01FR0RBVwpnQlJsdnJOQlBZMnV0bUR1czVLUktXOUp2cGxpQXpBUEJnTlZIUk1CQWY4RUJUQURBUUgvTUEwR0NTcUdTSWIzCkRRRUJDd1VBQTRJQkFRQ1N1YmEwcEFoa251ZE11LzZmRjhKdWhQVUNlR2Z0eDV3NmJWSkFLeVZYRHFUUTFxQlQKM1dsWVdTalB5WXZ0V2IwSk1WamFaUXgvdmxGRzBLbWJUL3NYNVZ6MzJuVkljQys4SHphL0lhb2ZEZ1BkWW9RUwpMTTdpZ0pRcEdkdUlFaUphd1pQWlArcEFMVk51WEV2SjhNek1QSmRqUXduT0JSbnZ3SGJjSDRteW9XZ01WVER3Ckd4TnBLWUY5SEluU2ZTaklvM1RJN1Fock1LTG44ckhxeWNZeWFzOERPWDlwMzRENEpLaFFRbVpjb3ZBeXFBZysKUmNqdUNmTFV2RGtkOWtGVHNhSStReGR4Y0JrMVovbDE5Z3hRNDdIcWJZcUJoU3htV1BIeStJOE1ya0xOK1hCdgpHZlZxY0hGaEQ0OGovNGw3WExZUW9TVTNKZ3A5cW5ZSldxbXAKLS0tLS1FTkQgQ0VSVElGSUNBVEUtLS0tLQo=",
            "type": "PEM"
          },
          "sensitive_attributes": [
            [
              {
                "type": "get_attr",
                "value": "passphrase"
              }
            ],
            [
              {
                "type": "get_attr",
                "value": "truststore_base64"
              }
            ]
          ],
          "identity_schema_version": 0,
          "dependencies": [
            "anypoint_secret_group.main"
          ]
        }
      ]
    }
  ],
  "check_results": null
}
