{
  "version": 4,
  "terraform_version": "1.12.2",
  "serial": 7,
  "lineage": "e15cfebd-c41b-0688-8ded-209581870b67",
  "outputs": {
    "backend_team_id": {
      "value": "f32279a1-ab3d-4423-8de8-00a4e6abd3c8",
      "type": "string"
    },
    "development_team_id": {
      "value": "2ac9faa2-5056-4c14-8874-eeb3d5c10ed6",
      "type": "string"
    },
    "development_without_child_teams_team_id": {
      "value": "0b766bac-101f-419c-95df-7d8b1810e60f",
      "type": "string"
    },
    "existing_team_name": {
      "value": "Salesforce",
      "type": "string"
    },
    "frontend_team_id": {
      "value": "bfbbf8ec-bced-4ab7-bb0d-b0fbbb6fbb81",
      "type": "string"
    },
    "operations_team_id": {
      "value": "55f70adb-3046-4bfc-8d0e-909da2f53952",
      "type": "string"
    },
    "qa_team_id": {
      "value": "6c6cffce-a5fa-4de8-a2cc-1c3269743c83",
      "type": "string"
    }
  },
  "resources": [
    {
      "mode": "data",
      "type": "anypoint_team",
      "name": "existing_team",
      "provider": "provider[\"sf.com/mulesoft/anypoint\"]",
      "instances": [
        {
          "schema_version": 0,
          "attributes": {
            "created_at": null,
            "created_date": "2025-06-05T10:04:09.467Z",
            "id": "c63f78eb-39c8-4fb2-80df-09f885c480e0",
            "member_count": 0,
            "name": "Salesforce",
            "organization_id": "542cc7e3-2143-40ce-90e9-cf69da9b4da6",
            "parent_team_id": null,
            "team_type": "internal",
            "updated_at": null,
            "updated_date": "2026-04-08T19:18:01.715Z"
          },
          "sensitive_attributes": [],
          "identity_schema_version": 0
        }
      ]
    },
    {
      "mode": "managed",
      "type": "anypoint_team",
      "name": "backend",
      "provider": "provider[\"sf.com/mulesoft/anypoint\"]",
      "instances": [
        {
          "schema_version": 0,
          "attributes": {
            "created_at": "2026-04-08T19:25:46.158Z",
            "id": "f32279a1-ab3d-4423-8de8-00a4e6abd3c8",
            "organization_id": "542cc7e3-2143-40ce-90e9-cf69da9b4da6",
            "parent_team_id": "0b766bac-101f-419c-95df-7d8b1810e60f",
            "team_name": "Backend Team",
            "team_type": "internal",
            "updated_at": "2026-04-08T19:25:46.158Z"
          },
          "sensitive_attributes": [],
          "identity_schema_version": 0,
          "dependencies": [
            "anypoint_team.development_without_child_teams"
          ]
        }
      ]
    },
    {
      "mode": "managed",
      "type": "anypoint_team",
      "name": "development",
      "provider": "provider[\"sf.com/mulesoft/anypoint\"]",
      "instances": [
        {
          "schema_version": 0,
          "attributes": {
            "created_at": "2026-04-08T19:25:39.186Z",
            "id": "2ac9faa2-5056-4c14-8874-eeb3d5c10ed6",
            "organization_id": "542cc7e3-2143-40ce-90e9-cf69da9b4da6",
            "parent_team_id": "c63f78eb-39c8-4fb2-80df-09f885c480e0",
            "team_name": "Development Team With Child teams",
            "team_type": "internal",
            "updated_at": "2026-04-08T19:25:39.186Z"
          },
          "sensitive_attributes": [],
          "identity_schema_version": 0
        }
      ]
    },
    {
      "mode": "managed",
      "type": "anypoint_team",
      "name": "development_without_child_teams",
      "provider": "provider[\"sf.com/mulesoft/anypoint\"]",
      "instances": [
        {
          "schema_version": 0,
          "attributes": {
            "created_at": "2026-04-08T19:25:39.490Z",
            "id": "0b766bac-101f-419c-95df-7d8b1810e60f",
            "organization_id": "542cc7e3-2143-40ce-90e9-cf69da9b4da6",
            "parent_team_id": "c63f78eb-39c8-4fb2-80df-09f885c480e0",
            "team_name": "Development Team With No Child teams changed",
            "team_type": "internal",
            "updated_at": "2026-04-08T19:25:39.490Z"
          },
          "sensitive_attributes": [],
          "identity_schema_version": 0
        }
      ]
    },
    {
      "mode": "managed",
      "type": "anypoint_team",
      "name": "frontend",
      "provider": "provider[\"sf.com/mulesoft/anypoint\"]",
      "instances": [
        {
          "schema_version": 0,
          "attributes": {
            "created_at": "2026-04-08T19:25:47.023Z",
            "id": "bfbbf8ec-bced-4ab7-bb0d-b0fbbb6fbb81",
            "organization_id": "542cc7e3-2143-40ce-90e9-cf69da9b4da6",
            "parent_team_id": "2ac9faa2-5056-4c14-8874-eeb3d5c10ed6",
            "team_name": "Frontend Team",
            "team_type": "internal",
            "updated_at": "2026-04-08T19:25:47.023Z"
          },
          "sensitive_attributes": [],
          "identity_schema_version": 0,
          "dependencies": [
            "anypoint_team.development"
          ]
        }
      ]
    },
    {
      "mode": "managed",
      "type": "anypoint_team",
      "name": "operations",
      "provider": "provider[\"sf.com/mulesoft/anypoint\"]",
      "instances": [
        {
          "schema_version": 0,
          "attributes": {
            "created_at": "2026-04-08T19:25:39.802Z",
            "id": "55f70adb-3046-4bfc-8d0e-909da2f53952",
            "organization_id": "542cc7e3-2143-40ce-90e9-cf69da9b4da6",
            "parent_team_id": "c63f78eb-39c8-4fb2-80df-09f885c480e0",
            "team_name": "Operations Team",
            "team_type": "internal",
            "updated_at": "2026-04-08T19:25:39.802Z"
          },
          "sensitive_attributes": [],
          "identity_schema_version": 0
        }
      ]
    },
    {
      "mode": "managed",
      "type": "anypoint_team",
      "name": "qa",
      "provider": "provider[\"sf.com/mulesoft/anypoint\"]",
      "instances": [
        {
          "schema_version": 0,
          "attributes": {
            "created_at": "2026-04-08T19:25:39.648Z",
            "id": "6c6cffce-a5fa-4de8-a2cc-1c3269743c83",
            "organization_id": "542cc7e3-2143-40ce-90e9-cf69da9b4da6",
            "parent_team_id": "c63f78eb-39c8-4fb2-80df-09f885c480e0",
            "team_name": "QA Team",
            "team_type": "internal",
            "updated_at": "2026-04-08T19:25:39.648Z"
          },
          "sensitive_attributes": [],
          "identity_schema_version": 0
        }
      ]
    }
  ],
  "check_results": null
}
